{
  "version": 4,
  "terraform_version": "1.4.6",
  "serial": 265,
  "lineage": "28c269b1-47ed-9c54-3f50-fe7a11d485fe",
  "outputs": {},
  "resources": [
    {
      "module": "module.ec2",
      "mode": "managed",
      "type": "aws_ebs_volume",
      "name": "ebs",
      "provider": "provider[\"registry.terraform.io/hashicorp/aws\"]",
      "instances": [
        {
          "index_key": 0,
          "schema_version": 0,
          "attributes": {
            "arn": "arn:aws:ec2:ap-northeast-1:386147755255:volume/vol-0f1a097ed9fd25dc8",
            "availability_zone": "ap-northeast-1a",
            "encrypted": true,
            "final_snapshot": false,
            "id": "vol-0f1a097ed9fd25dc8",
            "iops": 3000,
            "kms_key_id": "arn:aws:kms:ap-northeast-1:386147755255:key/ba3e291c-1255-43a5-bf90-bd2c316eb51c",
            "multi_attach_enabled": false,
            "outpost_arn": "",
            "size": 30,
            "snapshot_id": "",
            "tags": {
              "Name": "test-ec2-data"
            },
            "tags_all": {
              "Environment": "prod",
              "Maintainer": "devops",
              "Name": "test-ec2-data",
              "Repository": "terraform-from-scratch",
              "Terraform": "true"
            },
            "throughput": 125,
            "timeouts": null,
            "type": "gp3"
          },
          "sensitive_attributes": [],
          "private": "eyJlMmJmYjczMC1lY2FhLTExZTYtOGY4OC0zNDM2M2JjN2M0YzAiOnsiY3JlYXRlIjozMDAwMDAwMDAwMDAsImRlbGV0ZSI6MzAwMDAwMDAwMDAwLCJ1cGRhdGUiOjMwMDAwMDAwMDAwMH19"
        }
      ]
    },
    {
      "module": "module.ec2",
      "mode": "managed",
      "type": "aws_instance",
      "name": "ec2",
      "provider": "provider[\"registry.terraform.io/hashicorp/aws\"]",
      "instances": [
        {
          "index_key": 0,
          "schema_version": 1,
          "attributes": {
            "ami": "ami-0cfc97bf81f2eadc4",
            "arn": "arn:aws:ec2:ap-northeast-1:386147755255:instance/i-0c3d103d207dea6de",
            "associate_public_ip_address": true,
            "availability_zone": "ap-northeast-1a",
            "capacity_reservation_specification": [
              {
                "capacity_reservation_preference": "open",
                "capacity_reservation_target": []
              }
            ],
            "cpu_core_count": 1,
            "cpu_threads_per_core": 1,
            "credit_specification": [
              {
                "cpu_credits": "standard"
              }
            ],
            "disable_api_stop": false,
            "disable_api_termination": false,
            "ebs_block_device": [],
            "ebs_optimized": false,
            "enclave_options": [
              {
                "enabled": false
              }
            ],
            "ephemeral_block_device": [],
            "get_password_data": false,
            "hibernation": false,
            "host_id": "",
            "host_resource_group_arn": null,
            "iam_instance_profile": "",
            "id": "i-0c3d103d207dea6de",
            "instance_initiated_shutdown_behavior": "stop",
            "instance_state": "running",
            "instance_type": "t2.micro",
            "ipv6_address_count": 0,
            "ipv6_addresses": [],
            "key_name": "test",
            "launch_template": [],
            "maintenance_options": [
              {
                "auto_recovery": "default"
              }
            ],
            "metadata_options": [
              {
                "http_endpoint": "enabled",
                "http_put_response_hop_limit": 2,
                "http_tokens": "required",
                "instance_metadata_tags": "disabled"
              }
            ],
            "monitoring": true,
            "network_interface": [],
            "outpost_arn": "",
            "password_data": "",
            "placement_group": "",
            "placement_partition_number": 0,
            "primary_network_interface_id": "eni-0c34f155f476a54ee",
            "private_dns": "ip-10-180-10-199.ap-northeast-1.compute.internal",
            "private_dns_name_options": [
              {
                "enable_resource_name_dns_a_record": false,
                "enable_resource_name_dns_aaaa_record": false,
                "hostname_type": "ip-name"
              }
            ],
            "private_ip": "10.180.10.199",
            "public_dns": "ec2-52-199-55-102.ap-northeast-1.compute.amazonaws.com",
            "public_ip": "52.199.55.102",
            "root_block_device": [
              {
                "delete_on_termination": true,
                "device_name": "/dev/xvda",
                "encrypted": true,
                "iops": 3000,
                "kms_key_id": "arn:aws:kms:ap-northeast-1:386147755255:key/ba3e291c-1255-43a5-bf90-bd2c316eb51c",
                "tags": {
                  "Name": "test-ec2-root"
                },
                "throughput": 125,
                "volume_id": "vol-0a3466e09d6541ae1",
                "volume_size": 10,
                "volume_type": "gp3"
              }
            ],
            "secondary_private_ips": [],
            "security_groups": [],
            "source_dest_check": true,
            "subnet_id": "subnet-04e18aa27e44baae1",
            "tags": {
              "Name": "test-ec2"
            },
            "tags_all": {
              "Environment": "prod",
              "Maintainer": "devops",
              "Name": "test-ec2",
              "Repository": "terraform-from-scratch",
              "Terraform": "true"
            },
            "tenancy": "default",
            "timeouts": null,
            "user_data": null,
            "user_data_base64": null,
            "user_data_replace_on_change": false,
            "volume_tags": null,
            "vpc_security_group_ids": [
              "sg-01b64265568e60f2e"
            ]
          },
          "sensitive_attributes": [],
          "private": "eyJlMmJmYjczMC1lY2FhLTExZTYtOGY4OC0zNDM2M2JjN2M0YzAiOnsiY3JlYXRlIjo2MDAwMDAwMDAwMDAsImRlbGV0ZSI6MTIwMDAwMDAwMDAwMCwidXBkYXRlIjo2MDAwMDAwMDAwMDB9LCJzY2hlbWFfdmVyc2lvbiI6IjEifQ==",
          "dependencies": [
            "module.vpc.aws_security_group.sg",
            "module.vpc.aws_subnet.public",
            "module.vpc.aws_vpc.vpc"
          ]
        }
      ]
    },
    {
      "module": "module.ec2",
      "mode": "managed",
      "type": "aws_key_pair",
      "name": "key",
      "provider": "provider[\"registry.terraform.io/hashicorp/aws\"]",
      "instances": [
        {
          "index_key": 0,
          "schema_version": 1,
          "attributes": {
            "arn": "arn:aws:ec2:ap-northeast-1:386147755255:key-pair/test",
            "fingerprint": "8c:52:39:a4:5e:5c:dc:f0:2a:43:a0:56:54:b6:4d:db",
            "id": "test",
            "key_name": "test",
            "key_name_prefix": "",
            "key_pair_id": "key-0501e08d13c11f358",
            "key_type": "rsa",
            "public_key": "ssh-rsa AAAAB3NzaC1yc2EAAAADAQABAAACAQC43QoOnpffTlA+KDQKJq2lgohoCk1Se1xJarLBPL9G9mvRDfyF7dtXxBzZirVn67MA4legEOQCJIfn3CDD/hZVrsps/z4vpd1Wcb5LIIFrKoT3mgSbjj4Vo2+LYpea5F3FtZfqW/Ex5mRJ0ZcNwyhvBPaEJnL5yAfPIE2UvSE/bqbGd5wfmcCw0VWPTrD5EWtEr28sCU1XVYjo7ZWZgRbDINMXDoWjnFxRfSgfwDxt3isS02xmXU2Wrs77aTYmRmWDykcoNW3nwrCb+V9vhhniOLP0Tx5/cCO5UfLW+o6ZRiDURUVgnBa9Lizt8Rn8u9ZSogYW+2vQbPKi2gSvR4vBGD6K00iqVkYI/9CIln87m5FbOLLvGls+f6ampGfOJx1ROJ0wSg8wl3EtPBKdFQXkNNbn67P9wp3LNm+rJeLFQV59qWOxGwtIP7JbZiU6d5G8ad1OS4qBpNNrYB1G0xHSNhGtDb02L4qZq13MeslYksmWMX7XGx6WVhvBN28nFPm+TxmXxpoMc8Iv9+t9Oiyqxu6X6lm8F6GBPZbmelWVotGjXVE0jNxGmv8nf3sHNbd6UnKwziyksHveF2kQUkKptD9kQ6HFPEYooI8+GcowKzs7znex9VH+8bfSqrj6iff/S2vGKC3u9VRWGtpysEu5Txe9NzbftsHrF4rftM6viw== r00273@USERui-MacBookPro.local",
            "tags": {
              "Name": "test"
            },
            "tags_all": {
              "Environment": "prod",
              "Maintainer": "devops",
              "Name": "test",
              "Repository": "terraform-from-scratch",
              "Terraform": "true"
            }
          },
          "sensitive_attributes": [],
          "private": "eyJzY2hlbWFfdmVyc2lvbiI6IjEifQ=="
        }
      ]
    },
    {
      "module": "module.ec2",
      "mode": "managed",
      "type": "aws_volume_attachment",
      "name": "ebs_attc",
      "provider": "provider[\"registry.terraform.io/hashicorp/aws\"]",
      "instances": [
        {
          "index_key": 0,
          "schema_version": 0,
          "attributes": {
            "device_name": "/dev/sdf",
            "force_detach": null,
            "id": "vai-495098903",
            "instance_id": "i-0c3d103d207dea6de",
            "skip_destroy": null,
            "stop_instance_before_detaching": null,
            "timeouts": null,
            "volume_id": "vol-0f1a097ed9fd25dc8"
          },
          "sensitive_attributes": [],
          "private": "eyJlMmJmYjczMC1lY2FhLTExZTYtOGY4OC0zNDM2M2JjN2M0YzAiOnsiY3JlYXRlIjozMDAwMDAwMDAwMDAsImRlbGV0ZSI6MzAwMDAwMDAwMDAwfX0=",
          "dependencies": [
            "module.ec2.aws_ebs_volume.ebs",
            "module.ec2.aws_instance.ec2",
            "module.vpc.aws_security_group.sg",
            "module.vpc.aws_subnet.public",
            "module.vpc.aws_vpc.vpc"
          ]
        }
      ]
    },
    {
      "module": "module.vpc",
      "mode": "managed",
      "type": "aws_customer_gateway",
      "name": "cgw",
      "provider": "provider[\"registry.terraform.io/hashicorp/aws\"]",
      "instances": [
        {
          "index_key": 0,
          "schema_version": 0,
          "attributes": {
            "arn": "arn:aws:ec2:ap-northeast-1:386147755255:customer-gateway/cgw-03126462461ae2711",
            "bgp_asn": "65000",
            "certificate_arn": "",
            "device_name": "",
            "id": "cgw-03126462461ae2711",
            "ip_address": "121.134.221.250",
            "tags": {
              "Name": "seoul-office-cgw"
            },
            "tags_all": {
              "Environment": "prod",
              "Maintainer": "devops",
              "Name": "seoul-office-cgw",
              "Repository": "terraform-from-scratch",
              "Terraform": "true"
            },
            "type": "ipsec.1"
          },
          "sensitive_attributes": [],
          "private": "bnVsbA=="
        }
      ]
    },
    {
      "module": "module.vpc",
      "mode": "managed",
      "type": "aws_eip",
      "name": "ngw_eip",
      "provider": "provider[\"registry.terraform.io/hashicorp/aws\"]",
      "instances": [
        {
          "schema_version": 0,
          "attributes": {
            "address": null,
            "allocation_id": "eipalloc-0e33e304caaee7359",
            "associate_with_private_ip": null,
            "association_id": "",
            "carrier_ip": "",
            "customer_owned_ip": "",
            "customer_owned_ipv4_pool": "",
            "domain": "vpc",
            "id": "eipalloc-0e33e304caaee7359",
            "instance": "",
            "network_border_group": "ap-northeast-1",
            "network_interface": "",
            "private_dns": null,
            "private_ip": "",
            "public_dns": "ec2-52-195-70-10.ap-northeast-1.compute.amazonaws.com",
            "public_ip": "52.195.70.10",
            "public_ipv4_pool": "amazon",
            "tags": {
              "Name": "dataplatform-kr-prod-workload-ngw-eip"
            },
            "tags_all": {
              "Environment": "prod",
              "Maintainer": "devops",
              "Name": "dataplatform-kr-prod-workload-ngw-eip",
              "Repository": "terraform-from-scratch",
              "Terraform": "true"
            },
            "timeouts": null,
            "vpc": true
          },
          "sensitive_attributes": [],
          "private": "eyJlMmJmYjczMC1lY2FhLTExZTYtOGY4OC0zNDM2M2JjN2M0YzAiOnsiZGVsZXRlIjoxODAwMDAwMDAwMDAsInJlYWQiOjkwMDAwMDAwMDAwMCwidXBkYXRlIjozMDAwMDAwMDAwMDB9fQ==",
          "dependencies": [
            "module.vpc.aws_vpc.vpc"
          ]
        }
      ]
    },
    {
      "module": "module.vpc",
      "mode": "managed",
      "type": "aws_internet_gateway",
      "name": "igw",
      "provider": "provider[\"registry.terraform.io/hashicorp/aws\"]",
      "instances": [
        {
          "schema_version": 0,
          "attributes": {
            "arn": "arn:aws:ec2:ap-northeast-1:386147755255:internet-gateway/igw-05673feff3bc6b435",
            "id": "igw-05673feff3bc6b435",
            "owner_id": "386147755255",
            "tags": {
              "Name": "dataplatform-kr-prod-workload-igw"
            },
            "tags_all": {
              "Environment": "prod",
              "Maintainer": "devops",
              "Name": "dataplatform-kr-prod-workload-igw",
              "Repository": "terraform-from-scratch",
              "Terraform": "true"
            },
            "timeouts": null,
            "vpc_id": "vpc-0bd92c85ec448e945"
          },
          "sensitive_attributes": [],
          "private": "eyJlMmJmYjczMC1lY2FhLTExZTYtOGY4OC0zNDM2M2JjN2M0YzAiOnsiY3JlYXRlIjoxMjAwMDAwMDAwMDAwLCJkZWxldGUiOjEyMDAwMDAwMDAwMDAsInVwZGF0ZSI6MTIwMDAwMDAwMDAwMH19",
          "dependencies": [
            "module.vpc.aws_vpc.vpc"
          ]
        }
      ]
    },
    {
      "module": "module.vpc",
      "mode": "managed",
      "type": "aws_nat_gateway",
      "name": "ngw",
      "provider": "provider[\"registry.terraform.io/hashicorp/aws\"]",
      "instances": [
        {
          "schema_version": 0,
          "attributes": {
            "allocation_id": "eipalloc-0e33e304caaee7359",
            "association_id": "eipassoc-0680dee2b697e734e",
            "connectivity_type": "public",
            "id": "nat-08ac671af871c836a",
            "network_interface_id": "eni-0084a93e566d96675",
            "private_ip": "10.180.10.9",
            "public_ip": "52.195.70.10",
            "subnet_id": "subnet-04e18aa27e44baae1",
            "tags": {
              "Name": "dataplatform-kr-prod-workload-ngw"
            },
            "tags_all": {
              "Environment": "prod",
              "Maintainer": "devops",
              "Name": "dataplatform-kr-prod-workload-ngw",
              "Repository": "terraform-from-scratch",
              "Terraform": "true"
            }
          },
          "sensitive_attributes": [],
          "private": "bnVsbA==",
          "dependencies": [
            "module.vpc.aws_eip.ngw_eip",
            "module.vpc.aws_internet_gateway.igw",
            "module.vpc.aws_subnet.public",
            "module.vpc.aws_vpc.vpc"
          ]
        }
      ]
    },
    {
      "module": "module.vpc",
      "mode": "managed",
      "type": "aws_network_acl",
      "name": "nacl",
      "provider": "provider[\"registry.terraform.io/hashicorp/aws\"]",
      "instances": [
        {
          "schema_version": 0,
          "attributes": {
            "arn": "arn:aws:ec2:ap-northeast-1:386147755255:network-acl/acl-0b97aa7d587749988",
            "egress": [
              {
                "action": "allow",
                "cidr_block": "0.0.0.0/0",
                "from_port": 0,
                "icmp_code": null,
                "icmp_type": null,
                "ipv6_cidr_block": "",
                "protocol": "all",
                "rule_no": 100,
                "to_port": 0
              }
            ],
            "id": "acl-0b97aa7d587749988",
            "ingress": [
              {
                "action": "allow",
                "cidr_block": "0.0.0.0/0",
                "from_port": 0,
                "icmp_code": null,
                "icmp_type": null,
                "ipv6_cidr_block": "",
                "protocol": "all",
                "rule_no": 100,
                "to_port": 0
              }
            ],
            "owner_id": "386147755255",
            "subnet_ids": [
              "subnet-00cf7cd34353763b2",
              "subnet-04e18aa27e44baae1",
              "subnet-0885a557a17c46c9b",
              "subnet-0b19f7a06f31627de",
              "subnet-0b998f3d5abbfb586",
              "subnet-0d7aed7a57d096a3d"
            ],
            "tags": {
              "Name": "dataplatform-kr-prod-workload-nacl"
            },
            "tags_all": {
              "Environment": "prod",
              "Maintainer": "devops",
              "Name": "dataplatform-kr-prod-workload-nacl",
              "Repository": "terraform-from-scratch",
              "Terraform": "true"
            },
            "vpc_id": "vpc-0bd92c85ec448e945"
          },
          "sensitive_attributes": [],
          "private": "bnVsbA==",
          "dependencies": [
            "module.vpc.aws_subnet.private",
            "module.vpc.aws_subnet.public",
            "module.vpc.aws_vpc.vpc"
          ]
        }
      ]
    },
    {
      "module": "module.vpc",
      "mode": "managed",
      "type": "aws_route_table",
      "name": "private",
      "provider": "provider[\"registry.terraform.io/hashicorp/aws\"]",
      "instances": [
        {
          "schema_version": 0,
          "attributes": {
            "arn": "arn:aws:ec2:ap-northeast-1:386147755255:route-table/rtb-0f45006d5c33510fb",
            "id": "rtb-0f45006d5c33510fb",
            "owner_id": "386147755255",
            "propagating_vgws": [],
            "route": [
              {
                "carrier_gateway_id": "",
                "cidr_block": "0.0.0.0/0",
                "core_network_arn": "",
                "destination_prefix_list_id": "",
                "egress_only_gateway_id": "",
                "gateway_id": "",
                "instance_id": "",
                "ipv6_cidr_block": "",
                "local_gateway_id": "",
                "nat_gateway_id": "nat-08ac671af871c836a",
                "network_interface_id": "",
                "transit_gateway_id": "",
                "vpc_endpoint_id": "",
                "vpc_peering_connection_id": ""
              }
            ],
            "tags": {
              "Name": "dataplatform-kr-prod-workload-private-rtb"
            },
            "tags_all": {
              "Environment": "prod",
              "Maintainer": "devops",
              "Name": "dataplatform-kr-prod-workload-private-rtb",
              "Repository": "terraform-from-scratch",
              "Terraform": "true"
            },
            "timeouts": null,
            "vpc_id": "vpc-0bd92c85ec448e945"
          },
          "sensitive_attributes": [],
          "private": "eyJlMmJmYjczMC1lY2FhLTExZTYtOGY4OC0zNDM2M2JjN2M0YzAiOnsiY3JlYXRlIjozMDAwMDAwMDAwMDAsImRlbGV0ZSI6MzAwMDAwMDAwMDAwLCJ1cGRhdGUiOjEyMDAwMDAwMDAwMH19",
          "dependencies": [
            "module.vpc.aws_eip.ngw_eip",
            "module.vpc.aws_internet_gateway.igw",
            "module.vpc.aws_nat_gateway.ngw",
            "module.vpc.aws_subnet.public",
            "module.vpc.aws_vpc.vpc"
          ]
        }
      ]
    },
    {
      "module": "module.vpc",
      "mode": "managed",
      "type": "aws_route_table",
      "name": "public",
      "provider": "provider[\"registry.terraform.io/hashicorp/aws\"]",
      "instances": [
        {
          "schema_version": 0,
          "attributes": {
            "arn": "arn:aws:ec2:ap-northeast-1:386147755255:route-table/rtb-02c967023b18b9524",
            "id": "rtb-02c967023b18b9524",
            "owner_id": "386147755255",
            "propagating_vgws": [],
            "route": [
              {
                "carrier_gateway_id": "",
                "cidr_block": "0.0.0.0/0",
                "core_network_arn": "",
                "destination_prefix_list_id": "",
                "egress_only_gateway_id": "",
                "gateway_id": "igw-05673feff3bc6b435",
                "instance_id": "",
                "ipv6_cidr_block": "",
                "local_gateway_id": "",
                "nat_gateway_id": "",
                "network_interface_id": "",
                "transit_gateway_id": "",
                "vpc_endpoint_id": "",
                "vpc_peering_connection_id": ""
              }
            ],
            "tags": {
              "Name": "dataplatform-kr-prod-workload-public-rtb"
            },
            "tags_all": {
              "Environment": "prod",
              "Maintainer": "devops",
              "Name": "dataplatform-kr-prod-workload-public-rtb",
              "Repository": "terraform-from-scratch",
              "Terraform": "true"
            },
            "timeouts": null,
            "vpc_id": "vpc-0bd92c85ec448e945"
          },
          "sensitive_attributes": [],
          "private": "eyJlMmJmYjczMC1lY2FhLTExZTYtOGY4OC0zNDM2M2JjN2M0YzAiOnsiY3JlYXRlIjozMDAwMDAwMDAwMDAsImRlbGV0ZSI6MzAwMDAwMDAwMDAwLCJ1cGRhdGUiOjEyMDAwMDAwMDAwMH19",
          "dependencies": [
            "module.vpc.aws_internet_gateway.igw",
            "module.vpc.aws_vpc.vpc"
          ]
        }
      ]
    },
    {
      "module": "module.vpc",
      "mode": "managed",
      "type": "aws_route_table_association",
      "name": "private",
      "provider": "provider[\"registry.terraform.io/hashicorp/aws\"]",
      "instances": [
        {
          "index_key": 0,
          "schema_version": 0,
          "attributes": {
            "gateway_id": "",
            "id": "rtbassoc-0ff4160193818f6d3",
            "route_table_id": "rtb-0f45006d5c33510fb",
            "subnet_id": "subnet-0b19f7a06f31627de",
            "timeouts": null
          },
          "sensitive_attributes": [],
          "private": "eyJlMmJmYjczMC1lY2FhLTExZTYtOGY4OC0zNDM2M2JjN2M0YzAiOnsiY3JlYXRlIjozMDAwMDAwMDAwMDAsImRlbGV0ZSI6MzAwMDAwMDAwMDAwLCJ1cGRhdGUiOjEyMDAwMDAwMDAwMH19",
          "dependencies": [
            "module.vpc.aws_eip.ngw_eip",
            "module.vpc.aws_internet_gateway.igw",
            "module.vpc.aws_nat_gateway.ngw",
            "module.vpc.aws_route_table.private",
            "module.vpc.aws_subnet.private",
            "module.vpc.aws_subnet.public",
            "module.vpc.aws_vpc.vpc"
          ]
        },
        {
          "index_key": 1,
          "schema_version": 0,
          "attributes": {
            "gateway_id": "",
            "id": "rtbassoc-03aa1223ad2aad712",
            "route_table_id": "rtb-0f45006d5c33510fb",
            "subnet_id": "subnet-0d7aed7a57d096a3d",
            "timeouts": null
          },
          "sensitive_attributes": [],
          "private": "eyJlMmJmYjczMC1lY2FhLTExZTYtOGY4OC0zNDM2M2JjN2M0YzAiOnsiY3JlYXRlIjozMDAwMDAwMDAwMDAsImRlbGV0ZSI6MzAwMDAwMDAwMDAwLCJ1cGRhdGUiOjEyMDAwMDAwMDAwMH19",
          "dependencies": [
            "module.vpc.aws_eip.ngw_eip",
            "module.vpc.aws_internet_gateway.igw",
            "module.vpc.aws_nat_gateway.ngw",
            "module.vpc.aws_route_table.private",
            "module.vpc.aws_subnet.private",
            "module.vpc.aws_subnet.public",
            "module.vpc.aws_vpc.vpc"
          ]
        },
        {
          "index_key": 2,
          "schema_version": 0,
          "attributes": {
            "gateway_id": "",
            "id": "rtbassoc-0347187bc5fd120fd",
            "route_table_id": "rtb-0f45006d5c33510fb",
            "subnet_id": "subnet-0885a557a17c46c9b",
            "timeouts": null
          },
          "sensitive_attributes": [],
          "private": "eyJlMmJmYjczMC1lY2FhLTExZTYtOGY4OC0zNDM2M2JjN2M0YzAiOnsiY3JlYXRlIjozMDAwMDAwMDAwMDAsImRlbGV0ZSI6MzAwMDAwMDAwMDAwLCJ1cGRhdGUiOjEyMDAwMDAwMDAwMH19",
          "dependencies": [
            "module.vpc.aws_eip.ngw_eip",
            "module.vpc.aws_internet_gateway.igw",
            "module.vpc.aws_nat_gateway.ngw",
            "module.vpc.aws_route_table.private",
            "module.vpc.aws_subnet.private",
            "module.vpc.aws_subnet.public",
            "module.vpc.aws_vpc.vpc"
          ]
        }
      ]
    },
    {
      "module": "module.vpc",
      "mode": "managed",
      "type": "aws_route_table_association",
      "name": "public",
      "provider": "provider[\"registry.terraform.io/hashicorp/aws\"]",
      "instances": [
        {
          "index_key": 0,
          "schema_version": 0,
          "attributes": {
            "gateway_id": "",
            "id": "rtbassoc-0470fd3028494cbaa",
            "route_table_id": "rtb-02c967023b18b9524",
            "subnet_id": "subnet-04e18aa27e44baae1",
            "timeouts": null
          },
          "sensitive_attributes": [],
          "private": "eyJlMmJmYjczMC1lY2FhLTExZTYtOGY4OC0zNDM2M2JjN2M0YzAiOnsiY3JlYXRlIjozMDAwMDAwMDAwMDAsImRlbGV0ZSI6MzAwMDAwMDAwMDAwLCJ1cGRhdGUiOjEyMDAwMDAwMDAwMH19",
          "dependencies": [
            "module.vpc.aws_internet_gateway.igw",
            "module.vpc.aws_route_table.public",
            "module.vpc.aws_subnet.public",
            "module.vpc.aws_vpc.vpc"
          ]
        },
        {
          "index_key": 1,
          "schema_version": 0,
          "attributes": {
            "gateway_id": "",
            "id": "rtbassoc-0b84dc8274be6fde4",
            "route_table_id": "rtb-02c967023b18b9524",
            "subnet_id": "subnet-0b998f3d5abbfb586",
            "timeouts": null
          },
          "sensitive_attributes": [],
          "private": "eyJlMmJmYjczMC1lY2FhLTExZTYtOGY4OC0zNDM2M2JjN2M0YzAiOnsiY3JlYXRlIjozMDAwMDAwMDAwMDAsImRlbGV0ZSI6MzAwMDAwMDAwMDAwLCJ1cGRhdGUiOjEyMDAwMDAwMDAwMH19",
          "dependencies": [
            "module.vpc.aws_internet_gateway.igw",
            "module.vpc.aws_route_table.public",
            "module.vpc.aws_subnet.public",
            "module.vpc.aws_vpc.vpc"
          ]
        },
        {
          "index_key": 2,
          "schema_version": 0,
          "attributes": {
            "gateway_id": "",
            "id": "rtbassoc-04db83b45b46b91a2",
            "route_table_id": "rtb-02c967023b18b9524",
            "subnet_id": "subnet-00cf7cd34353763b2",
            "timeouts": null
          },
          "sensitive_attributes": [],
          "private": "eyJlMmJmYjczMC1lY2FhLTExZTYtOGY4OC0zNDM2M2JjN2M0YzAiOnsiY3JlYXRlIjozMDAwMDAwMDAwMDAsImRlbGV0ZSI6MzAwMDAwMDAwMDAwLCJ1cGRhdGUiOjEyMDAwMDAwMDAwMH19",
          "dependencies": [
            "module.vpc.aws_internet_gateway.igw",
            "module.vpc.aws_route_table.public",
            "module.vpc.aws_subnet.public",
            "module.vpc.aws_vpc.vpc"
          ]
        }
      ]
    },
    {
      "module": "module.vpc",
      "mode": "managed",
      "type": "aws_security_group",
      "name": "sg",
      "provider": "provider[\"registry.terraform.io/hashicorp/aws\"]",
      "instances": [
        {
          "index_key": "test-sg",
          "schema_version": 1,
          "attributes": {
            "arn": "arn:aws:ec2:ap-northeast-1:386147755255:security-group/sg-01b64265568e60f2e",
            "description": "this is a test sg and will be deleted shortly",
            "egress": [
              {
                "cidr_blocks": [
                  "0.0.0.0/0"
                ],
                "description": "Allow all outbound traffic",
                "from_port": 0,
                "ipv6_cidr_blocks": [],
                "prefix_list_ids": [],
                "protocol": "-1",
                "security_groups": [],
                "self": false,
                "to_port": 0
              }
            ],
            "id": "sg-01b64265568e60f2e",
            "ingress": [],
            "name": "test-sg",
            "name_prefix": "",
            "owner_id": "386147755255",
            "revoke_rules_on_delete": false,
            "tags": {
              "Name": "test-sg"
            },
            "tags_all": {
              "Environment": "prod",
              "Maintainer": "devops",
              "Name": "test-sg",
              "Repository": "terraform-from-scratch",
              "Terraform": "true"
            },
            "timeouts": null,
            "vpc_id": "vpc-0bd92c85ec448e945"
          },
          "sensitive_attributes": [],
          "private": "eyJlMmJmYjczMC1lY2FhLTExZTYtOGY4OC0zNDM2M2JjN2M0YzAiOnsiY3JlYXRlIjo2MDAwMDAwMDAwMDAsImRlbGV0ZSI6OTAwMDAwMDAwMDAwfSwic2NoZW1hX3ZlcnNpb24iOiIxIn0=",
          "dependencies": [
            "module.vpc.aws_vpc.vpc"
          ]
        },
        {
          "index_key": "test-sg2",
          "schema_version": 1,
          "attributes": {
            "arn": "arn:aws:ec2:ap-northeast-1:386147755255:security-group/sg-0e755b4a3ca320f49",
            "description": "this is a test sg2 and will be deleted shortly",
            "egress": [
              {
                "cidr_blocks": [
                  "0.0.0.0/0"
                ],
                "description": "Allow all outbound traffic",
                "from_port": 0,
                "ipv6_cidr_blocks": [],
                "prefix_list_ids": [],
                "protocol": "-1",
                "security_groups": [],
                "self": false,
                "to_port": 0
              }
            ],
            "id": "sg-0e755b4a3ca320f49",
            "ingress": [],
            "name": "test-sg2",
            "name_prefix": "",
            "owner_id": "386147755255",
            "revoke_rules_on_delete": false,
            "tags": {
              "Name": "test-sg2"
            },
            "tags_all": {
              "Environment": "prod",
              "Maintainer": "devops",
              "Name": "test-sg2",
              "Repository": "terraform-from-scratch",
              "Terraform": "true"
            },
            "timeouts": null,
            "vpc_id": "vpc-0bd92c85ec448e945"
          },
          "sensitive_attributes": [],
          "private": "eyJlMmJmYjczMC1lY2FhLTExZTYtOGY4OC0zNDM2M2JjN2M0YzAiOnsiY3JlYXRlIjo2MDAwMDAwMDAwMDAsImRlbGV0ZSI6OTAwMDAwMDAwMDAwfSwic2NoZW1hX3ZlcnNpb24iOiIxIn0=",
          "dependencies": [
            "module.vpc.aws_vpc.vpc"
          ]
        }
      ]
    },
    {
      "module": "module.vpc",
      "mode": "managed",
      "type": "aws_security_group_rule",
      "name": "sg_rule",
      "provider": "provider[\"registry.terraform.io/hashicorp/aws\"]",
      "instances": [
        {
          "index_key": "test-sg1",
          "schema_version": 2,
          "attributes": {
            "cidr_blocks": [
              "121.134.221.250/32"
            ],
            "description": "Allow SSH from specified ip",
            "from_port": 22,
            "id": "sgrule-1543436710",
            "ipv6_cidr_blocks": null,
            "prefix_list_ids": null,
            "protocol": "tcp",
            "security_group_id": "sg-01b64265568e60f2e",
            "security_group_rule_id": "sgr-09515633bc907d9e7",
            "self": false,
            "source_security_group_id": null,
            "timeouts": null,
            "to_port": 22,
            "type": "ingress"
          },
          "sensitive_attributes": [],
          "private": "eyJlMmJmYjczMC1lY2FhLTExZTYtOGY4OC0zNDM2M2JjN2M0YzAiOnsiY3JlYXRlIjozMDAwMDAwMDAwMDB9LCJzY2hlbWFfdmVyc2lvbiI6IjIifQ==",
          "dependencies": [
            "module.vpc.aws_security_group.sg",
            "module.vpc.aws_vpc.vpc"
          ]
        },
        {
          "index_key": "test-sg2",
          "schema_version": 2,
          "attributes": {
            "cidr_blocks": [
              "0.0.0.0/0"
            ],
            "description": "Allow all inbound traffic on specified port",
            "from_port": 80,
            "id": "sgrule-579111172",
            "ipv6_cidr_blocks": null,
            "prefix_list_ids": null,
            "protocol": "tcp",
            "security_group_id": "sg-01b64265568e60f2e",
            "security_group_rule_id": "sgr-0d0f1aa8df197fee1",
            "self": false,
            "source_security_group_id": null,
            "timeouts": null,
            "to_port": 80,
            "type": "ingress"
          },
          "sensitive_attributes": [],
          "private": "eyJlMmJmYjczMC1lY2FhLTExZTYtOGY4OC0zNDM2M2JjN2M0YzAiOnsiY3JlYXRlIjozMDAwMDAwMDAwMDB9LCJzY2hlbWFfdmVyc2lvbiI6IjIifQ==",
          "dependencies": [
            "module.vpc.aws_security_group.sg",
            "module.vpc.aws_vpc.vpc"
          ]
        }
      ]
    },
    {
      "module": "module.vpc",
      "mode": "managed",
      "type": "aws_subnet",
      "name": "private",
      "provider": "provider[\"registry.terraform.io/hashicorp/aws\"]",
      "instances": [
        {
          "index_key": 0,
          "schema_version": 1,
          "attributes": {
            "arn": "arn:aws:ec2:ap-northeast-1:386147755255:subnet/subnet-0b19f7a06f31627de",
            "assign_ipv6_address_on_creation": false,
            "availability_zone": "ap-northeast-1a",
            "availability_zone_id": "apne1-az4",
            "cidr_block": "10.180.20.0/24",
            "customer_owned_ipv4_pool": "",
            "enable_dns64": false,
            "enable_lni_at_device_index": 0,
            "enable_resource_name_dns_a_record_on_launch": false,
            "enable_resource_name_dns_aaaa_record_on_launch": false,
            "id": "subnet-0b19f7a06f31627de",
            "ipv6_cidr_block": "",
            "ipv6_cidr_block_association_id": "",
            "ipv6_native": false,
            "map_customer_owned_ip_on_launch": false,
            "map_public_ip_on_launch": false,
            "outpost_arn": "",
            "owner_id": "386147755255",
            "private_dns_hostname_type_on_launch": "ip-name",
            "tags": {
              "Identifier": "private",
              "Name": "dataplatform-kr-prod-private-sn-a"
            },
            "tags_all": {
              "Environment": "prod",
              "Identifier": "private",
              "Maintainer": "devops",
              "Name": "dataplatform-kr-prod-private-sn-a",
              "Repository": "terraform-from-scratch",
              "Terraform": "true"
            },
            "timeouts": null,
            "vpc_id": "vpc-0bd92c85ec448e945"
          },
          "sensitive_attributes": [],
          "private": "eyJlMmJmYjczMC1lY2FhLTExZTYtOGY4OC0zNDM2M2JjN2M0YzAiOnsiY3JlYXRlIjo2MDAwMDAwMDAwMDAsImRlbGV0ZSI6MTIwMDAwMDAwMDAwMH0sInNjaGVtYV92ZXJzaW9uIjoiMSJ9",
          "dependencies": [
            "module.vpc.aws_vpc.vpc"
          ]
        },
        {
          "index_key": 1,
          "schema_version": 1,
          "attributes": {
            "arn": "arn:aws:ec2:ap-northeast-1:386147755255:subnet/subnet-0d7aed7a57d096a3d",
            "assign_ipv6_address_on_creation": false,
            "availability_zone": "ap-northeast-1c",
            "availability_zone_id": "apne1-az1",
            "cidr_block": "10.180.40.0/24",
            "customer_owned_ipv4_pool": "",
            "enable_dns64": false,
            "enable_lni_at_device_index": 0,
            "enable_resource_name_dns_a_record_on_launch": false,
            "enable_resource_name_dns_aaaa_record_on_launch": false,
            "id": "subnet-0d7aed7a57d096a3d",
            "ipv6_cidr_block": "",
            "ipv6_cidr_block_association_id": "",
            "ipv6_native": false,
            "map_customer_owned_ip_on_launch": false,
            "map_public_ip_on_launch": false,
            "outpost_arn": "",
            "owner_id": "386147755255",
            "private_dns_hostname_type_on_launch": "ip-name",
            "tags": {
              "Identifier": "private",
              "Name": "dataplatform-kr-prod-private-sn-c"
            },
            "tags_all": {
              "Environment": "prod",
              "Identifier": "private",
              "Maintainer": "devops",
              "Name": "dataplatform-kr-prod-private-sn-c",
              "Repository": "terraform-from-scratch",
              "Terraform": "true"
            },
            "timeouts": null,
            "vpc_id": "vpc-0bd92c85ec448e945"
          },
          "sensitive_attributes": [],
          "private": "eyJlMmJmYjczMC1lY2FhLTExZTYtOGY4OC0zNDM2M2JjN2M0YzAiOnsiY3JlYXRlIjo2MDAwMDAwMDAwMDAsImRlbGV0ZSI6MTIwMDAwMDAwMDAwMH0sInNjaGVtYV92ZXJzaW9uIjoiMSJ9",
          "dependencies": [
            "module.vpc.aws_vpc.vpc"
          ]
        },
        {
          "index_key": 2,
          "schema_version": 1,
          "attributes": {
            "arn": "arn:aws:ec2:ap-northeast-1:386147755255:subnet/subnet-0885a557a17c46c9b",
            "assign_ipv6_address_on_creation": false,
            "availability_zone": "ap-northeast-1d",
            "availability_zone_id": "apne1-az2",
            "cidr_block": "10.180.60.0/24",
            "customer_owned_ipv4_pool": "",
            "enable_dns64": false,
            "enable_lni_at_device_index": 0,
            "enable_resource_name_dns_a_record_on_launch": false,
            "enable_resource_name_dns_aaaa_record_on_launch": false,
            "id": "subnet-0885a557a17c46c9b",
            "ipv6_cidr_block": "",
            "ipv6_cidr_block_association_id": "",
            "ipv6_native": false,
            "map_customer_owned_ip_on_launch": false,
            "map_public_ip_on_launch": false,
            "outpost_arn": "",
            "owner_id": "386147755255",
            "private_dns_hostname_type_on_launch": "ip-name",
            "tags": {
              "Identifier": "private",
              "Name": "dataplatform-kr-prod-private-sn-d"
            },
            "tags_all": {
              "Environment": "prod",
              "Identifier": "private",
              "Maintainer": "devops",
              "Name": "dataplatform-kr-prod-private-sn-d",
              "Repository": "terraform-from-scratch",
              "Terraform": "true"
            },
            "timeouts": null,
            "vpc_id": "vpc-0bd92c85ec448e945"
          },
          "sensitive_attributes": [],
          "private": "eyJlMmJmYjczMC1lY2FhLTExZTYtOGY4OC0zNDM2M2JjN2M0YzAiOnsiY3JlYXRlIjo2MDAwMDAwMDAwMDAsImRlbGV0ZSI6MTIwMDAwMDAwMDAwMH0sInNjaGVtYV92ZXJzaW9uIjoiMSJ9",
          "dependencies": [
            "module.vpc.aws_vpc.vpc"
          ]
        }
      ]
    },
    {
      "module": "module.vpc",
      "mode": "managed",
      "type": "aws_subnet",
      "name": "public",
      "provider": "provider[\"registry.terraform.io/hashicorp/aws\"]",
      "instances": [
        {
          "index_key": 0,
          "schema_version": 1,
          "attributes": {
            "arn": "arn:aws:ec2:ap-northeast-1:386147755255:subnet/subnet-04e18aa27e44baae1",
            "assign_ipv6_address_on_creation": false,
            "availability_zone": "ap-northeast-1a",
            "availability_zone_id": "apne1-az4",
            "cidr_block": "10.180.10.0/24",
            "customer_owned_ipv4_pool": "",
            "enable_dns64": false,
            "enable_lni_at_device_index": 0,
            "enable_resource_name_dns_a_record_on_launch": false,
            "enable_resource_name_dns_aaaa_record_on_launch": false,
            "id": "subnet-04e18aa27e44baae1",
            "ipv6_cidr_block": "",
            "ipv6_cidr_block_association_id": "",
            "ipv6_native": false,
            "map_customer_owned_ip_on_launch": false,
            "map_public_ip_on_launch": true,
            "outpost_arn": "",
            "owner_id": "386147755255",
            "private_dns_hostname_type_on_launch": "ip-name",
            "tags": {
              "Identifier": "public",
              "Name": "dataplatform-kr-prod-public-sn-a"
            },
            "tags_all": {
              "Environment": "prod",
              "Identifier": "public",
              "Maintainer": "devops",
              "Name": "dataplatform-kr-prod-public-sn-a",
              "Repository": "terraform-from-scratch",
              "Terraform": "true"
            },
            "timeouts": null,
            "vpc_id": "vpc-0bd92c85ec448e945"
          },
          "sensitive_attributes": [],
          "private": "eyJlMmJmYjczMC1lY2FhLTExZTYtOGY4OC0zNDM2M2JjN2M0YzAiOnsiY3JlYXRlIjo2MDAwMDAwMDAwMDAsImRlbGV0ZSI6MTIwMDAwMDAwMDAwMH0sInNjaGVtYV92ZXJzaW9uIjoiMSJ9",
          "dependencies": [
            "module.vpc.aws_vpc.vpc"
          ]
        },
        {
          "index_key": 1,
          "schema_version": 1,
          "attributes": {
            "arn": "arn:aws:ec2:ap-northeast-1:386147755255:subnet/subnet-0b998f3d5abbfb586",
            "assign_ipv6_address_on_creation": false,
            "availability_zone": "ap-northeast-1c",
            "availability_zone_id": "apne1-az1",
            "cidr_block": "10.180.30.0/24",
            "customer_owned_ipv4_pool": "",
            "enable_dns64": false,
            "enable_lni_at_device_index": 0,
            "enable_resource_name_dns_a_record_on_launch": false,
            "enable_resource_name_dns_aaaa_record_on_launch": false,
            "id": "subnet-0b998f3d5abbfb586",
            "ipv6_cidr_block": "",
            "ipv6_cidr_block_association_id": "",
            "ipv6_native": false,
            "map_customer_owned_ip_on_launch": false,
            "map_public_ip_on_launch": true,
            "outpost_arn": "",
            "owner_id": "386147755255",
            "private_dns_hostname_type_on_launch": "ip-name",
            "tags": {
              "Identifier": "public",
              "Name": "dataplatform-kr-prod-public-sn-c"
            },
            "tags_all": {
              "Environment": "prod",
              "Identifier": "public",
              "Maintainer": "devops",
              "Name": "dataplatform-kr-prod-public-sn-c",
              "Repository": "terraform-from-scratch",
              "Terraform": "true"
            },
            "timeouts": null,
            "vpc_id": "vpc-0bd92c85ec448e945"
          },
          "sensitive_attributes": [],
          "private": "eyJlMmJmYjczMC1lY2FhLTExZTYtOGY4OC0zNDM2M2JjN2M0YzAiOnsiY3JlYXRlIjo2MDAwMDAwMDAwMDAsImRlbGV0ZSI6MTIwMDAwMDAwMDAwMH0sInNjaGVtYV92ZXJzaW9uIjoiMSJ9",
          "dependencies": [
            "module.vpc.aws_vpc.vpc"
          ]
        },
        {
          "index_key": 2,
          "schema_version": 1,
          "attributes": {
            "arn": "arn:aws:ec2:ap-northeast-1:386147755255:subnet/subnet-00cf7cd34353763b2",
            "assign_ipv6_address_on_creation": false,
            "availability_zone": "ap-northeast-1d",
            "availability_zone_id": "apne1-az2",
            "cidr_block": "10.180.50.0/24",
            "customer_owned_ipv4_pool": "",
            "enable_dns64": false,
            "enable_lni_at_device_index": 0,
            "enable_resource_name_dns_a_record_on_launch": false,
            "enable_resource_name_dns_aaaa_record_on_launch": false,
            "id": "subnet-00cf7cd34353763b2",
            "ipv6_cidr_block": "",
            "ipv6_cidr_block_association_id": "",
            "ipv6_native": false,
            "map_customer_owned_ip_on_launch": false,
            "map_public_ip_on_launch": true,
            "outpost_arn": "",
            "owner_id": "386147755255",
            "private_dns_hostname_type_on_launch": "ip-name",
            "tags": {
              "Identifier": "public",
              "Name": "dataplatform-kr-prod-public-sn-d"
            },
            "tags_all": {
              "Environment": "prod",
              "Identifier": "public",
              "Maintainer": "devops",
              "Name": "dataplatform-kr-prod-public-sn-d",
              "Repository": "terraform-from-scratch",
              "Terraform": "true"
            },
            "timeouts": null,
            "vpc_id": "vpc-0bd92c85ec448e945"
          },
          "sensitive_attributes": [],
          "private": "eyJlMmJmYjczMC1lY2FhLTExZTYtOGY4OC0zNDM2M2JjN2M0YzAiOnsiY3JlYXRlIjo2MDAwMDAwMDAwMDAsImRlbGV0ZSI6MTIwMDAwMDAwMDAwMH0sInNjaGVtYV92ZXJzaW9uIjoiMSJ9",
          "dependencies": [
            "module.vpc.aws_vpc.vpc"
          ]
        }
      ]
    },
    {
      "module": "module.vpc",
      "mode": "managed",
      "type": "aws_vpc",
      "name": "vpc",
      "provider": "provider[\"registry.terraform.io/hashicorp/aws\"]",
      "instances": [
        {
          "schema_version": 1,
          "attributes": {
            "arn": "arn:aws:ec2:ap-northeast-1:386147755255:vpc/vpc-0bd92c85ec448e945",
            "assign_generated_ipv6_cidr_block": false,
            "cidr_block": "10.180.0.0/16",
            "default_network_acl_id": "acl-01b200773252e0af4",
            "default_route_table_id": "rtb-00db8afd0ab020f9a",
            "default_security_group_id": "sg-0094fe51a5aea57ff",
            "dhcp_options_id": "dopt-0a5897b4d4ee493a7",
            "enable_classiclink": false,
            "enable_classiclink_dns_support": false,
            "enable_dns_hostnames": true,
            "enable_dns_support": true,
            "enable_network_address_usage_metrics": false,
            "id": "vpc-0bd92c85ec448e945",
            "instance_tenancy": "default",
            "ipv4_ipam_pool_id": null,
            "ipv4_netmask_length": null,
            "ipv6_association_id": "",
            "ipv6_cidr_block": "",
            "ipv6_cidr_block_network_border_group": "",
            "ipv6_ipam_pool_id": "",
            "ipv6_netmask_length": 0,
            "main_route_table_id": "rtb-00db8afd0ab020f9a",
            "owner_id": "386147755255",
            "tags": {
              "Name": "dataplatform-kr-prod-workload-vpc"
            },
            "tags_all": {
              "Environment": "prod",
              "Maintainer": "devops",
              "Name": "dataplatform-kr-prod-workload-vpc",
              "Repository": "terraform-from-scratch",
              "Terraform": "true"
            }
          },
          "sensitive_attributes": [],
          "private": "eyJzY2hlbWFfdmVyc2lvbiI6IjEifQ=="
        }
      ]
    },
    {
      "module": "module.vpc",
      "mode": "managed",
      "type": "aws_vpn_gateway",
      "name": "vgw",
      "provider": "provider[\"registry.terraform.io/hashicorp/aws\"]",
      "instances": [
        {
          "schema_version": 0,
          "attributes": {
            "amazon_side_asn": "64512",
            "arn": "arn:aws:ec2:ap-northeast-1:386147755255:vpn-gateway/vgw-028a7149283d4ecbe",
            "availability_zone": null,
            "id": "vgw-028a7149283d4ecbe",
            "tags": {
              "Name": "dataplatform-kr-prod-workload-vgw"
            },
            "tags_all": {
              "Environment": "prod",
              "Maintainer": "devops",
              "Name": "dataplatform-kr-prod-workload-vgw",
              "Repository": "terraform-from-scratch",
              "Terraform": "true"
            },
            "vpc_id": "vpc-0bd92c85ec448e945"
          },
          "sensitive_attributes": [],
          "private": "bnVsbA==",
          "dependencies": [
            "module.vpc.aws_vpc.vpc"
          ]
        }
      ]
    }
  ],
  "check_results": null
}
