{
  "version": 4,
  "terraform_version": "1.4.6",
  "serial": 332,
  "lineage": "28c269b1-47ed-9c54-3f50-fe7a11d485fe",
  "outputs": {},
  "resources": [
    {
      "module": "module.ec2",
      "mode": "managed",
      "type": "aws_ebs_volume",
      "name": "ebs",
      "provider": "provider[\"registry.terraform.io/hashicorp/aws\"]",
      "instances": [
        {
          "index_key": 0,
          "schema_version": 0,
          "attributes": {
            "arn": "arn:aws:ec2:ap-northeast-1:386147755255:volume/vol-0314ddfa9b30321d1",
            "availability_zone": "ap-northeast-1a",
            "encrypted": true,
            "final_snapshot": false,
            "id": "vol-0314ddfa9b30321d1",
            "iops": 3000,
            "kms_key_id": "arn:aws:kms:ap-northeast-1:386147755255:key/ba3e291c-1255-43a5-bf90-bd2c316eb51c",
            "multi_attach_enabled": false,
            "outpost_arn": "",
            "size": 30,
            "snapshot_id": "",
            "tags": {
              "Name": "test-ec2-data"
            },
            "tags_all": {
              "Environment": "prod",
              "Maintainer": "devops",
              "Name": "test-ec2-data",
              "Repository": "terraform-from-scratch",
              "Terraform": "true"
            },
            "throughput": 125,
            "timeouts": null,
            "type": "gp3"
          },
          "sensitive_attributes": [],
          "private": "eyJlMmJmYjczMC1lY2FhLTExZTYtOGY4OC0zNDM2M2JjN2M0YzAiOnsiY3JlYXRlIjozMDAwMDAwMDAwMDAsImRlbGV0ZSI6MzAwMDAwMDAwMDAwLCJ1cGRhdGUiOjMwMDAwMDAwMDAwMH19"
        }
      ]
    },
    {
      "module": "module.ec2",
      "mode": "managed",
      "type": "aws_instance",
      "name": "ec2",
      "provider": "provider[\"registry.terraform.io/hashicorp/aws\"]",
      "instances": [
        {
          "index_key": 0,
          "schema_version": 1,
          "attributes": {
            "ami": "ami-0cfc97bf81f2eadc4",
            "arn": "arn:aws:ec2:ap-northeast-1:386147755255:instance/i-0ab847517100a6d58",
            "associate_public_ip_address": true,
            "availability_zone": "ap-northeast-1a",
            "capacity_reservation_specification": [
              {
                "capacity_reservation_preference": "open",
                "capacity_reservation_target": []
              }
            ],
            "cpu_core_count": 1,
            "cpu_threads_per_core": 1,
            "credit_specification": [
              {
                "cpu_credits": "standard"
              }
            ],
            "disable_api_stop": false,
            "disable_api_termination": false,
            "ebs_block_device": [
              {
                "delete_on_termination": false,
                "device_name": "/dev/sdf",
                "encrypted": true,
                "iops": 3000,
                "kms_key_id": "arn:aws:kms:ap-northeast-1:386147755255:key/ba3e291c-1255-43a5-bf90-bd2c316eb51c",
                "snapshot_id": "",
                "tags": {
                  "Environment": "prod",
                  "Maintainer": "devops",
                  "Name": "test-ec2-data",
                  "Repository": "terraform-from-scratch",
                  "Terraform": "true"
                },
                "throughput": 125,
                "volume_id": "vol-0314ddfa9b30321d1",
                "volume_size": 30,
                "volume_type": "gp3"
              }
            ],
            "ebs_optimized": false,
            "enclave_options": [
              {
                "enabled": false
              }
            ],
            "ephemeral_block_device": [],
            "get_password_data": false,
            "hibernation": false,
            "host_id": "",
            "host_resource_group_arn": null,
            "iam_instance_profile": "",
            "id": "i-0ab847517100a6d58",
            "instance_initiated_shutdown_behavior": "stop",
            "instance_state": "running",
            "instance_type": "t2.micro",
            "ipv6_address_count": 0,
            "ipv6_addresses": [],
            "key_name": "test",
            "launch_template": [],
            "maintenance_options": [
              {
                "auto_recovery": "default"
              }
            ],
            "metadata_options": [
              {
                "http_endpoint": "enabled",
                "http_put_response_hop_limit": 2,
                "http_tokens": "required",
                "instance_metadata_tags": "disabled"
              }
            ],
            "monitoring": true,
            "network_interface": [],
            "outpost_arn": "",
            "password_data": "",
            "placement_group": "",
            "placement_partition_number": 0,
            "primary_network_interface_id": "eni-0f0145eec694e6d95",
            "private_dns": "ip-10-180-10-90.ap-northeast-1.compute.internal",
            "private_dns_name_options": [
              {
                "enable_resource_name_dns_a_record": false,
                "enable_resource_name_dns_aaaa_record": false,
                "hostname_type": "ip-name"
              }
            ],
            "private_ip": "10.180.10.90",
            "public_dns": "ec2-3-112-213-75.ap-northeast-1.compute.amazonaws.com",
            "public_ip": "3.112.213.75",
            "root_block_device": [
              {
                "delete_on_termination": true,
                "device_name": "/dev/xvda",
                "encrypted": true,
                "iops": 3000,
                "kms_key_id": "arn:aws:kms:ap-northeast-1:386147755255:key/ba3e291c-1255-43a5-bf90-bd2c316eb51c",
                "tags": {
                  "Name": "test-ec2-root"
                },
                "throughput": 125,
                "volume_id": "vol-0adb01295f025d693",
                "volume_size": 10,
                "volume_type": "gp3"
              }
            ],
            "secondary_private_ips": [],
            "security_groups": [],
            "source_dest_check": true,
            "subnet_id": "subnet-09376e9b403278880",
            "tags": {
              "Name": "test-ec2"
            },
            "tags_all": {
              "Environment": "prod",
              "Maintainer": "devops",
              "Name": "test-ec2",
              "Repository": "terraform-from-scratch",
              "Terraform": "true"
            },
            "tenancy": "default",
            "timeouts": null,
            "user_data": null,
            "user_data_base64": null,
            "user_data_replace_on_change": false,
            "volume_tags": null,
            "vpc_security_group_ids": [
              "sg-0720c3beb4e15ba3a"
            ]
          },
          "sensitive_attributes": [],
          "private": "eyJlMmJmYjczMC1lY2FhLTExZTYtOGY4OC0zNDM2M2JjN2M0YzAiOnsiY3JlYXRlIjo2MDAwMDAwMDAwMDAsImRlbGV0ZSI6MTIwMDAwMDAwMDAwMCwidXBkYXRlIjo2MDAwMDAwMDAwMDB9LCJzY2hlbWFfdmVyc2lvbiI6IjEifQ==",
          "dependencies": [
            "module.vpc.aws_security_group.sg",
            "module.vpc.aws_subnet.public",
            "module.vpc.aws_vpc.vpc"
          ]
        }
      ]
    },
    {
      "module": "module.ec2",
      "mode": "managed",
      "type": "aws_key_pair",
      "name": "key",
      "provider": "provider[\"registry.terraform.io/hashicorp/aws\"]",
      "instances": [
        {
          "index_key": 0,
          "schema_version": 1,
          "attributes": {
            "arn": "arn:aws:ec2:ap-northeast-1:386147755255:key-pair/test",
            "fingerprint": "8c:52:39:a4:5e:5c:dc:f0:2a:43:a0:56:54:b6:4d:db",
            "id": "test",
            "key_name": "test",
            "key_name_prefix": "",
            "key_pair_id": "key-0e901029ac98e1487",
            "key_type": "rsa",
            "public_key": "ssh-rsa AAAAB3NzaC1yc2EAAAADAQABAAACAQC43QoOnpffTlA+KDQKJq2lgohoCk1Se1xJarLBPL9G9mvRDfyF7dtXxBzZirVn67MA4legEOQCJIfn3CDD/hZVrsps/z4vpd1Wcb5LIIFrKoT3mgSbjj4Vo2+LYpea5F3FtZfqW/Ex5mRJ0ZcNwyhvBPaEJnL5yAfPIE2UvSE/bqbGd5wfmcCw0VWPTrD5EWtEr28sCU1XVYjo7ZWZgRbDINMXDoWjnFxRfSgfwDxt3isS02xmXU2Wrs77aTYmRmWDykcoNW3nwrCb+V9vhhniOLP0Tx5/cCO5UfLW+o6ZRiDURUVgnBa9Lizt8Rn8u9ZSogYW+2vQbPKi2gSvR4vBGD6K00iqVkYI/9CIln87m5FbOLLvGls+f6ampGfOJx1ROJ0wSg8wl3EtPBKdFQXkNNbn67P9wp3LNm+rJeLFQV59qWOxGwtIP7JbZiU6d5G8ad1OS4qBpNNrYB1G0xHSNhGtDb02L4qZq13MeslYksmWMX7XGx6WVhvBN28nFPm+TxmXxpoMc8Iv9+t9Oiyqxu6X6lm8F6GBPZbmelWVotGjXVE0jNxGmv8nf3sHNbd6UnKwziyksHveF2kQUkKptD9kQ6HFPEYooI8+GcowKzs7znex9VH+8bfSqrj6iff/S2vGKC3u9VRWGtpysEu5Txe9NzbftsHrF4rftM6viw== r00273@USERui-MacBookPro.local",
            "tags": {
              "Name": "test"
            },
            "tags_all": {
              "Environment": "prod",
              "Maintainer": "devops",
              "Name": "test",
              "Repository": "terraform-from-scratch",
              "Terraform": "true"
            }
          },
          "sensitive_attributes": [],
          "private": "eyJzY2hlbWFfdmVyc2lvbiI6IjEifQ=="
        }
      ]
    },
    {
      "module": "module.ec2",
      "mode": "managed",
      "type": "aws_volume_attachment",
      "name": "ebs_attc",
      "provider": "provider[\"registry.terraform.io/hashicorp/aws\"]",
      "instances": [
        {
          "index_key": 0,
          "schema_version": 0,
          "attributes": {
            "device_name": "/dev/sdf",
            "force_detach": null,
            "id": "vai-3110986733",
            "instance_id": "i-0ab847517100a6d58",
            "skip_destroy": null,
            "stop_instance_before_detaching": null,
            "timeouts": null,
            "volume_id": "vol-0314ddfa9b30321d1"
          },
          "sensitive_attributes": [],
          "private": "eyJlMmJmYjczMC1lY2FhLTExZTYtOGY4OC0zNDM2M2JjN2M0YzAiOnsiY3JlYXRlIjozMDAwMDAwMDAwMDAsImRlbGV0ZSI6MzAwMDAwMDAwMDAwfX0=",
          "dependencies": [
            "module.ec2.aws_ebs_volume.ebs",
            "module.ec2.aws_instance.ec2",
            "module.vpc.aws_security_group.sg",
            "module.vpc.aws_subnet.public",
            "module.vpc.aws_vpc.vpc"
          ]
        }
      ]
    },
    {
      "module": "module.rds",
      "mode": "managed",
      "type": "aws_db_instance",
      "name": "db_instance",
      "provider": "provider[\"registry.terraform.io/hashicorp/aws\"]",
      "instances": [
        {
          "index_key": 0,
          "schema_version": 1,
          "attributes": {
            "address": "dataplatform-kr-prod-workload-rds.cpmgq1v40zyp.ap-northeast-1.rds.amazonaws.com",
            "allocated_storage": 10,
            "allow_major_version_upgrade": true,
            "apply_immediately": true,
            "arn": "arn:aws:rds:ap-northeast-1:386147755255:db:dataplatform-kr-prod-workload-rds",
            "auto_minor_version_upgrade": true,
            "availability_zone": "ap-northeast-1c",
            "backup_retention_period": 7,
            "backup_window": "16:40-17:10",
            "blue_green_update": [
              {
                "enabled": true
              }
            ],
            "ca_cert_identifier": "rds-ca-2019",
            "character_set_name": "",
            "copy_tags_to_snapshot": false,
            "custom_iam_instance_profile": "",
            "customer_owned_ip_enabled": false,
            "db_name": "",
            "db_subnet_group_name": "dataplatform-kr-prod-rds-sg",
            "delete_automated_backups": true,
            "deletion_protection": false,
            "domain": "",
            "domain_iam_role_name": "",
            "enabled_cloudwatch_logs_exports": [
              "audit",
              "error",
              "general",
              "slowquery"
            ],
            "endpoint": "dataplatform-kr-prod-workload-rds.cpmgq1v40zyp.ap-northeast-1.rds.amazonaws.com:3306",
            "engine": "mariadb",
            "engine_version": "10.6.10",
            "engine_version_actual": "10.6.10",
            "final_snapshot_identifier": "dataplatform-kr-prod-workload-rds-final-snapshot",
            "hosted_zone_id": "Z24O6O9L7SGTNB",
            "iam_database_authentication_enabled": false,
            "id": "dataplatform-kr-prod-workload-rds",
            "identifier": "dataplatform-kr-prod-workload-rds",
            "identifier_prefix": "",
            "instance_class": "db.t3.micro",
            "iops": 0,
            "kms_key_id": "arn:aws:kms:ap-northeast-1:386147755255:key/b9b2271f-1d0a-48ef-a52e-8d2402f47fb6",
            "latest_restorable_time": "2023-07-03T05:29:25Z",
            "license_model": "general-public-license",
            "listener_endpoint": [],
            "maintenance_window": "sun:19:16-sun:19:46",
            "manage_master_user_password": null,
            "master_user_secret": [],
            "master_user_secret_kms_key_id": null,
            "max_allocated_storage": 0,
            "monitoring_interval": 0,
            "monitoring_role_arn": "",
            "multi_az": false,
            "name": "",
            "nchar_character_set_name": "",
            "network_type": "IPV4",
            "option_group_name": "default:mariadb-10-6",
            "parameter_group_name": "maria-db-param-group",
            "password": "test12341234",
            "performance_insights_enabled": false,
            "performance_insights_kms_key_id": "",
            "performance_insights_retention_period": 0,
            "port": 3306,
            "publicly_accessible": false,
            "replica_mode": "",
            "replicas": [],
            "replicate_source_db": "",
            "resource_id": "db-M7J3IDUSODYZO3MPADH74Y4NRQ",
            "restore_to_point_in_time": [],
            "s3_import": [],
            "security_group_names": null,
            "skip_final_snapshot": false,
            "snapshot_identifier": null,
            "status": "available",
            "storage_encrypted": true,
            "storage_throughput": 0,
            "storage_type": "gp2",
            "tags": {
              "Name": "dataplatform-kr-prod-workload-rds"
            },
            "tags_all": {
              "Environment": "prod",
              "Maintainer": "devops",
              "Name": "dataplatform-kr-prod-workload-rds",
              "Repository": "terraform-from-scratch",
              "Terraform": "true"
            },
            "timeouts": null,
            "timezone": "",
            "username": "admin",
            "vpc_security_group_ids": [
              "sg-0b9035709fd4801f4"
            ]
          },
          "sensitive_attributes": [],
          "private": "eyJlMmJmYjczMC1lY2FhLTExZTYtOGY4OC0zNDM2M2JjN2M0YzAiOnsiY3JlYXRlIjoyNDAwMDAwMDAwMDAwLCJkZWxldGUiOjM2MDAwMDAwMDAwMDAsInVwZGF0ZSI6NDgwMDAwMDAwMDAwMH0sInNjaGVtYV92ZXJzaW9uIjoiMSJ9",
          "dependencies": [
            "module.rds.aws_db_parameter_group.db_param_group",
            "module.rds.aws_db_subnet_group.db_subnet_group",
            "module.vpc.aws_security_group.sg"
          ]
        }
      ]
    },
    {
      "module": "module.rds",
      "mode": "managed",
      "type": "aws_db_parameter_group",
      "name": "db_param_group",
      "provider": "provider[\"registry.terraform.io/hashicorp/aws\"]",
      "instances": [
        {
          "index_key": "maria-db-param-group",
          "schema_version": 0,
          "attributes": {
            "arn": "arn:aws:rds:ap-northeast-1:386147755255:pg:maria-db-param-group",
            "description": "maria db parameter group",
            "family": "mariadb10.6",
            "id": "maria-db-param-group",
            "name": "maria-db-param-group",
            "name_prefix": null,
            "parameter": [],
            "tags": {
              "Name": "maria-db-param-group"
            },
            "tags_all": {
              "Environment": "prod",
              "Maintainer": "devops",
              "Name": "maria-db-param-group",
              "Repository": "terraform-from-scratch",
              "Terraform": "true"
            }
          },
          "sensitive_attributes": [],
          "private": "bnVsbA==",
          "create_before_destroy": true
        }
      ]
    },
    {
      "module": "module.rds",
      "mode": "managed",
      "type": "aws_db_subnet_group",
      "name": "db_subnet_group",
      "provider": "provider[\"registry.terraform.io/hashicorp/aws\"]",
      "instances": [
        {
          "schema_version": 0,
          "attributes": {
            "arn": "arn:aws:rds:ap-northeast-1:386147755255:subgrp:dataplatform-kr-prod-rds-sg",
            "description": "dataplatform kr prod rds subnet group",
            "id": "dataplatform-kr-prod-rds-sg",
            "name": "dataplatform-kr-prod-rds-sg",
            "name_prefix": "",
            "subnet_ids": [
              "subnet-019200e0665369cb6",
              "subnet-02ee4495875d45c36",
              "subnet-0a6a5953e90434a8c"
            ],
            "supported_network_types": [
              "IPV4"
            ],
            "tags": {
              "Name": "dataplatform-kr-prod-rds-sg"
            },
            "tags_all": {
              "Environment": "prod",
              "Maintainer": "devops",
              "Name": "dataplatform-kr-prod-rds-sg",
              "Repository": "terraform-from-scratch",
              "Terraform": "true"
            },
            "vpc_id": "vpc-01f108ae18180d007"
          },
          "sensitive_attributes": [],
          "private": "bnVsbA==",
          "dependencies": [
            "module.vpc.aws_subnet.private",
            "module.vpc.aws_vpc.vpc"
          ]
        }
      ]
    },
    {
      "module": "module.vpc",
      "mode": "managed",
      "type": "aws_customer_gateway",
      "name": "cgw",
      "provider": "provider[\"registry.terraform.io/hashicorp/aws\"]",
      "instances": [
        {
          "index_key": 0,
          "schema_version": 0,
          "attributes": {
            "arn": "arn:aws:ec2:ap-northeast-1:386147755255:customer-gateway/cgw-027c86c07ed08e847",
            "bgp_asn": "65000",
            "certificate_arn": "",
            "device_name": "",
            "id": "cgw-027c86c07ed08e847",
            "ip_address": "121.134.221.250",
            "tags": {
              "Name": "seoul-office-cgw"
            },
            "tags_all": {
              "Environment": "prod",
              "Maintainer": "devops",
              "Name": "seoul-office-cgw",
              "Repository": "terraform-from-scratch",
              "Terraform": "true"
            },
            "type": "ipsec.1"
          },
          "sensitive_attributes": [],
          "private": "bnVsbA=="
        }
      ]
    },
    {
      "module": "module.vpc",
      "mode": "managed",
      "type": "aws_eip",
      "name": "ngw_eip",
      "provider": "provider[\"registry.terraform.io/hashicorp/aws\"]",
      "instances": [
        {
          "schema_version": 0,
          "attributes": {
            "address": null,
            "allocation_id": "eipalloc-04dfe932637cb75eb",
            "associate_with_private_ip": null,
            "association_id": "eipassoc-07a3c56d2a76a04ce",
            "carrier_ip": "",
            "customer_owned_ip": "",
            "customer_owned_ipv4_pool": "",
            "domain": "vpc",
            "id": "eipalloc-04dfe932637cb75eb",
            "instance": "",
            "network_border_group": "ap-northeast-1",
            "network_interface": "eni-04485ac7ecbb68f61",
            "private_dns": "ip-10-180-10-73.ap-northeast-1.compute.internal",
            "private_ip": "10.180.10.73",
            "public_dns": "ec2-54-248-11-224.ap-northeast-1.compute.amazonaws.com",
            "public_ip": "54.248.11.224",
            "public_ipv4_pool": "amazon",
            "tags": {
              "Name": "dataplatform-kr-prod-workload-ngw-eip"
            },
            "tags_all": {
              "Environment": "prod",
              "Maintainer": "devops",
              "Name": "dataplatform-kr-prod-workload-ngw-eip",
              "Repository": "terraform-from-scratch",
              "Terraform": "true"
            },
            "timeouts": null,
            "vpc": true
          },
          "sensitive_attributes": [],
          "private": "eyJlMmJmYjczMC1lY2FhLTExZTYtOGY4OC0zNDM2M2JjN2M0YzAiOnsiZGVsZXRlIjoxODAwMDAwMDAwMDAsInJlYWQiOjkwMDAwMDAwMDAwMCwidXBkYXRlIjozMDAwMDAwMDAwMDB9fQ==",
          "dependencies": [
            "module.vpc.aws_vpc.vpc"
          ]
        }
      ]
    },
    {
      "module": "module.vpc",
      "mode": "managed",
      "type": "aws_internet_gateway",
      "name": "igw",
      "provider": "provider[\"registry.terraform.io/hashicorp/aws\"]",
      "instances": [
        {
          "schema_version": 0,
          "attributes": {
            "arn": "arn:aws:ec2:ap-northeast-1:386147755255:internet-gateway/igw-095a3a7f7bc3da587",
            "id": "igw-095a3a7f7bc3da587",
            "owner_id": "386147755255",
            "tags": {
              "Name": "dataplatform-kr-prod-workload-igw"
            },
            "tags_all": {
              "Environment": "prod",
              "Maintainer": "devops",
              "Name": "dataplatform-kr-prod-workload-igw",
              "Repository": "terraform-from-scratch",
              "Terraform": "true"
            },
            "timeouts": null,
            "vpc_id": "vpc-01f108ae18180d007"
          },
          "sensitive_attributes": [],
          "private": "eyJlMmJmYjczMC1lY2FhLTExZTYtOGY4OC0zNDM2M2JjN2M0YzAiOnsiY3JlYXRlIjoxMjAwMDAwMDAwMDAwLCJkZWxldGUiOjEyMDAwMDAwMDAwMDAsInVwZGF0ZSI6MTIwMDAwMDAwMDAwMH19",
          "dependencies": [
            "module.vpc.aws_vpc.vpc"
          ]
        }
      ]
    },
    {
      "module": "module.vpc",
      "mode": "managed",
      "type": "aws_nat_gateway",
      "name": "ngw",
      "provider": "provider[\"registry.terraform.io/hashicorp/aws\"]",
      "instances": [
        {
          "schema_version": 0,
          "attributes": {
            "allocation_id": "eipalloc-04dfe932637cb75eb",
            "association_id": "eipassoc-07a3c56d2a76a04ce",
            "connectivity_type": "public",
            "id": "nat-00da023522f665707",
            "network_interface_id": "eni-04485ac7ecbb68f61",
            "private_ip": "10.180.10.73",
            "public_ip": "54.248.11.224",
            "subnet_id": "subnet-09376e9b403278880",
            "tags": {
              "Name": "dataplatform-kr-prod-workload-ngw"
            },
            "tags_all": {
              "Environment": "prod",
              "Maintainer": "devops",
              "Name": "dataplatform-kr-prod-workload-ngw",
              "Repository": "terraform-from-scratch",
              "Terraform": "true"
            }
          },
          "sensitive_attributes": [],
          "private": "bnVsbA==",
          "dependencies": [
            "module.vpc.aws_eip.ngw_eip",
            "module.vpc.aws_internet_gateway.igw",
            "module.vpc.aws_subnet.public",
            "module.vpc.aws_vpc.vpc"
          ]
        }
      ]
    },
    {
      "module": "module.vpc",
      "mode": "managed",
      "type": "aws_network_acl",
      "name": "nacl",
      "provider": "provider[\"registry.terraform.io/hashicorp/aws\"]",
      "instances": [
        {
          "schema_version": 0,
          "attributes": {
            "arn": "arn:aws:ec2:ap-northeast-1:386147755255:network-acl/acl-05cce229cf6b3fdd5",
            "egress": [
              {
                "action": "allow",
                "cidr_block": "0.0.0.0/0",
                "from_port": 0,
                "icmp_code": 0,
                "icmp_type": 0,
                "ipv6_cidr_block": "",
                "protocol": "-1",
                "rule_no": 100,
                "to_port": 0
              }
            ],
            "id": "acl-05cce229cf6b3fdd5",
            "ingress": [
              {
                "action": "allow",
                "cidr_block": "0.0.0.0/0",
                "from_port": 0,
                "icmp_code": 0,
                "icmp_type": 0,
                "ipv6_cidr_block": "",
                "protocol": "-1",
                "rule_no": 100,
                "to_port": 0
              }
            ],
            "owner_id": "386147755255",
            "subnet_ids": [
              "subnet-019200e0665369cb6",
              "subnet-02ee4495875d45c36",
              "subnet-03670b5deb224b8da",
              "subnet-09376e9b403278880",
              "subnet-0a6a5953e90434a8c",
              "subnet-0ee144426f1803305"
            ],
            "tags": {
              "Name": "dataplatform-kr-prod-workload-nacl"
            },
            "tags_all": {
              "Environment": "prod",
              "Maintainer": "devops",
              "Name": "dataplatform-kr-prod-workload-nacl",
              "Repository": "terraform-from-scratch",
              "Terraform": "true"
            },
            "vpc_id": "vpc-01f108ae18180d007"
          },
          "sensitive_attributes": [],
          "private": "bnVsbA==",
          "dependencies": [
            "module.vpc.aws_subnet.private",
            "module.vpc.aws_subnet.public",
            "module.vpc.aws_vpc.vpc"
          ]
        }
      ]
    },
    {
      "module": "module.vpc",
      "mode": "managed",
      "type": "aws_route_table",
      "name": "private",
      "provider": "provider[\"registry.terraform.io/hashicorp/aws\"]",
      "instances": [
        {
          "schema_version": 0,
          "attributes": {
            "arn": "arn:aws:ec2:ap-northeast-1:386147755255:route-table/rtb-041b62d794b75c24d",
            "id": "rtb-041b62d794b75c24d",
            "owner_id": "386147755255",
            "propagating_vgws": [],
            "route": [
              {
                "carrier_gateway_id": "",
                "cidr_block": "0.0.0.0/0",
                "core_network_arn": "",
                "destination_prefix_list_id": "",
                "egress_only_gateway_id": "",
                "gateway_id": "",
                "instance_id": "",
                "ipv6_cidr_block": "",
                "local_gateway_id": "",
                "nat_gateway_id": "nat-00da023522f665707",
                "network_interface_id": "",
                "transit_gateway_id": "",
                "vpc_endpoint_id": "",
                "vpc_peering_connection_id": ""
              }
            ],
            "tags": {
              "Name": "dataplatform-kr-prod-workload-private-rtb"
            },
            "tags_all": {
              "Environment": "prod",
              "Maintainer": "devops",
              "Name": "dataplatform-kr-prod-workload-private-rtb",
              "Repository": "terraform-from-scratch",
              "Terraform": "true"
            },
            "timeouts": null,
            "vpc_id": "vpc-01f108ae18180d007"
          },
          "sensitive_attributes": [],
          "private": "eyJlMmJmYjczMC1lY2FhLTExZTYtOGY4OC0zNDM2M2JjN2M0YzAiOnsiY3JlYXRlIjozMDAwMDAwMDAwMDAsImRlbGV0ZSI6MzAwMDAwMDAwMDAwLCJ1cGRhdGUiOjEyMDAwMDAwMDAwMH19",
          "dependencies": [
            "module.vpc.aws_eip.ngw_eip",
            "module.vpc.aws_internet_gateway.igw",
            "module.vpc.aws_nat_gateway.ngw",
            "module.vpc.aws_subnet.public",
            "module.vpc.aws_vpc.vpc"
          ]
        }
      ]
    },
    {
      "module": "module.vpc",
      "mode": "managed",
      "type": "aws_route_table",
      "name": "public",
      "provider": "provider[\"registry.terraform.io/hashicorp/aws\"]",
      "instances": [
        {
          "schema_version": 0,
          "attributes": {
            "arn": "arn:aws:ec2:ap-northeast-1:386147755255:route-table/rtb-0cb77878943e66acd",
            "id": "rtb-0cb77878943e66acd",
            "owner_id": "386147755255",
            "propagating_vgws": [],
            "route": [
              {
                "carrier_gateway_id": "",
                "cidr_block": "0.0.0.0/0",
                "core_network_arn": "",
                "destination_prefix_list_id": "",
                "egress_only_gateway_id": "",
                "gateway_id": "igw-095a3a7f7bc3da587",
                "instance_id": "",
                "ipv6_cidr_block": "",
                "local_gateway_id": "",
                "nat_gateway_id": "",
                "network_interface_id": "",
                "transit_gateway_id": "",
                "vpc_endpoint_id": "",
                "vpc_peering_connection_id": ""
              }
            ],
            "tags": {
              "Name": "dataplatform-kr-prod-workload-public-rtb"
            },
            "tags_all": {
              "Environment": "prod",
              "Maintainer": "devops",
              "Name": "dataplatform-kr-prod-workload-public-rtb",
              "Repository": "terraform-from-scratch",
              "Terraform": "true"
            },
            "timeouts": null,
            "vpc_id": "vpc-01f108ae18180d007"
          },
          "sensitive_attributes": [],
          "private": "eyJlMmJmYjczMC1lY2FhLTExZTYtOGY4OC0zNDM2M2JjN2M0YzAiOnsiY3JlYXRlIjozMDAwMDAwMDAwMDAsImRlbGV0ZSI6MzAwMDAwMDAwMDAwLCJ1cGRhdGUiOjEyMDAwMDAwMDAwMH19",
          "dependencies": [
            "module.vpc.aws_internet_gateway.igw",
            "module.vpc.aws_vpc.vpc"
          ]
        }
      ]
    },
    {
      "module": "module.vpc",
      "mode": "managed",
      "type": "aws_route_table_association",
      "name": "private",
      "provider": "provider[\"registry.terraform.io/hashicorp/aws\"]",
      "instances": [
        {
          "index_key": 0,
          "schema_version": 0,
          "attributes": {
            "gateway_id": "",
            "id": "rtbassoc-005ad699f5e1f879c",
            "route_table_id": "rtb-041b62d794b75c24d",
            "subnet_id": "subnet-02ee4495875d45c36",
            "timeouts": null
          },
          "sensitive_attributes": [],
          "private": "eyJlMmJmYjczMC1lY2FhLTExZTYtOGY4OC0zNDM2M2JjN2M0YzAiOnsiY3JlYXRlIjozMDAwMDAwMDAwMDAsImRlbGV0ZSI6MzAwMDAwMDAwMDAwLCJ1cGRhdGUiOjEyMDAwMDAwMDAwMH19",
          "dependencies": [
            "module.vpc.aws_eip.ngw_eip",
            "module.vpc.aws_internet_gateway.igw",
            "module.vpc.aws_nat_gateway.ngw",
            "module.vpc.aws_route_table.private",
            "module.vpc.aws_subnet.private",
            "module.vpc.aws_subnet.public",
            "module.vpc.aws_vpc.vpc"
          ]
        },
        {
          "index_key": 1,
          "schema_version": 0,
          "attributes": {
            "gateway_id": "",
            "id": "rtbassoc-0f9b58f432c12753c",
            "route_table_id": "rtb-041b62d794b75c24d",
            "subnet_id": "subnet-019200e0665369cb6",
            "timeouts": null
          },
          "sensitive_attributes": [],
          "private": "eyJlMmJmYjczMC1lY2FhLTExZTYtOGY4OC0zNDM2M2JjN2M0YzAiOnsiY3JlYXRlIjozMDAwMDAwMDAwMDAsImRlbGV0ZSI6MzAwMDAwMDAwMDAwLCJ1cGRhdGUiOjEyMDAwMDAwMDAwMH19",
          "dependencies": [
            "module.vpc.aws_eip.ngw_eip",
            "module.vpc.aws_internet_gateway.igw",
            "module.vpc.aws_nat_gateway.ngw",
            "module.vpc.aws_route_table.private",
            "module.vpc.aws_subnet.private",
            "module.vpc.aws_subnet.public",
            "module.vpc.aws_vpc.vpc"
          ]
        },
        {
          "index_key": 2,
          "schema_version": 0,
          "attributes": {
            "gateway_id": "",
            "id": "rtbassoc-0d3dd8d76cac2a491",
            "route_table_id": "rtb-041b62d794b75c24d",
            "subnet_id": "subnet-0a6a5953e90434a8c",
            "timeouts": null
          },
          "sensitive_attributes": [],
          "private": "eyJlMmJmYjczMC1lY2FhLTExZTYtOGY4OC0zNDM2M2JjN2M0YzAiOnsiY3JlYXRlIjozMDAwMDAwMDAwMDAsImRlbGV0ZSI6MzAwMDAwMDAwMDAwLCJ1cGRhdGUiOjEyMDAwMDAwMDAwMH19",
          "dependencies": [
            "module.vpc.aws_eip.ngw_eip",
            "module.vpc.aws_internet_gateway.igw",
            "module.vpc.aws_nat_gateway.ngw",
            "module.vpc.aws_route_table.private",
            "module.vpc.aws_subnet.private",
            "module.vpc.aws_subnet.public",
            "module.vpc.aws_vpc.vpc"
          ]
        }
      ]
    },
    {
      "module": "module.vpc",
      "mode": "managed",
      "type": "aws_route_table_association",
      "name": "public",
      "provider": "provider[\"registry.terraform.io/hashicorp/aws\"]",
      "instances": [
        {
          "index_key": 0,
          "schema_version": 0,
          "attributes": {
            "gateway_id": "",
            "id": "rtbassoc-031b0f005412293c0",
            "route_table_id": "rtb-0cb77878943e66acd",
            "subnet_id": "subnet-09376e9b403278880",
            "timeouts": null
          },
          "sensitive_attributes": [],
          "private": "eyJlMmJmYjczMC1lY2FhLTExZTYtOGY4OC0zNDM2M2JjN2M0YzAiOnsiY3JlYXRlIjozMDAwMDAwMDAwMDAsImRlbGV0ZSI6MzAwMDAwMDAwMDAwLCJ1cGRhdGUiOjEyMDAwMDAwMDAwMH19",
          "dependencies": [
            "module.vpc.aws_internet_gateway.igw",
            "module.vpc.aws_route_table.public",
            "module.vpc.aws_subnet.public",
            "module.vpc.aws_vpc.vpc"
          ]
        },
        {
          "index_key": 1,
          "schema_version": 0,
          "attributes": {
            "gateway_id": "",
            "id": "rtbassoc-046fc5a83a28b2aab",
            "route_table_id": "rtb-0cb77878943e66acd",
            "subnet_id": "subnet-03670b5deb224b8da",
            "timeouts": null
          },
          "sensitive_attributes": [],
          "private": "eyJlMmJmYjczMC1lY2FhLTExZTYtOGY4OC0zNDM2M2JjN2M0YzAiOnsiY3JlYXRlIjozMDAwMDAwMDAwMDAsImRlbGV0ZSI6MzAwMDAwMDAwMDAwLCJ1cGRhdGUiOjEyMDAwMDAwMDAwMH19",
          "dependencies": [
            "module.vpc.aws_internet_gateway.igw",
            "module.vpc.aws_route_table.public",
            "module.vpc.aws_subnet.public",
            "module.vpc.aws_vpc.vpc"
          ]
        },
        {
          "index_key": 2,
          "schema_version": 0,
          "attributes": {
            "gateway_id": "",
            "id": "rtbassoc-0bac7326f288cac9b",
            "route_table_id": "rtb-0cb77878943e66acd",
            "subnet_id": "subnet-0ee144426f1803305",
            "timeouts": null
          },
          "sensitive_attributes": [],
          "private": "eyJlMmJmYjczMC1lY2FhLTExZTYtOGY4OC0zNDM2M2JjN2M0YzAiOnsiY3JlYXRlIjozMDAwMDAwMDAwMDAsImRlbGV0ZSI6MzAwMDAwMDAwMDAwLCJ1cGRhdGUiOjEyMDAwMDAwMDAwMH19",
          "dependencies": [
            "module.vpc.aws_internet_gateway.igw",
            "module.vpc.aws_route_table.public",
            "module.vpc.aws_subnet.public",
            "module.vpc.aws_vpc.vpc"
          ]
        }
      ]
    },
    {
      "module": "module.vpc",
      "mode": "managed",
      "type": "aws_security_group",
      "name": "sg",
      "provider": "provider[\"registry.terraform.io/hashicorp/aws\"]",
      "instances": [
        {
          "index_key": "dataplatform-kr-prod-rds-sg",
          "schema_version": 1,
          "attributes": {
            "arn": "arn:aws:ec2:ap-northeast-1:386147755255:security-group/sg-0b9035709fd4801f4",
            "description": "security group for rds",
            "egress": [
              {
                "cidr_blocks": [
                  "0.0.0.0/0"
                ],
                "description": "Allow all outbound traffic",
                "from_port": 0,
                "ipv6_cidr_blocks": [],
                "prefix_list_ids": [],
                "protocol": "-1",
                "security_groups": [],
                "self": false,
                "to_port": 0
              }
            ],
            "id": "sg-0b9035709fd4801f4",
            "ingress": [
              {
                "cidr_blocks": [
                  "121.134.221.250/32"
                ],
                "description": "Allow inbound traffic from seoul office public IP on specfieid port",
                "from_port": 3306,
                "ipv6_cidr_blocks": [],
                "prefix_list_ids": [],
                "protocol": "tcp",
                "security_groups": [],
                "self": false,
                "to_port": 3306
              }
            ],
            "name": "dataplatform-kr-prod-rds-sg",
            "name_prefix": "",
            "owner_id": "386147755255",
            "revoke_rules_on_delete": false,
            "tags": {
              "Name": "dataplatform-kr-prod-rds-sg"
            },
            "tags_all": {
              "Environment": "prod",
              "Maintainer": "devops",
              "Name": "dataplatform-kr-prod-rds-sg",
              "Repository": "terraform-from-scratch",
              "Terraform": "true"
            },
            "timeouts": null,
            "vpc_id": "vpc-01f108ae18180d007"
          },
          "sensitive_attributes": [],
          "private": "eyJlMmJmYjczMC1lY2FhLTExZTYtOGY4OC0zNDM2M2JjN2M0YzAiOnsiY3JlYXRlIjo2MDAwMDAwMDAwMDAsImRlbGV0ZSI6OTAwMDAwMDAwMDAwfSwic2NoZW1hX3ZlcnNpb24iOiIxIn0=",
          "dependencies": [
            "module.vpc.aws_vpc.vpc"
          ]
        },
        {
          "index_key": "test-sg",
          "schema_version": 1,
          "attributes": {
            "arn": "arn:aws:ec2:ap-northeast-1:386147755255:security-group/sg-0720c3beb4e15ba3a",
            "description": "this is a test sg and will be deleted shortly",
            "egress": [
              {
                "cidr_blocks": [
                  "0.0.0.0/0"
                ],
                "description": "Allow all outbound traffic",
                "from_port": 0,
                "ipv6_cidr_blocks": [],
                "prefix_list_ids": [],
                "protocol": "-1",
                "security_groups": [],
                "self": false,
                "to_port": 0
              }
            ],
            "id": "sg-0720c3beb4e15ba3a",
            "ingress": [
              {
                "cidr_blocks": [
                  "0.0.0.0/0"
                ],
                "description": "Allow all inbound traffic on specified port",
                "from_port": 80,
                "ipv6_cidr_blocks": [],
                "prefix_list_ids": [],
                "protocol": "tcp",
                "security_groups": [],
                "self": false,
                "to_port": 80
              },
              {
                "cidr_blocks": [
                  "121.134.221.250/32"
                ],
                "description": "Allow SSH from specified ip",
                "from_port": 22,
                "ipv6_cidr_blocks": [],
                "prefix_list_ids": [],
                "protocol": "tcp",
                "security_groups": [],
                "self": false,
                "to_port": 22
              }
            ],
            "name": "test-sg",
            "name_prefix": "",
            "owner_id": "386147755255",
            "revoke_rules_on_delete": false,
            "tags": {
              "Name": "test-sg"
            },
            "tags_all": {
              "Environment": "prod",
              "Maintainer": "devops",
              "Name": "test-sg",
              "Repository": "terraform-from-scratch",
              "Terraform": "true"
            },
            "timeouts": null,
            "vpc_id": "vpc-01f108ae18180d007"
          },
          "sensitive_attributes": [],
          "private": "eyJlMmJmYjczMC1lY2FhLTExZTYtOGY4OC0zNDM2M2JjN2M0YzAiOnsiY3JlYXRlIjo2MDAwMDAwMDAwMDAsImRlbGV0ZSI6OTAwMDAwMDAwMDAwfSwic2NoZW1hX3ZlcnNpb24iOiIxIn0=",
          "dependencies": [
            "module.vpc.aws_vpc.vpc"
          ]
        },
        {
          "index_key": "test-sg2",
          "schema_version": 1,
          "attributes": {
            "arn": "arn:aws:ec2:ap-northeast-1:386147755255:security-group/sg-0f865d9fbc61efa93",
            "description": "this is a test sg2 and will be deleted shortly",
            "egress": [
              {
                "cidr_blocks": [
                  "0.0.0.0/0"
                ],
                "description": "Allow all outbound traffic",
                "from_port": 0,
                "ipv6_cidr_blocks": [],
                "prefix_list_ids": [],
                "protocol": "-1",
                "security_groups": [],
                "self": false,
                "to_port": 0
              }
            ],
            "id": "sg-0f865d9fbc61efa93",
            "ingress": [],
            "name": "test-sg2",
            "name_prefix": "",
            "owner_id": "386147755255",
            "revoke_rules_on_delete": false,
            "tags": {
              "Name": "test-sg2"
            },
            "tags_all": {
              "Environment": "prod",
              "Maintainer": "devops",
              "Name": "test-sg2",
              "Repository": "terraform-from-scratch",
              "Terraform": "true"
            },
            "timeouts": null,
            "vpc_id": "vpc-01f108ae18180d007"
          },
          "sensitive_attributes": [],
          "private": "eyJlMmJmYjczMC1lY2FhLTExZTYtOGY4OC0zNDM2M2JjN2M0YzAiOnsiY3JlYXRlIjo2MDAwMDAwMDAwMDAsImRlbGV0ZSI6OTAwMDAwMDAwMDAwfSwic2NoZW1hX3ZlcnNpb24iOiIxIn0=",
          "dependencies": [
            "module.vpc.aws_vpc.vpc"
          ]
        }
      ]
    },
    {
      "module": "module.vpc",
      "mode": "managed",
      "type": "aws_security_group_rule",
      "name": "sg_rule",
      "provider": "provider[\"registry.terraform.io/hashicorp/aws\"]",
      "instances": [
        {
          "index_key": "dataplatform-kr-prod-rds-sg",
          "schema_version": 2,
          "attributes": {
            "cidr_blocks": [
              "121.134.221.250/32"
            ],
            "description": "Allow inbound traffic from seoul office public IP on specfieid port",
            "from_port": 3306,
            "id": "sgrule-2861806579",
            "ipv6_cidr_blocks": null,
            "prefix_list_ids": null,
            "protocol": "tcp",
            "security_group_id": "sg-0b9035709fd4801f4",
            "security_group_rule_id": "sgr-05fb910159b11e6ee",
            "self": false,
            "source_security_group_id": null,
            "timeouts": null,
            "to_port": 3306,
            "type": "ingress"
          },
          "sensitive_attributes": [],
          "private": "eyJlMmJmYjczMC1lY2FhLTExZTYtOGY4OC0zNDM2M2JjN2M0YzAiOnsiY3JlYXRlIjozMDAwMDAwMDAwMDB9LCJzY2hlbWFfdmVyc2lvbiI6IjIifQ==",
          "dependencies": [
            "module.vpc.aws_security_group.sg",
            "module.vpc.aws_vpc.vpc"
          ]
        },
        {
          "index_key": "test-sg1",
          "schema_version": 2,
          "attributes": {
            "cidr_blocks": [
              "121.134.221.250/32"
            ],
            "description": "Allow SSH from specified ip",
            "from_port": 22,
            "id": "sgrule-1110328510",
            "ipv6_cidr_blocks": null,
            "prefix_list_ids": null,
            "protocol": "tcp",
            "security_group_id": "sg-0720c3beb4e15ba3a",
            "security_group_rule_id": "sgr-01e42a39653aba068",
            "self": false,
            "source_security_group_id": null,
            "timeouts": null,
            "to_port": 22,
            "type": "ingress"
          },
          "sensitive_attributes": [],
          "private": "eyJlMmJmYjczMC1lY2FhLTExZTYtOGY4OC0zNDM2M2JjN2M0YzAiOnsiY3JlYXRlIjozMDAwMDAwMDAwMDB9LCJzY2hlbWFfdmVyc2lvbiI6IjIifQ==",
          "dependencies": [
            "module.vpc.aws_security_group.sg",
            "module.vpc.aws_vpc.vpc"
          ]
        },
        {
          "index_key": "test-sg2",
          "schema_version": 2,
          "attributes": {
            "cidr_blocks": [
              "0.0.0.0/0"
            ],
            "description": "Allow all inbound traffic on specified port",
            "from_port": 80,
            "id": "sgrule-705951645",
            "ipv6_cidr_blocks": null,
            "prefix_list_ids": null,
            "protocol": "tcp",
            "security_group_id": "sg-0720c3beb4e15ba3a",
            "security_group_rule_id": "sgr-0697f4de50e2d1bc3",
            "self": false,
            "source_security_group_id": null,
            "timeouts": null,
            "to_port": 80,
            "type": "ingress"
          },
          "sensitive_attributes": [],
          "private": "eyJlMmJmYjczMC1lY2FhLTExZTYtOGY4OC0zNDM2M2JjN2M0YzAiOnsiY3JlYXRlIjozMDAwMDAwMDAwMDB9LCJzY2hlbWFfdmVyc2lvbiI6IjIifQ==",
          "dependencies": [
            "module.vpc.aws_security_group.sg",
            "module.vpc.aws_vpc.vpc"
          ]
        }
      ]
    },
    {
      "module": "module.vpc",
      "mode": "managed",
      "type": "aws_subnet",
      "name": "private",
      "provider": "provider[\"registry.terraform.io/hashicorp/aws\"]",
      "instances": [
        {
          "index_key": 0,
          "schema_version": 1,
          "attributes": {
            "arn": "arn:aws:ec2:ap-northeast-1:386147755255:subnet/subnet-02ee4495875d45c36",
            "assign_ipv6_address_on_creation": false,
            "availability_zone": "ap-northeast-1a",
            "availability_zone_id": "apne1-az4",
            "cidr_block": "10.180.20.0/24",
            "customer_owned_ipv4_pool": "",
            "enable_dns64": false,
            "enable_lni_at_device_index": 0,
            "enable_resource_name_dns_a_record_on_launch": false,
            "enable_resource_name_dns_aaaa_record_on_launch": false,
            "id": "subnet-02ee4495875d45c36",
            "ipv6_cidr_block": "",
            "ipv6_cidr_block_association_id": "",
            "ipv6_native": false,
            "map_customer_owned_ip_on_launch": false,
            "map_public_ip_on_launch": false,
            "outpost_arn": "",
            "owner_id": "386147755255",
            "private_dns_hostname_type_on_launch": "ip-name",
            "tags": {
              "Identifier": "private",
              "Name": "dataplatform-kr-prod-private-sn-a"
            },
            "tags_all": {
              "Environment": "prod",
              "Identifier": "private",
              "Maintainer": "devops",
              "Name": "dataplatform-kr-prod-private-sn-a",
              "Repository": "terraform-from-scratch",
              "Terraform": "true"
            },
            "timeouts": null,
            "vpc_id": "vpc-01f108ae18180d007"
          },
          "sensitive_attributes": [],
          "private": "eyJlMmJmYjczMC1lY2FhLTExZTYtOGY4OC0zNDM2M2JjN2M0YzAiOnsiY3JlYXRlIjo2MDAwMDAwMDAwMDAsImRlbGV0ZSI6MTIwMDAwMDAwMDAwMH0sInNjaGVtYV92ZXJzaW9uIjoiMSJ9",
          "dependencies": [
            "module.vpc.aws_vpc.vpc"
          ]
        },
        {
          "index_key": 1,
          "schema_version": 1,
          "attributes": {
            "arn": "arn:aws:ec2:ap-northeast-1:386147755255:subnet/subnet-019200e0665369cb6",
            "assign_ipv6_address_on_creation": false,
            "availability_zone": "ap-northeast-1c",
            "availability_zone_id": "apne1-az1",
            "cidr_block": "10.180.40.0/24",
            "customer_owned_ipv4_pool": "",
            "enable_dns64": false,
            "enable_lni_at_device_index": 0,
            "enable_resource_name_dns_a_record_on_launch": false,
            "enable_resource_name_dns_aaaa_record_on_launch": false,
            "id": "subnet-019200e0665369cb6",
            "ipv6_cidr_block": "",
            "ipv6_cidr_block_association_id": "",
            "ipv6_native": false,
            "map_customer_owned_ip_on_launch": false,
            "map_public_ip_on_launch": false,
            "outpost_arn": "",
            "owner_id": "386147755255",
            "private_dns_hostname_type_on_launch": "ip-name",
            "tags": {
              "Identifier": "private",
              "Name": "dataplatform-kr-prod-private-sn-c"
            },
            "tags_all": {
              "Environment": "prod",
              "Identifier": "private",
              "Maintainer": "devops",
              "Name": "dataplatform-kr-prod-private-sn-c",
              "Repository": "terraform-from-scratch",
              "Terraform": "true"
            },
            "timeouts": null,
            "vpc_id": "vpc-01f108ae18180d007"
          },
          "sensitive_attributes": [],
          "private": "eyJlMmJmYjczMC1lY2FhLTExZTYtOGY4OC0zNDM2M2JjN2M0YzAiOnsiY3JlYXRlIjo2MDAwMDAwMDAwMDAsImRlbGV0ZSI6MTIwMDAwMDAwMDAwMH0sInNjaGVtYV92ZXJzaW9uIjoiMSJ9",
          "dependencies": [
            "module.vpc.aws_vpc.vpc"
          ]
        },
        {
          "index_key": 2,
          "schema_version": 1,
          "attributes": {
            "arn": "arn:aws:ec2:ap-northeast-1:386147755255:subnet/subnet-0a6a5953e90434a8c",
            "assign_ipv6_address_on_creation": false,
            "availability_zone": "ap-northeast-1d",
            "availability_zone_id": "apne1-az2",
            "cidr_block": "10.180.60.0/24",
            "customer_owned_ipv4_pool": "",
            "enable_dns64": false,
            "enable_lni_at_device_index": 0,
            "enable_resource_name_dns_a_record_on_launch": false,
            "enable_resource_name_dns_aaaa_record_on_launch": false,
            "id": "subnet-0a6a5953e90434a8c",
            "ipv6_cidr_block": "",
            "ipv6_cidr_block_association_id": "",
            "ipv6_native": false,
            "map_customer_owned_ip_on_launch": false,
            "map_public_ip_on_launch": false,
            "outpost_arn": "",
            "owner_id": "386147755255",
            "private_dns_hostname_type_on_launch": "ip-name",
            "tags": {
              "Identifier": "private",
              "Name": "dataplatform-kr-prod-private-sn-d"
            },
            "tags_all": {
              "Environment": "prod",
              "Identifier": "private",
              "Maintainer": "devops",
              "Name": "dataplatform-kr-prod-private-sn-d",
              "Repository": "terraform-from-scratch",
              "Terraform": "true"
            },
            "timeouts": null,
            "vpc_id": "vpc-01f108ae18180d007"
          },
          "sensitive_attributes": [],
          "private": "eyJlMmJmYjczMC1lY2FhLTExZTYtOGY4OC0zNDM2M2JjN2M0YzAiOnsiY3JlYXRlIjo2MDAwMDAwMDAwMDAsImRlbGV0ZSI6MTIwMDAwMDAwMDAwMH0sInNjaGVtYV92ZXJzaW9uIjoiMSJ9",
          "dependencies": [
            "module.vpc.aws_vpc.vpc"
          ]
        }
      ]
    },
    {
      "module": "module.vpc",
      "mode": "managed",
      "type": "aws_subnet",
      "name": "public",
      "provider": "provider[\"registry.terraform.io/hashicorp/aws\"]",
      "instances": [
        {
          "index_key": 0,
          "schema_version": 1,
          "attributes": {
            "arn": "arn:aws:ec2:ap-northeast-1:386147755255:subnet/subnet-09376e9b403278880",
            "assign_ipv6_address_on_creation": false,
            "availability_zone": "ap-northeast-1a",
            "availability_zone_id": "apne1-az4",
            "cidr_block": "10.180.10.0/24",
            "customer_owned_ipv4_pool": "",
            "enable_dns64": false,
            "enable_lni_at_device_index": 0,
            "enable_resource_name_dns_a_record_on_launch": false,
            "enable_resource_name_dns_aaaa_record_on_launch": false,
            "id": "subnet-09376e9b403278880",
            "ipv6_cidr_block": "",
            "ipv6_cidr_block_association_id": "",
            "ipv6_native": false,
            "map_customer_owned_ip_on_launch": false,
            "map_public_ip_on_launch": true,
            "outpost_arn": "",
            "owner_id": "386147755255",
            "private_dns_hostname_type_on_launch": "ip-name",
            "tags": {
              "Identifier": "public",
              "Name": "dataplatform-kr-prod-public-sn-a"
            },
            "tags_all": {
              "Environment": "prod",
              "Identifier": "public",
              "Maintainer": "devops",
              "Name": "dataplatform-kr-prod-public-sn-a",
              "Repository": "terraform-from-scratch",
              "Terraform": "true"
            },
            "timeouts": null,
            "vpc_id": "vpc-01f108ae18180d007"
          },
          "sensitive_attributes": [],
          "private": "eyJlMmJmYjczMC1lY2FhLTExZTYtOGY4OC0zNDM2M2JjN2M0YzAiOnsiY3JlYXRlIjo2MDAwMDAwMDAwMDAsImRlbGV0ZSI6MTIwMDAwMDAwMDAwMH0sInNjaGVtYV92ZXJzaW9uIjoiMSJ9",
          "dependencies": [
            "module.vpc.aws_vpc.vpc"
          ]
        },
        {
          "index_key": 1,
          "schema_version": 1,
          "attributes": {
            "arn": "arn:aws:ec2:ap-northeast-1:386147755255:subnet/subnet-03670b5deb224b8da",
            "assign_ipv6_address_on_creation": false,
            "availability_zone": "ap-northeast-1c",
            "availability_zone_id": "apne1-az1",
            "cidr_block": "10.180.30.0/24",
            "customer_owned_ipv4_pool": "",
            "enable_dns64": false,
            "enable_lni_at_device_index": 0,
            "enable_resource_name_dns_a_record_on_launch": false,
            "enable_resource_name_dns_aaaa_record_on_launch": false,
            "id": "subnet-03670b5deb224b8da",
            "ipv6_cidr_block": "",
            "ipv6_cidr_block_association_id": "",
            "ipv6_native": false,
            "map_customer_owned_ip_on_launch": false,
            "map_public_ip_on_launch": true,
            "outpost_arn": "",
            "owner_id": "386147755255",
            "private_dns_hostname_type_on_launch": "ip-name",
            "tags": {
              "Identifier": "public",
              "Name": "dataplatform-kr-prod-public-sn-c"
            },
            "tags_all": {
              "Environment": "prod",
              "Identifier": "public",
              "Maintainer": "devops",
              "Name": "dataplatform-kr-prod-public-sn-c",
              "Repository": "terraform-from-scratch",
              "Terraform": "true"
            },
            "timeouts": null,
            "vpc_id": "vpc-01f108ae18180d007"
          },
          "sensitive_attributes": [],
          "private": "eyJlMmJmYjczMC1lY2FhLTExZTYtOGY4OC0zNDM2M2JjN2M0YzAiOnsiY3JlYXRlIjo2MDAwMDAwMDAwMDAsImRlbGV0ZSI6MTIwMDAwMDAwMDAwMH0sInNjaGVtYV92ZXJzaW9uIjoiMSJ9",
          "dependencies": [
            "module.vpc.aws_vpc.vpc"
          ]
        },
        {
          "index_key": 2,
          "schema_version": 1,
          "attributes": {
            "arn": "arn:aws:ec2:ap-northeast-1:386147755255:subnet/subnet-0ee144426f1803305",
            "assign_ipv6_address_on_creation": false,
            "availability_zone": "ap-northeast-1d",
            "availability_zone_id": "apne1-az2",
            "cidr_block": "10.180.50.0/24",
            "customer_owned_ipv4_pool": "",
            "enable_dns64": false,
            "enable_lni_at_device_index": 0,
            "enable_resource_name_dns_a_record_on_launch": false,
            "enable_resource_name_dns_aaaa_record_on_launch": false,
            "id": "subnet-0ee144426f1803305",
            "ipv6_cidr_block": "",
            "ipv6_cidr_block_association_id": "",
            "ipv6_native": false,
            "map_customer_owned_ip_on_launch": false,
            "map_public_ip_on_launch": true,
            "outpost_arn": "",
            "owner_id": "386147755255",
            "private_dns_hostname_type_on_launch": "ip-name",
            "tags": {
              "Identifier": "public",
              "Name": "dataplatform-kr-prod-public-sn-d"
            },
            "tags_all": {
              "Environment": "prod",
              "Identifier": "public",
              "Maintainer": "devops",
              "Name": "dataplatform-kr-prod-public-sn-d",
              "Repository": "terraform-from-scratch",
              "Terraform": "true"
            },
            "timeouts": null,
            "vpc_id": "vpc-01f108ae18180d007"
          },
          "sensitive_attributes": [],
          "private": "eyJlMmJmYjczMC1lY2FhLTExZTYtOGY4OC0zNDM2M2JjN2M0YzAiOnsiY3JlYXRlIjo2MDAwMDAwMDAwMDAsImRlbGV0ZSI6MTIwMDAwMDAwMDAwMH0sInNjaGVtYV92ZXJzaW9uIjoiMSJ9",
          "dependencies": [
            "module.vpc.aws_vpc.vpc"
          ]
        }
      ]
    },
    {
      "module": "module.vpc",
      "mode": "managed",
      "type": "aws_vpc",
      "name": "vpc",
      "provider": "provider[\"registry.terraform.io/hashicorp/aws\"]",
      "instances": [
        {
          "schema_version": 1,
          "attributes": {
            "arn": "arn:aws:ec2:ap-northeast-1:386147755255:vpc/vpc-01f108ae18180d007",
            "assign_generated_ipv6_cidr_block": false,
            "cidr_block": "10.180.0.0/16",
            "default_network_acl_id": "acl-013403c5927cd0253",
            "default_route_table_id": "rtb-0eb20d6556a488935",
            "default_security_group_id": "sg-094a0c21d61d579e9",
            "dhcp_options_id": "dopt-0a5897b4d4ee493a7",
            "enable_classiclink": false,
            "enable_classiclink_dns_support": false,
            "enable_dns_hostnames": true,
            "enable_dns_support": true,
            "enable_network_address_usage_metrics": false,
            "id": "vpc-01f108ae18180d007",
            "instance_tenancy": "default",
            "ipv4_ipam_pool_id": null,
            "ipv4_netmask_length": null,
            "ipv6_association_id": "",
            "ipv6_cidr_block": "",
            "ipv6_cidr_block_network_border_group": "",
            "ipv6_ipam_pool_id": "",
            "ipv6_netmask_length": 0,
            "main_route_table_id": "rtb-0eb20d6556a488935",
            "owner_id": "386147755255",
            "tags": {
              "Name": "dataplatform-kr-prod-workload-vpc"
            },
            "tags_all": {
              "Environment": "prod",
              "Maintainer": "devops",
              "Name": "dataplatform-kr-prod-workload-vpc",
              "Repository": "terraform-from-scratch",
              "Terraform": "true"
            }
          },
          "sensitive_attributes": [],
          "private": "eyJzY2hlbWFfdmVyc2lvbiI6IjEifQ=="
        }
      ]
    },
    {
      "module": "module.vpc",
      "mode": "managed",
      "type": "aws_vpn_gateway",
      "name": "vgw",
      "provider": "provider[\"registry.terraform.io/hashicorp/aws\"]",
      "instances": [
        {
          "schema_version": 0,
          "attributes": {
            "amazon_side_asn": "64512",
            "arn": "arn:aws:ec2:ap-northeast-1:386147755255:vpn-gateway/vgw-0d85da087f5d6066d",
            "availability_zone": null,
            "id": "vgw-0d85da087f5d6066d",
            "tags": {
              "Name": "dataplatform-kr-prod-workload-vgw"
            },
            "tags_all": {
              "Environment": "prod",
              "Maintainer": "devops",
              "Name": "dataplatform-kr-prod-workload-vgw",
              "Repository": "terraform-from-scratch",
              "Terraform": "true"
            },
            "vpc_id": "vpc-01f108ae18180d007"
          },
          "sensitive_attributes": [],
          "private": "bnVsbA==",
          "dependencies": [
            "module.vpc.aws_vpc.vpc"
          ]
        }
      ]
    }
  ],
  "check_results": null
}
