{
  "version": 4,
  "terraform_version": "1.4.6",
  "serial": 709,
  "lineage": "28c269b1-47ed-9c54-3f50-fe7a11d485fe",
  "outputs": {},
  "resources": [
    {
      "module": "module.ec2",
      "mode": "managed",
      "type": "aws_ebs_volume",
      "name": "ebs",
      "provider": "provider[\"registry.terraform.io/hashicorp/aws\"]",
      "instances": [
        {
          "index_key": 0,
          "schema_version": 0,
          "attributes": {
            "arn": "arn:aws:ec2:ap-northeast-1:386147755255:volume/vol-0e3cc5d6981838243",
            "availability_zone": "ap-northeast-1a",
            "encrypted": true,
            "final_snapshot": false,
            "id": "vol-0e3cc5d6981838243",
            "iops": 3000,
            "kms_key_id": "arn:aws:kms:ap-northeast-1:386147755255:key/ba3e291c-1255-43a5-bf90-bd2c316eb51c",
            "multi_attach_enabled": false,
            "outpost_arn": "",
            "size": 30,
            "snapshot_id": "",
            "tags": {
              "Name": "test-ec2-data"
            },
            "tags_all": {
              "Environment": "prod",
              "Maintainer": "devops",
              "Name": "test-ec2-data",
              "Repository": "terraform-from-scratch",
              "Terraform": "true"
            },
            "throughput": 125,
            "timeouts": null,
            "type": "gp3"
          },
          "sensitive_attributes": [],
          "private": "eyJlMmJmYjczMC1lY2FhLTExZTYtOGY4OC0zNDM2M2JjN2M0YzAiOnsiY3JlYXRlIjozMDAwMDAwMDAwMDAsImRlbGV0ZSI6MzAwMDAwMDAwMDAwLCJ1cGRhdGUiOjMwMDAwMDAwMDAwMH19"
        }
      ]
    },
    {
      "module": "module.ec2",
      "mode": "managed",
      "type": "aws_instance",
      "name": "ec2",
      "provider": "provider[\"registry.terraform.io/hashicorp/aws\"]",
      "instances": [
        {
          "index_key": 0,
          "schema_version": 1,
          "attributes": {
            "ami": "ami-0cfc97bf81f2eadc4",
            "arn": "arn:aws:ec2:ap-northeast-1:386147755255:instance/i-05dc4a1593a199a3a",
            "associate_public_ip_address": true,
            "availability_zone": "ap-northeast-1a",
            "capacity_reservation_specification": [
              {
                "capacity_reservation_preference": "open",
                "capacity_reservation_target": []
              }
            ],
            "cpu_core_count": 1,
            "cpu_threads_per_core": 1,
            "credit_specification": [
              {
                "cpu_credits": "standard"
              }
            ],
            "disable_api_stop": false,
            "disable_api_termination": false,
            "ebs_block_device": [],
            "ebs_optimized": false,
            "enclave_options": [
              {
                "enabled": false
              }
            ],
            "ephemeral_block_device": [],
            "get_password_data": false,
            "hibernation": false,
            "host_id": "",
            "host_resource_group_arn": null,
            "iam_instance_profile": "",
            "id": "i-05dc4a1593a199a3a",
            "instance_initiated_shutdown_behavior": "stop",
            "instance_state": "running",
            "instance_type": "t2.micro",
            "ipv6_address_count": 0,
            "ipv6_addresses": [],
            "key_name": "test",
            "launch_template": [],
            "maintenance_options": [
              {
                "auto_recovery": "default"
              }
            ],
            "metadata_options": [
              {
                "http_endpoint": "enabled",
                "http_put_response_hop_limit": 2,
                "http_tokens": "required",
                "instance_metadata_tags": "disabled"
              }
            ],
            "monitoring": true,
            "network_interface": [],
            "outpost_arn": "",
            "password_data": "",
            "placement_group": "",
            "placement_partition_number": 0,
            "primary_network_interface_id": "eni-07b6fcdb5e011ea9a",
            "private_dns": "ip-10-180-10-252.ap-northeast-1.compute.internal",
            "private_dns_name_options": [
              {
                "enable_resource_name_dns_a_record": false,
                "enable_resource_name_dns_aaaa_record": false,
                "hostname_type": "ip-name"
              }
            ],
            "private_ip": "10.180.10.252",
            "public_dns": "ec2-43-206-223-68.ap-northeast-1.compute.amazonaws.com",
            "public_ip": "43.206.223.68",
            "root_block_device": [
              {
                "delete_on_termination": true,
                "device_name": "/dev/xvda",
                "encrypted": true,
                "iops": 3000,
                "kms_key_id": "arn:aws:kms:ap-northeast-1:386147755255:key/ba3e291c-1255-43a5-bf90-bd2c316eb51c",
                "tags": {
                  "Name": "test-ec2-root"
                },
                "throughput": 125,
                "volume_id": "vol-0f6507e96aaee7c47",
                "volume_size": 10,
                "volume_type": "gp3"
              }
            ],
            "secondary_private_ips": [],
            "security_groups": [],
            "source_dest_check": true,
            "subnet_id": "subnet-0db6575f7692e3eee",
            "tags": {
              "Name": "test-ec2"
            },
            "tags_all": {
              "Environment": "prod",
              "Maintainer": "devops",
              "Name": "test-ec2",
              "Repository": "terraform-from-scratch",
              "Terraform": "true"
            },
            "tenancy": "default",
            "timeouts": null,
            "user_data": null,
            "user_data_base64": null,
            "user_data_replace_on_change": false,
            "volume_tags": null,
            "vpc_security_group_ids": [
              "sg-0ab182acd9b03a1d0"
            ]
          },
          "sensitive_attributes": [],
          "private": "eyJlMmJmYjczMC1lY2FhLTExZTYtOGY4OC0zNDM2M2JjN2M0YzAiOnsiY3JlYXRlIjo2MDAwMDAwMDAwMDAsImRlbGV0ZSI6MTIwMDAwMDAwMDAwMCwidXBkYXRlIjo2MDAwMDAwMDAwMDB9LCJzY2hlbWFfdmVyc2lvbiI6IjEifQ==",
          "dependencies": [
            "module.vpc.aws_security_group.sg",
            "module.vpc.aws_subnet.public",
            "module.vpc.aws_vpc.vpc"
          ]
        }
      ]
    },
    {
      "module": "module.ec2",
      "mode": "managed",
      "type": "aws_key_pair",
      "name": "key",
      "provider": "provider[\"registry.terraform.io/hashicorp/aws\"]",
      "instances": [
        {
          "index_key": 0,
          "schema_version": 1,
          "attributes": {
            "arn": "arn:aws:ec2:ap-northeast-1:386147755255:key-pair/test",
            "fingerprint": "8c:52:39:a4:5e:5c:dc:f0:2a:43:a0:56:54:b6:4d:db",
            "id": "test",
            "key_name": "test",
            "key_name_prefix": "",
            "key_pair_id": "key-0380b3e26542ae134",
            "key_type": "rsa",
            "public_key": "ssh-rsa AAAAB3NzaC1yc2EAAAADAQABAAACAQC43QoOnpffTlA+KDQKJq2lgohoCk1Se1xJarLBPL9G9mvRDfyF7dtXxBzZirVn67MA4legEOQCJIfn3CDD/hZVrsps/z4vpd1Wcb5LIIFrKoT3mgSbjj4Vo2+LYpea5F3FtZfqW/Ex5mRJ0ZcNwyhvBPaEJnL5yAfPIE2UvSE/bqbGd5wfmcCw0VWPTrD5EWtEr28sCU1XVYjo7ZWZgRbDINMXDoWjnFxRfSgfwDxt3isS02xmXU2Wrs77aTYmRmWDykcoNW3nwrCb+V9vhhniOLP0Tx5/cCO5UfLW+o6ZRiDURUVgnBa9Lizt8Rn8u9ZSogYW+2vQbPKi2gSvR4vBGD6K00iqVkYI/9CIln87m5FbOLLvGls+f6ampGfOJx1ROJ0wSg8wl3EtPBKdFQXkNNbn67P9wp3LNm+rJeLFQV59qWOxGwtIP7JbZiU6d5G8ad1OS4qBpNNrYB1G0xHSNhGtDb02L4qZq13MeslYksmWMX7XGx6WVhvBN28nFPm+TxmXxpoMc8Iv9+t9Oiyqxu6X6lm8F6GBPZbmelWVotGjXVE0jNxGmv8nf3sHNbd6UnKwziyksHveF2kQUkKptD9kQ6HFPEYooI8+GcowKzs7znex9VH+8bfSqrj6iff/S2vGKC3u9VRWGtpysEu5Txe9NzbftsHrF4rftM6viw== r00273@USERui-MacBookPro.local",
            "tags": {
              "Name": "test"
            },
            "tags_all": {
              "Environment": "prod",
              "Maintainer": "devops",
              "Name": "test",
              "Repository": "terraform-from-scratch",
              "Terraform": "true"
            }
          },
          "sensitive_attributes": [],
          "private": "eyJzY2hlbWFfdmVyc2lvbiI6IjEifQ=="
        }
      ]
    },
    {
      "module": "module.ec2",
      "mode": "managed",
      "type": "aws_volume_attachment",
      "name": "ebs_attc",
      "provider": "provider[\"registry.terraform.io/hashicorp/aws\"]",
      "instances": [
        {
          "index_key": 0,
          "schema_version": 0,
          "attributes": {
            "device_name": "/dev/sdf",
            "force_detach": null,
            "id": "vai-51367602",
            "instance_id": "i-05dc4a1593a199a3a",
            "skip_destroy": null,
            "stop_instance_before_detaching": null,
            "timeouts": null,
            "volume_id": "vol-0e3cc5d6981838243"
          },
          "sensitive_attributes": [],
          "private": "eyJlMmJmYjczMC1lY2FhLTExZTYtOGY4OC0zNDM2M2JjN2M0YzAiOnsiY3JlYXRlIjozMDAwMDAwMDAwMDAsImRlbGV0ZSI6MzAwMDAwMDAwMDAwfX0=",
          "dependencies": [
            "module.ec2.aws_ebs_volume.ebs",
            "module.ec2.aws_instance.ec2",
            "module.vpc.aws_security_group.sg",
            "module.vpc.aws_subnet.public",
            "module.vpc.aws_vpc.vpc"
          ]
        }
      ]
    },
    {
      "module": "module.eks",
      "mode": "managed",
      "type": "aws_eks_cluster",
      "name": "cluster",
      "provider": "provider[\"registry.terraform.io/hashicorp/aws\"]",
      "instances": [
        {
          "index_key": 0,
          "schema_version": 0,
          "attributes": {
            "arn": "arn:aws:eks:ap-northeast-1:386147755255:cluster/test-eks-cluster",
            "certificate_authority": [
              {
                "data": "LS0tLS1CRUdJTiBDRVJUSUZJQ0FURS0tLS0tCk1JSUMvakNDQWVhZ0F3SUJBZ0lCQURBTkJna3Foa2lHOXcwQkFRc0ZBREFWTVJNd0VRWURWUVFERXdwcmRXSmwKY201bGRHVnpNQjRYRFRJek1EY3dOakExTVRnME1Wb1hEVE16TURjd016QTFNVGcwTVZvd0ZURVRNQkVHQTFVRQpBeE1LYTNWaVpYSnVaWFJsY3pDQ0FTSXdEUVlKS29aSWh2Y05BUUVCQlFBRGdnRVBBRENDQVFvQ2dnRUJBTWkwCnZSdDh5enJBTEZHbFRSdjN1SVdPcVIzdW1xZVFpMmFyU1VraHJFdUx4RE5CK2djaDVHNUJ3akhCbGVvNGJ3R08KNDdqN1gwNkdiUmxXeVEzWlpxdkNrV1RVZGJZd2VPMEFhTGFYNTk3bHNXUUJSdDYzWUhmeXR0TndVclZFdXVKNApXOFFuRWJlSldiN1ZnUTlXNVpodTNsc3BtOG43aGVaWUlrSWdMTWlLQndsb0ZFeTJrTzVkUTJjYytqamIxVkZBCjlDbnNaQ1pXdDdTY0o4dVAvT3J5UzB5aHpWS1ZTS0pkOHA4V1ltVXRDZDkzbnFxcDFsNnlGSFMyVVJvdDh4MXcKRkgyWko4V0w2b0NqRkU2dzVRYmtKVXNGaFBRWWhzQVQvck1RUWk2T0ltN1k3aUJ3MHFTbDEyMGRXNlZTR1kxagp1TGFqU2xVWm85MzlmRzV3T2djQ0F3RUFBYU5aTUZjd0RnWURWUjBQQVFIL0JBUURBZ0trTUE4R0ExVWRFd0VCCi93UUZNQU1CQWY4d0hRWURWUjBPQkJZRUZEVGFLUG9mSGRFNGhxWU5ETko1ZllHMUk2VHBNQlVHQTFVZEVRUU8KTUF5Q0NtdDFZbVZ5Ym1WMFpYTXdEUVlKS29aSWh2Y05BUUVMQlFBRGdnRUJBSk1oYWdXeU9mZzIvVlFpNU50dQpwL1BGVUVka1hzRDc5NW5xN3Vxcm84dy9wZFVNa0d5SEtmUm9CTVRxMXUzVmRZWVl2Z1p5NDI0UHZWUitMYUtECmVKckdVa0RKeTI1V24wVmFHaTlVUHNYM1VYbzQybVNLUHFqZWxKZkxMWUdKZDRlTTBJaE5jcU53clpiTk5hQm0Ka0RYc0ZZTU9FZXU0alRUNXpPb0lPZzJBdkhOWmF0Uy9vMmsrWVhNdWRsdW1sNjVJZ2Z5QmtlcWR6VnMwRlB4SgpRK0pNbTMxZTI4aHRXNnkxV3JNMnQzSkVJeS9ITVNwS3BpcE16eFZXWFRQSGFCd0Qrd2ZVUVhJZzh4R0wzKzJMCnp4SGpwZVgwRHg5aEZ2M3dSaUZOdlFRNGlxZlpjUnhRSWJnZVVoL2lVZy9TYzNHSWtvY011MlFmOGRxVjBZQTEKR2FRPQotLS0tLUVORCBDRVJUSUZJQ0FURS0tLS0tCg=="
              }
            ],
            "cluster_id": null,
            "created_at": "2023-07-06 05:13:03.691 +0000 UTC",
            "enabled_cluster_log_types": [
              "api",
              "audit",
              "authenticator",
              "controllerManager",
              "scheduler"
            ],
            "encryption_config": [],
            "endpoint": "https://794DB843BF024213E6D3142B4CAAE1DA.gr7.ap-northeast-1.eks.amazonaws.com",
            "id": "test-eks-cluster",
            "identity": [
              {
                "oidc": [
                  {
                    "issuer": "https://oidc.eks.ap-northeast-1.amazonaws.com/id/794DB843BF024213E6D3142B4CAAE1DA"
                  }
                ]
              }
            ],
            "kubernetes_network_config": [
              {
                "ip_family": "ipv4",
                "service_ipv4_cidr": "192.168.0.0/16",
                "service_ipv6_cidr": ""
              }
            ],
            "name": "test-eks-cluster",
            "outpost_config": [],
            "platform_version": "eks.3",
            "role_arn": "arn:aws:iam::386147755255:role/eksClusterRole",
            "status": "ACTIVE",
            "tags": {
              "Name": "test-eks-cluster"
            },
            "tags_all": {
              "Environment": "prod",
              "Maintainer": "devops",
              "Name": "test-eks-cluster",
              "Repository": "terraform-from-scratch",
              "Terraform": "true"
            },
            "timeouts": null,
            "version": "1.27",
            "vpc_config": [
              {
                "cluster_security_group_id": "sg-0eef1cdb3d769cf5d",
                "endpoint_private_access": false,
                "endpoint_public_access": true,
                "public_access_cidrs": [
                  "0.0.0.0/0"
                ],
                "security_group_ids": null,
                "subnet_ids": [
                  "subnet-017ae7ee302962ee2",
                  "subnet-0467a1aee0b854dd2",
                  "subnet-0a18253880ed9f4b2",
                  "subnet-0db6575f7692e3eee"
                ],
                "vpc_id": "vpc-090e1d1436fa093d0"
              }
            ]
          },
          "sensitive_attributes": [],
          "private": "eyJlMmJmYjczMC1lY2FhLTExZTYtOGY4OC0zNDM2M2JjN2M0YzAiOnsiY3JlYXRlIjoxODAwMDAwMDAwMDAwLCJkZWxldGUiOjkwMDAwMDAwMDAwMCwidXBkYXRlIjozNjAwMDAwMDAwMDAwfX0=",
          "dependencies": [
            "module.iam.aws_iam_role.role",
            "module.vpc.aws_subnet.private",
            "module.vpc.aws_subnet.public",
            "module.vpc.aws_vpc.vpc"
          ]
        }
      ]
    },
    {
      "module": "module.eks",
      "mode": "managed",
      "type": "aws_eks_node_group",
      "name": "node_group",
      "provider": "provider[\"registry.terraform.io/hashicorp/aws\"]",
      "instances": [
        {
          "index_key": 0,
          "schema_version": 0,
          "attributes": {
            "ami_type": "AL2_x86_64",
            "arn": "arn:aws:eks:ap-northeast-1:386147755255:nodegroup/test-eks-cluster/test-eks-ng/dac494d2-f46f-03ac-b06e-27d2dca62c7b",
            "capacity_type": "SPOT",
            "cluster_name": "test-eks-cluster",
            "disk_size": 10,
            "force_update_version": false,
            "id": "test-eks-cluster:test-eks-ng",
            "instance_types": [
              "t3.medium"
            ],
            "labels": null,
            "launch_template": [],
            "node_group_name": "test-eks-ng",
            "node_group_name_prefix": "",
            "node_role_arn": "arn:aws:iam::386147755255:role/eksNodeGroupRole",
            "release_version": "1.27.1-20230703",
            "remote_access": [
              {
                "ec2_ssh_key": "test",
                "source_security_group_ids": null
              }
            ],
            "resources": [
              {
                "autoscaling_groups": [
                  {
                    "name": "eks-test-eks-ng-dac494d2-f46f-03ac-b06e-27d2dca62c7b"
                  }
                ],
                "remote_access_security_group_id": "sg-086434af5f866838e"
              }
            ],
            "scaling_config": [
              {
                "desired_size": 2,
                "max_size": 3,
                "min_size": 1
              }
            ],
            "status": "ACTIVE",
            "subnet_ids": [
              "subnet-017ae7ee302962ee2",
              "subnet-0a18253880ed9f4b2"
            ],
            "tags": {
              "Name": "test-eks-ng"
            },
            "tags_all": {
              "Environment": "prod",
              "Maintainer": "devops",
              "Name": "test-eks-ng",
              "Repository": "terraform-from-scratch",
              "Terraform": "true"
            },
            "taint": [],
            "timeouts": null,
            "update_config": [
              {
                "max_unavailable": 1,
                "max_unavailable_percentage": 0
              }
            ],
            "version": "1.27"
          },
          "sensitive_attributes": [],
          "private": "eyJlMmJmYjczMC1lY2FhLTExZTYtOGY4OC0zNDM2M2JjN2M0YzAiOnsiY3JlYXRlIjozNjAwMDAwMDAwMDAwLCJkZWxldGUiOjM2MDAwMDAwMDAwMDAsInVwZGF0ZSI6MzYwMDAwMDAwMDAwMH19",
          "dependencies": [
            "module.eks.aws_eks_cluster.cluster",
            "module.iam.aws_iam_role.role",
            "module.vpc.aws_subnet.private",
            "module.vpc.aws_subnet.public",
            "module.vpc.aws_vpc.vpc"
          ]
        }
      ]
    },
    {
      "module": "module.iam",
      "mode": "managed",
      "type": "aws_iam_access_key",
      "name": "access_key",
      "provider": "provider[\"registry.terraform.io/hashicorp/aws\"]",
      "instances": [
        {
          "index_key": 0,
          "schema_version": 0,
          "attributes": {
            "create_date": "2023-07-06T05:12:39Z",
            "encrypted_secret": null,
            "encrypted_ses_smtp_password_v4": null,
            "id": "AKIAVT2BTET3WSLODY7U",
            "key_fingerprint": null,
            "pgp_key": null,
            "secret": "h7THHPpCa4sf+LGWxU7Jn8kEn05MpgUyjOGT5iWr",
            "ses_smtp_password_v4": "BI1MVk1+PZwo1ENXMRugb+sjw7iW5Um1247s5uK1sina",
            "status": "Active",
            "user": "test"
          },
          "sensitive_attributes": [],
          "private": "bnVsbA==",
          "dependencies": [
            "module.iam.aws_iam_user.user"
          ]
        }
      ]
    },
    {
      "module": "module.iam",
      "mode": "managed",
      "type": "aws_iam_group",
      "name": "group",
      "provider": "provider[\"registry.terraform.io/hashicorp/aws\"]",
      "instances": [
        {
          "index_key": "test-admin",
          "schema_version": 0,
          "attributes": {
            "arn": "arn:aws:iam::386147755255:group/test-admin",
            "id": "test-admin",
            "name": "test-admin",
            "path": "/",
            "unique_id": "AGPAVT2BTET3VFH4QQ6Q5"
          },
          "sensitive_attributes": [],
          "private": "bnVsbA=="
        }
      ]
    },
    {
      "module": "module.iam",
      "mode": "managed",
      "type": "aws_iam_group_membership",
      "name": "group_membership",
      "provider": "provider[\"registry.terraform.io/hashicorp/aws\"]",
      "instances": [
        {
          "index_key": "test-admin-members",
          "schema_version": 0,
          "attributes": {
            "group": "test-admin",
            "id": "test-admin-members",
            "name": "test-admin-members",
            "users": [
              "test"
            ]
          },
          "sensitive_attributes": [],
          "private": "bnVsbA==",
          "dependencies": [
            "module.iam.aws_iam_group.group"
          ]
        }
      ]
    },
    {
      "module": "module.iam",
      "mode": "managed",
      "type": "aws_iam_policy",
      "name": "policy",
      "provider": "provider[\"registry.terraform.io/hashicorp/aws\"]",
      "instances": [
        {
          "index_key": "s3_full_access",
          "schema_version": 0,
          "attributes": {
            "arn": "arn:aws:iam::386147755255:policy/s3_full_access",
            "description": "",
            "id": "arn:aws:iam::386147755255:policy/s3_full_access",
            "name": "s3_full_access",
            "name_prefix": "",
            "path": "/",
            "policy": "{\"Statement\":[{\"Action\":\"s3:*\",\"Effect\":\"Allow\",\"Resource\":\"*\"}],\"Version\":\"2012-10-17\"}",
            "policy_id": "ANPAVT2BTET3VPN7YJ5Z4",
            "tags": null,
            "tags_all": {
              "Environment": "prod",
              "Maintainer": "devops",
              "Repository": "terraform-from-scratch",
              "Terraform": "true"
            }
          },
          "sensitive_attributes": [],
          "private": "bnVsbA=="
        }
      ]
    },
    {
      "module": "module.iam",
      "mode": "managed",
      "type": "aws_iam_policy_attachment",
      "name": "attachment",
      "provider": "provider[\"registry.terraform.io/hashicorp/aws\"]",
      "instances": [
        {
          "index_key": "attachment_1",
          "schema_version": 0,
          "attributes": {
            "groups": null,
            "id": "test-attachment",
            "name": "test-attachment",
            "policy_arn": "arn:aws:iam::386147755255:policy/s3_full_access",
            "roles": null,
            "users": [
              "test"
            ]
          },
          "sensitive_attributes": [],
          "private": "bnVsbA==",
          "dependencies": [
            "module.iam.aws_iam_policy.policy",
            "module.iam.aws_iam_user.user"
          ]
        }
      ]
    },
    {
      "module": "module.iam",
      "mode": "managed",
      "type": "aws_iam_role",
      "name": "role",
      "provider": "provider[\"registry.terraform.io/hashicorp/aws\"]",
      "instances": [
        {
          "index_key": 0,
          "schema_version": 0,
          "attributes": {
            "arn": "arn:aws:iam::386147755255:role/AllowS3AccessRole",
            "assume_role_policy": "{\"Statement\":[{\"Action\":\"sts:AssumeRole\",\"Effect\":\"Allow\",\"Principal\":{\"AWS\":\"arn:aws:iam::386147755255:user/test\"}}],\"Version\":\"2012-10-17\"}",
            "create_date": "2023-07-06T05:12:55Z",
            "description": "test role. will be deleted shorlty",
            "force_detach_policies": false,
            "id": "AllowS3AccessRole",
            "inline_policy": [
              {
                "name": "TestS3AccessPolicy",
                "policy": "{\"Version\":\"2012-10-17\",\"Statement\":[{\"Action\":\"s3:*\",\"Effect\":\"Allow\",\"Resource\":\"*\"}]}"
              }
            ],
            "managed_policy_arns": [],
            "max_session_duration": 3600,
            "name": "AllowS3AccessRole",
            "name_prefix": "",
            "path": "/",
            "permissions_boundary": null,
            "role_last_used": [
              {
                "last_used_date": "",
                "region": ""
              }
            ],
            "tags": {
              "Name": "AllowS3AccessRole"
            },
            "tags_all": {
              "Environment": "prod",
              "Maintainer": "devops",
              "Name": "AllowS3AccessRole",
              "Repository": "terraform-from-scratch",
              "Terraform": "true"
            },
            "unique_id": "AROAVT2BTET3UULEBNC2B"
          },
          "sensitive_attributes": [],
          "private": "bnVsbA=="
        },
        {
          "index_key": 1,
          "schema_version": 0,
          "attributes": {
            "arn": "arn:aws:iam::386147755255:role/eksClusterRole",
            "assume_role_policy": "{\"Statement\":[{\"Action\":\"sts:AssumeRole\",\"Effect\":\"Allow\",\"Principal\":{\"Service\":\"eks.amazonaws.com\"}}],\"Version\":\"2012-10-17\"}",
            "create_date": "2023-07-06T05:12:38Z",
            "description": "eks cluster role",
            "force_detach_policies": false,
            "id": "eksClusterRole",
            "inline_policy": [
              {
                "name": "",
                "policy": ""
              }
            ],
            "managed_policy_arns": [
              "arn:aws:iam::aws:policy/AmazonEKSClusterPolicy"
            ],
            "max_session_duration": 3600,
            "name": "eksClusterRole",
            "name_prefix": "",
            "path": "/",
            "permissions_boundary": null,
            "role_last_used": [
              {
                "last_used_date": "",
                "region": ""
              }
            ],
            "tags": {
              "Name": "eksClusterRole"
            },
            "tags_all": {
              "Environment": "prod",
              "Maintainer": "devops",
              "Name": "eksClusterRole",
              "Repository": "terraform-from-scratch",
              "Terraform": "true"
            },
            "unique_id": "AROAVT2BTET34PHNSQHA2"
          },
          "sensitive_attributes": [],
          "private": "bnVsbA=="
        },
        {
          "index_key": 2,
          "schema_version": 0,
          "attributes": {
            "arn": "arn:aws:iam::386147755255:role/eksNodeGroupRole",
            "assume_role_policy": "{\"Statement\":[{\"Action\":\"sts:AssumeRole\",\"Effect\":\"Allow\",\"Principal\":{\"Service\":\"ec2.amazonaws.com\"}}],\"Version\":\"2012-10-17\"}",
            "create_date": "2023-07-06T05:12:38Z",
            "description": "eks node group role",
            "force_detach_policies": false,
            "id": "eksNodeGroupRole",
            "inline_policy": [
              {
                "name": "",
                "policy": ""
              }
            ],
            "managed_policy_arns": [
              "arn:aws:iam::aws:policy/AmazonEC2ContainerRegistryReadOnly",
              "arn:aws:iam::aws:policy/AmazonEKSWorkerNodePolicy",
              "arn:aws:iam::aws:policy/AmazonEKS_CNI_Policy"
            ],
            "max_session_duration": 3600,
            "name": "eksNodeGroupRole",
            "name_prefix": "",
            "path": "/",
            "permissions_boundary": null,
            "role_last_used": [
              {
                "last_used_date": "",
                "region": ""
              }
            ],
            "tags": {
              "Name": "eksNodeGroupRole"
            },
            "tags_all": {
              "Environment": "prod",
              "Maintainer": "devops",
              "Name": "eksNodeGroupRole",
              "Repository": "terraform-from-scratch",
              "Terraform": "true"
            },
            "unique_id": "AROAVT2BTET3SBDKZIXKV"
          },
          "sensitive_attributes": [],
          "private": "bnVsbA=="
        }
      ]
    },
    {
      "module": "module.iam",
      "mode": "managed",
      "type": "aws_iam_user",
      "name": "user",
      "provider": "provider[\"registry.terraform.io/hashicorp/aws\"]",
      "instances": [
        {
          "index_key": "test",
          "schema_version": 0,
          "attributes": {
            "arn": "arn:aws:iam::386147755255:user/test",
            "force_destroy": true,
            "id": "test",
            "name": "test",
            "path": "/",
            "permissions_boundary": null,
            "tags": {
              "EmployeeNo": "r00273",
              "Name": "test",
              "Team": "플랫폼서비스팀"
            },
            "tags_all": {
              "EmployeeNo": "r00273",
              "Environment": "prod",
              "Maintainer": "devops",
              "Name": "test",
              "Repository": "terraform-from-scratch",
              "Team": "플랫폼서비스팀",
              "Terraform": "true"
            },
            "unique_id": "AIDAVT2BTET36RM6R346X"
          },
          "sensitive_attributes": [],
          "private": "bnVsbA=="
        }
      ]
    },
    {
      "module": "module.vpc",
      "mode": "managed",
      "type": "aws_customer_gateway",
      "name": "cgw",
      "provider": "provider[\"registry.terraform.io/hashicorp/aws\"]",
      "instances": [
        {
          "index_key": 0,
          "schema_version": 0,
          "attributes": {
            "arn": "arn:aws:ec2:ap-northeast-1:386147755255:customer-gateway/cgw-020ec85d0a05de16d",
            "bgp_asn": "65000",
            "certificate_arn": "",
            "device_name": "",
            "id": "cgw-020ec85d0a05de16d",
            "ip_address": "121.134.221.250",
            "tags": {
              "Name": "seoul-office-cgw"
            },
            "tags_all": {
              "Environment": "prod",
              "Maintainer": "devops",
              "Name": "seoul-office-cgw",
              "Repository": "terraform-from-scratch",
              "Terraform": "true"
            },
            "type": "ipsec.1"
          },
          "sensitive_attributes": [],
          "private": "bnVsbA=="
        }
      ]
    },
    {
      "module": "module.vpc",
      "mode": "managed",
      "type": "aws_eip",
      "name": "ngw_eip",
      "provider": "provider[\"registry.terraform.io/hashicorp/aws\"]",
      "instances": [
        {
          "schema_version": 0,
          "attributes": {
            "address": null,
            "allocation_id": "eipalloc-0ee044cdddc9919d0",
            "associate_with_private_ip": null,
            "association_id": "",
            "carrier_ip": "",
            "customer_owned_ip": "",
            "customer_owned_ipv4_pool": "",
            "domain": "vpc",
            "id": "eipalloc-0ee044cdddc9919d0",
            "instance": "",
            "network_border_group": "ap-northeast-1",
            "network_interface": "",
            "private_dns": null,
            "private_ip": "",
            "public_dns": "ec2-13-112-77-3.ap-northeast-1.compute.amazonaws.com",
            "public_ip": "13.112.77.3",
            "public_ipv4_pool": "amazon",
            "tags": {
              "Name": "dataplatform-kr-prod-workload-ngw-eip"
            },
            "tags_all": {
              "Environment": "prod",
              "Maintainer": "devops",
              "Name": "dataplatform-kr-prod-workload-ngw-eip",
              "Repository": "terraform-from-scratch",
              "Terraform": "true"
            },
            "timeouts": null,
            "vpc": true
          },
          "sensitive_attributes": [],
          "private": "eyJlMmJmYjczMC1lY2FhLTExZTYtOGY4OC0zNDM2M2JjN2M0YzAiOnsiZGVsZXRlIjoxODAwMDAwMDAwMDAsInJlYWQiOjkwMDAwMDAwMDAwMCwidXBkYXRlIjozMDAwMDAwMDAwMDB9fQ==",
          "dependencies": [
            "module.vpc.aws_vpc.vpc"
          ]
        }
      ]
    },
    {
      "module": "module.vpc",
      "mode": "managed",
      "type": "aws_internet_gateway",
      "name": "igw",
      "provider": "provider[\"registry.terraform.io/hashicorp/aws\"]",
      "instances": [
        {
          "schema_version": 0,
          "attributes": {
            "arn": "arn:aws:ec2:ap-northeast-1:386147755255:internet-gateway/igw-08f8ab563462df419",
            "id": "igw-08f8ab563462df419",
            "owner_id": "386147755255",
            "tags": {
              "Name": "dataplatform-kr-prod-workload-igw"
            },
            "tags_all": {
              "Environment": "prod",
              "Maintainer": "devops",
              "Name": "dataplatform-kr-prod-workload-igw",
              "Repository": "terraform-from-scratch",
              "Terraform": "true"
            },
            "timeouts": null,
            "vpc_id": "vpc-090e1d1436fa093d0"
          },
          "sensitive_attributes": [],
          "private": "eyJlMmJmYjczMC1lY2FhLTExZTYtOGY4OC0zNDM2M2JjN2M0YzAiOnsiY3JlYXRlIjoxMjAwMDAwMDAwMDAwLCJkZWxldGUiOjEyMDAwMDAwMDAwMDAsInVwZGF0ZSI6MTIwMDAwMDAwMDAwMH19",
          "dependencies": [
            "module.vpc.aws_vpc.vpc"
          ]
        }
      ]
    },
    {
      "module": "module.vpc",
      "mode": "managed",
      "type": "aws_nat_gateway",
      "name": "ngw",
      "provider": "provider[\"registry.terraform.io/hashicorp/aws\"]",
      "instances": [
        {
          "schema_version": 0,
          "attributes": {
            "allocation_id": "eipalloc-0ee044cdddc9919d0",
            "association_id": "eipassoc-0c79a0db21319ec09",
            "connectivity_type": "public",
            "id": "nat-08da276a1652613c0",
            "network_interface_id": "eni-08676b91d08c7a400",
            "private_ip": "10.180.10.185",
            "public_ip": "13.112.77.3",
            "subnet_id": "subnet-0db6575f7692e3eee",
            "tags": {
              "Name": "dataplatform-kr-prod-workload-ngw"
            },
            "tags_all": {
              "Environment": "prod",
              "Maintainer": "devops",
              "Name": "dataplatform-kr-prod-workload-ngw",
              "Repository": "terraform-from-scratch",
              "Terraform": "true"
            }
          },
          "sensitive_attributes": [],
          "private": "bnVsbA==",
          "dependencies": [
            "module.vpc.aws_eip.ngw_eip",
            "module.vpc.aws_internet_gateway.igw",
            "module.vpc.aws_subnet.public",
            "module.vpc.aws_vpc.vpc"
          ]
        }
      ]
    },
    {
      "module": "module.vpc",
      "mode": "managed",
      "type": "aws_network_acl",
      "name": "nacl",
      "provider": "provider[\"registry.terraform.io/hashicorp/aws\"]",
      "instances": [
        {
          "schema_version": 0,
          "attributes": {
            "arn": "arn:aws:ec2:ap-northeast-1:386147755255:network-acl/acl-0cde8729d48332697",
            "egress": [
              {
                "action": "allow",
                "cidr_block": "0.0.0.0/0",
                "from_port": 0,
                "icmp_code": null,
                "icmp_type": null,
                "ipv6_cidr_block": "",
                "protocol": "all",
                "rule_no": 100,
                "to_port": 0
              }
            ],
            "id": "acl-0cde8729d48332697",
            "ingress": [
              {
                "action": "allow",
                "cidr_block": "0.0.0.0/0",
                "from_port": 0,
                "icmp_code": null,
                "icmp_type": null,
                "ipv6_cidr_block": "",
                "protocol": "all",
                "rule_no": 100,
                "to_port": 0
              }
            ],
            "owner_id": "386147755255",
            "subnet_ids": [
              "subnet-017ae7ee302962ee2",
              "subnet-0467a1aee0b854dd2",
              "subnet-0a18253880ed9f4b2",
              "subnet-0b5c34b34893ffa2e",
              "subnet-0d9c6236528b22f2d",
              "subnet-0db6575f7692e3eee"
            ],
            "tags": {
              "Name": "dataplatform-kr-prod-workload-nacl"
            },
            "tags_all": {
              "Environment": "prod",
              "Maintainer": "devops",
              "Name": "dataplatform-kr-prod-workload-nacl",
              "Repository": "terraform-from-scratch",
              "Terraform": "true"
            },
            "vpc_id": "vpc-090e1d1436fa093d0"
          },
          "sensitive_attributes": [],
          "private": "bnVsbA==",
          "dependencies": [
            "module.vpc.aws_subnet.private",
            "module.vpc.aws_subnet.public",
            "module.vpc.aws_vpc.vpc"
          ]
        }
      ]
    },
    {
      "module": "module.vpc",
      "mode": "managed",
      "type": "aws_route_table",
      "name": "private",
      "provider": "provider[\"registry.terraform.io/hashicorp/aws\"]",
      "instances": [
        {
          "schema_version": 0,
          "attributes": {
            "arn": "arn:aws:ec2:ap-northeast-1:386147755255:route-table/rtb-07825a80ddb3ac983",
            "id": "rtb-07825a80ddb3ac983",
            "owner_id": "386147755255",
            "propagating_vgws": [],
            "route": [
              {
                "carrier_gateway_id": "",
                "cidr_block": "0.0.0.0/0",
                "core_network_arn": "",
                "destination_prefix_list_id": "",
                "egress_only_gateway_id": "",
                "gateway_id": "",
                "instance_id": "",
                "ipv6_cidr_block": "",
                "local_gateway_id": "",
                "nat_gateway_id": "nat-08da276a1652613c0",
                "network_interface_id": "",
                "transit_gateway_id": "",
                "vpc_endpoint_id": "",
                "vpc_peering_connection_id": ""
              }
            ],
            "tags": {
              "Name": "dataplatform-kr-prod-workload-private-rtb"
            },
            "tags_all": {
              "Environment": "prod",
              "Maintainer": "devops",
              "Name": "dataplatform-kr-prod-workload-private-rtb",
              "Repository": "terraform-from-scratch",
              "Terraform": "true"
            },
            "timeouts": null,
            "vpc_id": "vpc-090e1d1436fa093d0"
          },
          "sensitive_attributes": [],
          "private": "eyJlMmJmYjczMC1lY2FhLTExZTYtOGY4OC0zNDM2M2JjN2M0YzAiOnsiY3JlYXRlIjozMDAwMDAwMDAwMDAsImRlbGV0ZSI6MzAwMDAwMDAwMDAwLCJ1cGRhdGUiOjEyMDAwMDAwMDAwMH19",
          "dependencies": [
            "module.vpc.aws_eip.ngw_eip",
            "module.vpc.aws_internet_gateway.igw",
            "module.vpc.aws_nat_gateway.ngw",
            "module.vpc.aws_subnet.public",
            "module.vpc.aws_vpc.vpc"
          ]
        }
      ]
    },
    {
      "module": "module.vpc",
      "mode": "managed",
      "type": "aws_route_table",
      "name": "public",
      "provider": "provider[\"registry.terraform.io/hashicorp/aws\"]",
      "instances": [
        {
          "schema_version": 0,
          "attributes": {
            "arn": "arn:aws:ec2:ap-northeast-1:386147755255:route-table/rtb-049abb1d89270132e",
            "id": "rtb-049abb1d89270132e",
            "owner_id": "386147755255",
            "propagating_vgws": [],
            "route": [
              {
                "carrier_gateway_id": "",
                "cidr_block": "0.0.0.0/0",
                "core_network_arn": "",
                "destination_prefix_list_id": "",
                "egress_only_gateway_id": "",
                "gateway_id": "igw-08f8ab563462df419",
                "instance_id": "",
                "ipv6_cidr_block": "",
                "local_gateway_id": "",
                "nat_gateway_id": "",
                "network_interface_id": "",
                "transit_gateway_id": "",
                "vpc_endpoint_id": "",
                "vpc_peering_connection_id": ""
              }
            ],
            "tags": {
              "Name": "dataplatform-kr-prod-workload-public-rtb"
            },
            "tags_all": {
              "Environment": "prod",
              "Maintainer": "devops",
              "Name": "dataplatform-kr-prod-workload-public-rtb",
              "Repository": "terraform-from-scratch",
              "Terraform": "true"
            },
            "timeouts": null,
            "vpc_id": "vpc-090e1d1436fa093d0"
          },
          "sensitive_attributes": [],
          "private": "eyJlMmJmYjczMC1lY2FhLTExZTYtOGY4OC0zNDM2M2JjN2M0YzAiOnsiY3JlYXRlIjozMDAwMDAwMDAwMDAsImRlbGV0ZSI6MzAwMDAwMDAwMDAwLCJ1cGRhdGUiOjEyMDAwMDAwMDAwMH19",
          "dependencies": [
            "module.vpc.aws_internet_gateway.igw",
            "module.vpc.aws_vpc.vpc"
          ]
        }
      ]
    },
    {
      "module": "module.vpc",
      "mode": "managed",
      "type": "aws_route_table_association",
      "name": "private",
      "provider": "provider[\"registry.terraform.io/hashicorp/aws\"]",
      "instances": [
        {
          "index_key": 0,
          "schema_version": 0,
          "attributes": {
            "gateway_id": "",
            "id": "rtbassoc-064dcfc413086392f",
            "route_table_id": "rtb-07825a80ddb3ac983",
            "subnet_id": "subnet-0a18253880ed9f4b2",
            "timeouts": null
          },
          "sensitive_attributes": [],
          "private": "eyJlMmJmYjczMC1lY2FhLTExZTYtOGY4OC0zNDM2M2JjN2M0YzAiOnsiY3JlYXRlIjozMDAwMDAwMDAwMDAsImRlbGV0ZSI6MzAwMDAwMDAwMDAwLCJ1cGRhdGUiOjEyMDAwMDAwMDAwMH19",
          "dependencies": [
            "module.vpc.aws_eip.ngw_eip",
            "module.vpc.aws_internet_gateway.igw",
            "module.vpc.aws_nat_gateway.ngw",
            "module.vpc.aws_route_table.private",
            "module.vpc.aws_subnet.private",
            "module.vpc.aws_subnet.public",
            "module.vpc.aws_vpc.vpc"
          ]
        },
        {
          "index_key": 1,
          "schema_version": 0,
          "attributes": {
            "gateway_id": "",
            "id": "rtbassoc-0f779a0105e80c82c",
            "route_table_id": "rtb-07825a80ddb3ac983",
            "subnet_id": "subnet-017ae7ee302962ee2",
            "timeouts": null
          },
          "sensitive_attributes": [],
          "private": "eyJlMmJmYjczMC1lY2FhLTExZTYtOGY4OC0zNDM2M2JjN2M0YzAiOnsiY3JlYXRlIjozMDAwMDAwMDAwMDAsImRlbGV0ZSI6MzAwMDAwMDAwMDAwLCJ1cGRhdGUiOjEyMDAwMDAwMDAwMH19",
          "dependencies": [
            "module.vpc.aws_eip.ngw_eip",
            "module.vpc.aws_internet_gateway.igw",
            "module.vpc.aws_nat_gateway.ngw",
            "module.vpc.aws_route_table.private",
            "module.vpc.aws_subnet.private",
            "module.vpc.aws_subnet.public",
            "module.vpc.aws_vpc.vpc"
          ]
        },
        {
          "index_key": 2,
          "schema_version": 0,
          "attributes": {
            "gateway_id": "",
            "id": "rtbassoc-0ac8b9f57722f6769",
            "route_table_id": "rtb-07825a80ddb3ac983",
            "subnet_id": "subnet-0b5c34b34893ffa2e",
            "timeouts": null
          },
          "sensitive_attributes": [],
          "private": "eyJlMmJmYjczMC1lY2FhLTExZTYtOGY4OC0zNDM2M2JjN2M0YzAiOnsiY3JlYXRlIjozMDAwMDAwMDAwMDAsImRlbGV0ZSI6MzAwMDAwMDAwMDAwLCJ1cGRhdGUiOjEyMDAwMDAwMDAwMH19",
          "dependencies": [
            "module.vpc.aws_eip.ngw_eip",
            "module.vpc.aws_internet_gateway.igw",
            "module.vpc.aws_nat_gateway.ngw",
            "module.vpc.aws_route_table.private",
            "module.vpc.aws_subnet.private",
            "module.vpc.aws_subnet.public",
            "module.vpc.aws_vpc.vpc"
          ]
        }
      ]
    },
    {
      "module": "module.vpc",
      "mode": "managed",
      "type": "aws_route_table_association",
      "name": "public",
      "provider": "provider[\"registry.terraform.io/hashicorp/aws\"]",
      "instances": [
        {
          "index_key": 0,
          "schema_version": 0,
          "attributes": {
            "gateway_id": "",
            "id": "rtbassoc-0bb42d2425289cf00",
            "route_table_id": "rtb-049abb1d89270132e",
            "subnet_id": "subnet-0db6575f7692e3eee",
            "timeouts": null
          },
          "sensitive_attributes": [],
          "private": "eyJlMmJmYjczMC1lY2FhLTExZTYtOGY4OC0zNDM2M2JjN2M0YzAiOnsiY3JlYXRlIjozMDAwMDAwMDAwMDAsImRlbGV0ZSI6MzAwMDAwMDAwMDAwLCJ1cGRhdGUiOjEyMDAwMDAwMDAwMH19",
          "dependencies": [
            "module.vpc.aws_internet_gateway.igw",
            "module.vpc.aws_route_table.public",
            "module.vpc.aws_subnet.public",
            "module.vpc.aws_vpc.vpc"
          ]
        },
        {
          "index_key": 1,
          "schema_version": 0,
          "attributes": {
            "gateway_id": "",
            "id": "rtbassoc-0904b1c203b4b298e",
            "route_table_id": "rtb-049abb1d89270132e",
            "subnet_id": "subnet-0467a1aee0b854dd2",
            "timeouts": null
          },
          "sensitive_attributes": [],
          "private": "eyJlMmJmYjczMC1lY2FhLTExZTYtOGY4OC0zNDM2M2JjN2M0YzAiOnsiY3JlYXRlIjozMDAwMDAwMDAwMDAsImRlbGV0ZSI6MzAwMDAwMDAwMDAwLCJ1cGRhdGUiOjEyMDAwMDAwMDAwMH19",
          "dependencies": [
            "module.vpc.aws_internet_gateway.igw",
            "module.vpc.aws_route_table.public",
            "module.vpc.aws_subnet.public",
            "module.vpc.aws_vpc.vpc"
          ]
        },
        {
          "index_key": 2,
          "schema_version": 0,
          "attributes": {
            "gateway_id": "",
            "id": "rtbassoc-07d4689141604f2fb",
            "route_table_id": "rtb-049abb1d89270132e",
            "subnet_id": "subnet-0d9c6236528b22f2d",
            "timeouts": null
          },
          "sensitive_attributes": [],
          "private": "eyJlMmJmYjczMC1lY2FhLTExZTYtOGY4OC0zNDM2M2JjN2M0YzAiOnsiY3JlYXRlIjozMDAwMDAwMDAwMDAsImRlbGV0ZSI6MzAwMDAwMDAwMDAwLCJ1cGRhdGUiOjEyMDAwMDAwMDAwMH19",
          "dependencies": [
            "module.vpc.aws_internet_gateway.igw",
            "module.vpc.aws_route_table.public",
            "module.vpc.aws_subnet.public",
            "module.vpc.aws_vpc.vpc"
          ]
        }
      ]
    },
    {
      "module": "module.vpc",
      "mode": "managed",
      "type": "aws_security_group",
      "name": "sg",
      "provider": "provider[\"registry.terraform.io/hashicorp/aws\"]",
      "instances": [
        {
          "index_key": "dataplatform-kr-prod-rds-sg",
          "schema_version": 1,
          "attributes": {
            "arn": "arn:aws:ec2:ap-northeast-1:386147755255:security-group/sg-0e98d9233719e5df3",
            "description": "security group for rds",
            "egress": [
              {
                "cidr_blocks": [
                  "0.0.0.0/0"
                ],
                "description": "Allow all outbound traffic",
                "from_port": 0,
                "ipv6_cidr_blocks": [],
                "prefix_list_ids": [],
                "protocol": "-1",
                "security_groups": [],
                "self": false,
                "to_port": 0
              }
            ],
            "id": "sg-0e98d9233719e5df3",
            "ingress": [],
            "name": "dataplatform-kr-prod-rds-sg",
            "name_prefix": "",
            "owner_id": "386147755255",
            "revoke_rules_on_delete": false,
            "tags": {
              "Name": "dataplatform-kr-prod-rds-sg"
            },
            "tags_all": {
              "Environment": "prod",
              "Maintainer": "devops",
              "Name": "dataplatform-kr-prod-rds-sg",
              "Repository": "terraform-from-scratch",
              "Terraform": "true"
            },
            "timeouts": null,
            "vpc_id": "vpc-090e1d1436fa093d0"
          },
          "sensitive_attributes": [],
          "private": "eyJlMmJmYjczMC1lY2FhLTExZTYtOGY4OC0zNDM2M2JjN2M0YzAiOnsiY3JlYXRlIjo2MDAwMDAwMDAwMDAsImRlbGV0ZSI6OTAwMDAwMDAwMDAwfSwic2NoZW1hX3ZlcnNpb24iOiIxIn0=",
          "dependencies": [
            "module.vpc.aws_vpc.vpc"
          ]
        },
        {
          "index_key": "test-sg",
          "schema_version": 1,
          "attributes": {
            "arn": "arn:aws:ec2:ap-northeast-1:386147755255:security-group/sg-0ab182acd9b03a1d0",
            "description": "this is a test sg and will be deleted shortly",
            "egress": [
              {
                "cidr_blocks": [
                  "0.0.0.0/0"
                ],
                "description": "Allow all outbound traffic",
                "from_port": 0,
                "ipv6_cidr_blocks": [],
                "prefix_list_ids": [],
                "protocol": "-1",
                "security_groups": [],
                "self": false,
                "to_port": 0
              }
            ],
            "id": "sg-0ab182acd9b03a1d0",
            "ingress": [],
            "name": "test-sg",
            "name_prefix": "",
            "owner_id": "386147755255",
            "revoke_rules_on_delete": false,
            "tags": {
              "Name": "test-sg"
            },
            "tags_all": {
              "Environment": "prod",
              "Maintainer": "devops",
              "Name": "test-sg",
              "Repository": "terraform-from-scratch",
              "Terraform": "true"
            },
            "timeouts": null,
            "vpc_id": "vpc-090e1d1436fa093d0"
          },
          "sensitive_attributes": [],
          "private": "eyJlMmJmYjczMC1lY2FhLTExZTYtOGY4OC0zNDM2M2JjN2M0YzAiOnsiY3JlYXRlIjo2MDAwMDAwMDAwMDAsImRlbGV0ZSI6OTAwMDAwMDAwMDAwfSwic2NoZW1hX3ZlcnNpb24iOiIxIn0=",
          "dependencies": [
            "module.vpc.aws_vpc.vpc"
          ]
        },
        {
          "index_key": "test-sg2",
          "schema_version": 1,
          "attributes": {
            "arn": "arn:aws:ec2:ap-northeast-1:386147755255:security-group/sg-0aeb196e1eb48b2fd",
            "description": "this is a test sg2 and will be deleted shortly",
            "egress": [
              {
                "cidr_blocks": [
                  "0.0.0.0/0"
                ],
                "description": "Allow all outbound traffic",
                "from_port": 0,
                "ipv6_cidr_blocks": [],
                "prefix_list_ids": [],
                "protocol": "-1",
                "security_groups": [],
                "self": false,
                "to_port": 0
              }
            ],
            "id": "sg-0aeb196e1eb48b2fd",
            "ingress": [],
            "name": "test-sg2",
            "name_prefix": "",
            "owner_id": "386147755255",
            "revoke_rules_on_delete": false,
            "tags": {
              "Name": "test-sg2"
            },
            "tags_all": {
              "Environment": "prod",
              "Maintainer": "devops",
              "Name": "test-sg2",
              "Repository": "terraform-from-scratch",
              "Terraform": "true"
            },
            "timeouts": null,
            "vpc_id": "vpc-090e1d1436fa093d0"
          },
          "sensitive_attributes": [],
          "private": "eyJlMmJmYjczMC1lY2FhLTExZTYtOGY4OC0zNDM2M2JjN2M0YzAiOnsiY3JlYXRlIjo2MDAwMDAwMDAwMDAsImRlbGV0ZSI6OTAwMDAwMDAwMDAwfSwic2NoZW1hX3ZlcnNpb24iOiIxIn0=",
          "dependencies": [
            "module.vpc.aws_vpc.vpc"
          ]
        }
      ]
    },
    {
      "module": "module.vpc",
      "mode": "managed",
      "type": "aws_security_group_rule",
      "name": "sg_rule",
      "provider": "provider[\"registry.terraform.io/hashicorp/aws\"]",
      "instances": [
        {
          "index_key": "dataplatform-kr-prod-rds-sg",
          "schema_version": 2,
          "attributes": {
            "cidr_blocks": [
              "121.134.221.250/32"
            ],
            "description": "Allow inbound traffic from seoul office public IP on specfieid port",
            "from_port": 3306,
            "id": "sgrule-1125823843",
            "ipv6_cidr_blocks": null,
            "prefix_list_ids": null,
            "protocol": "tcp",
            "security_group_id": "sg-0e98d9233719e5df3",
            "security_group_rule_id": "sgr-06310fb49edeabc3f",
            "self": false,
            "source_security_group_id": null,
            "timeouts": null,
            "to_port": 3306,
            "type": "ingress"
          },
          "sensitive_attributes": [],
          "private": "eyJlMmJmYjczMC1lY2FhLTExZTYtOGY4OC0zNDM2M2JjN2M0YzAiOnsiY3JlYXRlIjozMDAwMDAwMDAwMDB9LCJzY2hlbWFfdmVyc2lvbiI6IjIifQ==",
          "dependencies": [
            "module.vpc.aws_security_group.sg",
            "module.vpc.aws_vpc.vpc"
          ]
        },
        {
          "index_key": "test-sg1",
          "schema_version": 2,
          "attributes": {
            "cidr_blocks": [
              "121.134.221.250/32"
            ],
            "description": "Allow SSH from specified ip",
            "from_port": 22,
            "id": "sgrule-3639555753",
            "ipv6_cidr_blocks": null,
            "prefix_list_ids": null,
            "protocol": "tcp",
            "security_group_id": "sg-0ab182acd9b03a1d0",
            "security_group_rule_id": "sgr-0538e964a2495e8ac",
            "self": false,
            "source_security_group_id": null,
            "timeouts": null,
            "to_port": 22,
            "type": "ingress"
          },
          "sensitive_attributes": [],
          "private": "eyJlMmJmYjczMC1lY2FhLTExZTYtOGY4OC0zNDM2M2JjN2M0YzAiOnsiY3JlYXRlIjozMDAwMDAwMDAwMDB9LCJzY2hlbWFfdmVyc2lvbiI6IjIifQ==",
          "dependencies": [
            "module.vpc.aws_security_group.sg",
            "module.vpc.aws_vpc.vpc"
          ]
        },
        {
          "index_key": "test-sg2",
          "schema_version": 2,
          "attributes": {
            "cidr_blocks": [
              "0.0.0.0/0"
            ],
            "description": "Allow all inbound traffic on specified port",
            "from_port": 80,
            "id": "sgrule-372920736",
            "ipv6_cidr_blocks": null,
            "prefix_list_ids": null,
            "protocol": "tcp",
            "security_group_id": "sg-0ab182acd9b03a1d0",
            "security_group_rule_id": "sgr-09fe308e27b77e3db",
            "self": false,
            "source_security_group_id": null,
            "timeouts": null,
            "to_port": 80,
            "type": "ingress"
          },
          "sensitive_attributes": [],
          "private": "eyJlMmJmYjczMC1lY2FhLTExZTYtOGY4OC0zNDM2M2JjN2M0YzAiOnsiY3JlYXRlIjozMDAwMDAwMDAwMDB9LCJzY2hlbWFfdmVyc2lvbiI6IjIifQ==",
          "dependencies": [
            "module.vpc.aws_security_group.sg",
            "module.vpc.aws_vpc.vpc"
          ]
        }
      ]
    },
    {
      "module": "module.vpc",
      "mode": "managed",
      "type": "aws_subnet",
      "name": "private",
      "provider": "provider[\"registry.terraform.io/hashicorp/aws\"]",
      "instances": [
        {
          "index_key": 0,
          "schema_version": 1,
          "attributes": {
            "arn": "arn:aws:ec2:ap-northeast-1:386147755255:subnet/subnet-0a18253880ed9f4b2",
            "assign_ipv6_address_on_creation": false,
            "availability_zone": "ap-northeast-1a",
            "availability_zone_id": "apne1-az4",
            "cidr_block": "10.180.20.0/24",
            "customer_owned_ipv4_pool": "",
            "enable_dns64": false,
            "enable_lni_at_device_index": 0,
            "enable_resource_name_dns_a_record_on_launch": false,
            "enable_resource_name_dns_aaaa_record_on_launch": false,
            "id": "subnet-0a18253880ed9f4b2",
            "ipv6_cidr_block": "",
            "ipv6_cidr_block_association_id": "",
            "ipv6_native": false,
            "map_customer_owned_ip_on_launch": false,
            "map_public_ip_on_launch": false,
            "outpost_arn": "",
            "owner_id": "386147755255",
            "private_dns_hostname_type_on_launch": "ip-name",
            "tags": {
              "Identifier": "private",
              "Name": "dataplatform-kr-prod-private-sn-a"
            },
            "tags_all": {
              "Environment": "prod",
              "Identifier": "private",
              "Maintainer": "devops",
              "Name": "dataplatform-kr-prod-private-sn-a",
              "Repository": "terraform-from-scratch",
              "Terraform": "true"
            },
            "timeouts": null,
            "vpc_id": "vpc-090e1d1436fa093d0"
          },
          "sensitive_attributes": [],
          "private": "eyJlMmJmYjczMC1lY2FhLTExZTYtOGY4OC0zNDM2M2JjN2M0YzAiOnsiY3JlYXRlIjo2MDAwMDAwMDAwMDAsImRlbGV0ZSI6MTIwMDAwMDAwMDAwMH0sInNjaGVtYV92ZXJzaW9uIjoiMSJ9",
          "dependencies": [
            "module.vpc.aws_vpc.vpc"
          ]
        },
        {
          "index_key": 1,
          "schema_version": 1,
          "attributes": {
            "arn": "arn:aws:ec2:ap-northeast-1:386147755255:subnet/subnet-017ae7ee302962ee2",
            "assign_ipv6_address_on_creation": false,
            "availability_zone": "ap-northeast-1c",
            "availability_zone_id": "apne1-az1",
            "cidr_block": "10.180.40.0/24",
            "customer_owned_ipv4_pool": "",
            "enable_dns64": false,
            "enable_lni_at_device_index": 0,
            "enable_resource_name_dns_a_record_on_launch": false,
            "enable_resource_name_dns_aaaa_record_on_launch": false,
            "id": "subnet-017ae7ee302962ee2",
            "ipv6_cidr_block": "",
            "ipv6_cidr_block_association_id": "",
            "ipv6_native": false,
            "map_customer_owned_ip_on_launch": false,
            "map_public_ip_on_launch": false,
            "outpost_arn": "",
            "owner_id": "386147755255",
            "private_dns_hostname_type_on_launch": "ip-name",
            "tags": {
              "Identifier": "private",
              "Name": "dataplatform-kr-prod-private-sn-c"
            },
            "tags_all": {
              "Environment": "prod",
              "Identifier": "private",
              "Maintainer": "devops",
              "Name": "dataplatform-kr-prod-private-sn-c",
              "Repository": "terraform-from-scratch",
              "Terraform": "true"
            },
            "timeouts": null,
            "vpc_id": "vpc-090e1d1436fa093d0"
          },
          "sensitive_attributes": [],
          "private": "eyJlMmJmYjczMC1lY2FhLTExZTYtOGY4OC0zNDM2M2JjN2M0YzAiOnsiY3JlYXRlIjo2MDAwMDAwMDAwMDAsImRlbGV0ZSI6MTIwMDAwMDAwMDAwMH0sInNjaGVtYV92ZXJzaW9uIjoiMSJ9",
          "dependencies": [
            "module.vpc.aws_vpc.vpc"
          ]
        },
        {
          "index_key": 2,
          "schema_version": 1,
          "attributes": {
            "arn": "arn:aws:ec2:ap-northeast-1:386147755255:subnet/subnet-0b5c34b34893ffa2e",
            "assign_ipv6_address_on_creation": false,
            "availability_zone": "ap-northeast-1d",
            "availability_zone_id": "apne1-az2",
            "cidr_block": "10.180.60.0/24",
            "customer_owned_ipv4_pool": "",
            "enable_dns64": false,
            "enable_lni_at_device_index": 0,
            "enable_resource_name_dns_a_record_on_launch": false,
            "enable_resource_name_dns_aaaa_record_on_launch": false,
            "id": "subnet-0b5c34b34893ffa2e",
            "ipv6_cidr_block": "",
            "ipv6_cidr_block_association_id": "",
            "ipv6_native": false,
            "map_customer_owned_ip_on_launch": false,
            "map_public_ip_on_launch": false,
            "outpost_arn": "",
            "owner_id": "386147755255",
            "private_dns_hostname_type_on_launch": "ip-name",
            "tags": {
              "Identifier": "private",
              "Name": "dataplatform-kr-prod-private-sn-d"
            },
            "tags_all": {
              "Environment": "prod",
              "Identifier": "private",
              "Maintainer": "devops",
              "Name": "dataplatform-kr-prod-private-sn-d",
              "Repository": "terraform-from-scratch",
              "Terraform": "true"
            },
            "timeouts": null,
            "vpc_id": "vpc-090e1d1436fa093d0"
          },
          "sensitive_attributes": [],
          "private": "eyJlMmJmYjczMC1lY2FhLTExZTYtOGY4OC0zNDM2M2JjN2M0YzAiOnsiY3JlYXRlIjo2MDAwMDAwMDAwMDAsImRlbGV0ZSI6MTIwMDAwMDAwMDAwMH0sInNjaGVtYV92ZXJzaW9uIjoiMSJ9",
          "dependencies": [
            "module.vpc.aws_vpc.vpc"
          ]
        }
      ]
    },
    {
      "module": "module.vpc",
      "mode": "managed",
      "type": "aws_subnet",
      "name": "public",
      "provider": "provider[\"registry.terraform.io/hashicorp/aws\"]",
      "instances": [
        {
          "index_key": 0,
          "schema_version": 1,
          "attributes": {
            "arn": "arn:aws:ec2:ap-northeast-1:386147755255:subnet/subnet-0db6575f7692e3eee",
            "assign_ipv6_address_on_creation": false,
            "availability_zone": "ap-northeast-1a",
            "availability_zone_id": "apne1-az4",
            "cidr_block": "10.180.10.0/24",
            "customer_owned_ipv4_pool": "",
            "enable_dns64": false,
            "enable_lni_at_device_index": 0,
            "enable_resource_name_dns_a_record_on_launch": false,
            "enable_resource_name_dns_aaaa_record_on_launch": false,
            "id": "subnet-0db6575f7692e3eee",
            "ipv6_cidr_block": "",
            "ipv6_cidr_block_association_id": "",
            "ipv6_native": false,
            "map_customer_owned_ip_on_launch": false,
            "map_public_ip_on_launch": true,
            "outpost_arn": "",
            "owner_id": "386147755255",
            "private_dns_hostname_type_on_launch": "ip-name",
            "tags": {
              "Identifier": "public",
              "Name": "dataplatform-kr-prod-public-sn-a"
            },
            "tags_all": {
              "Environment": "prod",
              "Identifier": "public",
              "Maintainer": "devops",
              "Name": "dataplatform-kr-prod-public-sn-a",
              "Repository": "terraform-from-scratch",
              "Terraform": "true"
            },
            "timeouts": null,
            "vpc_id": "vpc-090e1d1436fa093d0"
          },
          "sensitive_attributes": [],
          "private": "eyJlMmJmYjczMC1lY2FhLTExZTYtOGY4OC0zNDM2M2JjN2M0YzAiOnsiY3JlYXRlIjo2MDAwMDAwMDAwMDAsImRlbGV0ZSI6MTIwMDAwMDAwMDAwMH0sInNjaGVtYV92ZXJzaW9uIjoiMSJ9",
          "dependencies": [
            "module.vpc.aws_vpc.vpc"
          ]
        },
        {
          "index_key": 1,
          "schema_version": 1,
          "attributes": {
            "arn": "arn:aws:ec2:ap-northeast-1:386147755255:subnet/subnet-0467a1aee0b854dd2",
            "assign_ipv6_address_on_creation": false,
            "availability_zone": "ap-northeast-1c",
            "availability_zone_id": "apne1-az1",
            "cidr_block": "10.180.30.0/24",
            "customer_owned_ipv4_pool": "",
            "enable_dns64": false,
            "enable_lni_at_device_index": 0,
            "enable_resource_name_dns_a_record_on_launch": false,
            "enable_resource_name_dns_aaaa_record_on_launch": false,
            "id": "subnet-0467a1aee0b854dd2",
            "ipv6_cidr_block": "",
            "ipv6_cidr_block_association_id": "",
            "ipv6_native": false,
            "map_customer_owned_ip_on_launch": false,
            "map_public_ip_on_launch": true,
            "outpost_arn": "",
            "owner_id": "386147755255",
            "private_dns_hostname_type_on_launch": "ip-name",
            "tags": {
              "Identifier": "public",
              "Name": "dataplatform-kr-prod-public-sn-c"
            },
            "tags_all": {
              "Environment": "prod",
              "Identifier": "public",
              "Maintainer": "devops",
              "Name": "dataplatform-kr-prod-public-sn-c",
              "Repository": "terraform-from-scratch",
              "Terraform": "true"
            },
            "timeouts": null,
            "vpc_id": "vpc-090e1d1436fa093d0"
          },
          "sensitive_attributes": [],
          "private": "eyJlMmJmYjczMC1lY2FhLTExZTYtOGY4OC0zNDM2M2JjN2M0YzAiOnsiY3JlYXRlIjo2MDAwMDAwMDAwMDAsImRlbGV0ZSI6MTIwMDAwMDAwMDAwMH0sInNjaGVtYV92ZXJzaW9uIjoiMSJ9",
          "dependencies": [
            "module.vpc.aws_vpc.vpc"
          ]
        },
        {
          "index_key": 2,
          "schema_version": 1,
          "attributes": {
            "arn": "arn:aws:ec2:ap-northeast-1:386147755255:subnet/subnet-0d9c6236528b22f2d",
            "assign_ipv6_address_on_creation": false,
            "availability_zone": "ap-northeast-1d",
            "availability_zone_id": "apne1-az2",
            "cidr_block": "10.180.50.0/24",
            "customer_owned_ipv4_pool": "",
            "enable_dns64": false,
            "enable_lni_at_device_index": 0,
            "enable_resource_name_dns_a_record_on_launch": false,
            "enable_resource_name_dns_aaaa_record_on_launch": false,
            "id": "subnet-0d9c6236528b22f2d",
            "ipv6_cidr_block": "",
            "ipv6_cidr_block_association_id": "",
            "ipv6_native": false,
            "map_customer_owned_ip_on_launch": false,
            "map_public_ip_on_launch": true,
            "outpost_arn": "",
            "owner_id": "386147755255",
            "private_dns_hostname_type_on_launch": "ip-name",
            "tags": {
              "Identifier": "public",
              "Name": "dataplatform-kr-prod-public-sn-d"
            },
            "tags_all": {
              "Environment": "prod",
              "Identifier": "public",
              "Maintainer": "devops",
              "Name": "dataplatform-kr-prod-public-sn-d",
              "Repository": "terraform-from-scratch",
              "Terraform": "true"
            },
            "timeouts": null,
            "vpc_id": "vpc-090e1d1436fa093d0"
          },
          "sensitive_attributes": [],
          "private": "eyJlMmJmYjczMC1lY2FhLTExZTYtOGY4OC0zNDM2M2JjN2M0YzAiOnsiY3JlYXRlIjo2MDAwMDAwMDAwMDAsImRlbGV0ZSI6MTIwMDAwMDAwMDAwMH0sInNjaGVtYV92ZXJzaW9uIjoiMSJ9",
          "dependencies": [
            "module.vpc.aws_vpc.vpc"
          ]
        }
      ]
    },
    {
      "module": "module.vpc",
      "mode": "managed",
      "type": "aws_vpc",
      "name": "vpc",
      "provider": "provider[\"registry.terraform.io/hashicorp/aws\"]",
      "instances": [
        {
          "schema_version": 1,
          "attributes": {
            "arn": "arn:aws:ec2:ap-northeast-1:386147755255:vpc/vpc-090e1d1436fa093d0",
            "assign_generated_ipv6_cidr_block": false,
            "cidr_block": "10.180.0.0/16",
            "default_network_acl_id": "acl-0990b23ba2cc8e91a",
            "default_route_table_id": "rtb-00d753aa6247bec8b",
            "default_security_group_id": "sg-09bfd3ed9b9681214",
            "dhcp_options_id": "dopt-0a5897b4d4ee493a7",
            "enable_classiclink": false,
            "enable_classiclink_dns_support": false,
            "enable_dns_hostnames": true,
            "enable_dns_support": true,
            "enable_network_address_usage_metrics": false,
            "id": "vpc-090e1d1436fa093d0",
            "instance_tenancy": "default",
            "ipv4_ipam_pool_id": null,
            "ipv4_netmask_length": null,
            "ipv6_association_id": "",
            "ipv6_cidr_block": "",
            "ipv6_cidr_block_network_border_group": "",
            "ipv6_ipam_pool_id": "",
            "ipv6_netmask_length": 0,
            "main_route_table_id": "rtb-00d753aa6247bec8b",
            "owner_id": "386147755255",
            "tags": {
              "Name": "dataplatform-kr-prod-workload-vpc"
            },
            "tags_all": {
              "Environment": "prod",
              "Maintainer": "devops",
              "Name": "dataplatform-kr-prod-workload-vpc",
              "Repository": "terraform-from-scratch",
              "Terraform": "true"
            }
          },
          "sensitive_attributes": [],
          "private": "eyJzY2hlbWFfdmVyc2lvbiI6IjEifQ=="
        }
      ]
    },
    {
      "module": "module.vpc",
      "mode": "managed",
      "type": "aws_vpn_gateway",
      "name": "vgw",
      "provider": "provider[\"registry.terraform.io/hashicorp/aws\"]",
      "instances": [
        {
          "schema_version": 0,
          "attributes": {
            "amazon_side_asn": "64512",
            "arn": "arn:aws:ec2:ap-northeast-1:386147755255:vpn-gateway/vgw-088354c8bfd04fd7d",
            "availability_zone": null,
            "id": "vgw-088354c8bfd04fd7d",
            "tags": {
              "Name": "dataplatform-kr-prod-workload-vgw"
            },
            "tags_all": {
              "Environment": "prod",
              "Maintainer": "devops",
              "Name": "dataplatform-kr-prod-workload-vgw",
              "Repository": "terraform-from-scratch",
              "Terraform": "true"
            },
            "vpc_id": "vpc-090e1d1436fa093d0"
          },
          "sensitive_attributes": [],
          "private": "bnVsbA==",
          "dependencies": [
            "module.vpc.aws_vpc.vpc"
          ]
        }
      ]
    }
  ],
  "check_results": null
}
