{
  "version": 4,
  "terraform_version": "1.4.6",
  "serial": 153,
  "lineage": "28c269b1-47ed-9c54-3f50-fe7a11d485fe",
  "outputs": {},
  "resources": [
    {
      "module": "module.vpc",
      "mode": "managed",
      "type": "aws_customer_gateway",
      "name": "cgw",
      "provider": "provider[\"registry.terraform.io/hashicorp/aws\"]",
      "instances": [
        {
          "index_key": 0,
          "schema_version": 0,
          "attributes": {
            "arn": "arn:aws:ec2:ap-northeast-1:386147755255:customer-gateway/cgw-0c4f78d2c70b79f0a",
            "bgp_asn": "65000",
            "certificate_arn": "",
            "device_name": "",
            "id": "cgw-0c4f78d2c70b79f0a",
            "ip_address": "121.134.221.250",
            "tags": {
              "Name": "seoul-office-cgw"
            },
            "tags_all": {
              "Environment": "prod",
              "Maintainer": "devops",
              "Name": "seoul-office-cgw",
              "Repository": "terraform-from-scratch",
              "Terraform": "true"
            },
            "type": "ipsec.1"
          },
          "sensitive_attributes": [],
          "private": "bnVsbA=="
        }
      ]
    },
    {
      "module": "module.vpc",
      "mode": "managed",
      "type": "aws_eip",
      "name": "ngw_eip",
      "provider": "provider[\"registry.terraform.io/hashicorp/aws\"]",
      "instances": [
        {
          "schema_version": 0,
          "attributes": {
            "address": null,
            "allocation_id": "eipalloc-0d45b53360bef0e34",
            "associate_with_private_ip": null,
            "association_id": "eipassoc-0fc8d0f5c75e61eea",
            "carrier_ip": "",
            "customer_owned_ip": "",
            "customer_owned_ipv4_pool": "",
            "domain": "vpc",
            "id": "eipalloc-0d45b53360bef0e34",
            "instance": "",
            "network_border_group": "ap-northeast-1",
            "network_interface": "eni-00605416cf7da636a",
            "private_dns": "ip-10-180-10-34.ap-northeast-1.compute.internal",
            "private_ip": "10.180.10.34",
            "public_dns": "ec2-43-206-6-193.ap-northeast-1.compute.amazonaws.com",
            "public_ip": "43.206.6.193",
            "public_ipv4_pool": "amazon",
            "tags": {
              "Name": "dataplatform-kr-prod-workload-ngw-eip"
            },
            "tags_all": {
              "Environment": "prod",
              "Maintainer": "devops",
              "Name": "dataplatform-kr-prod-workload-ngw-eip",
              "Repository": "terraform-from-scratch",
              "Terraform": "true"
            },
            "timeouts": null,
            "vpc": true
          },
          "sensitive_attributes": [],
          "private": "eyJlMmJmYjczMC1lY2FhLTExZTYtOGY4OC0zNDM2M2JjN2M0YzAiOnsiZGVsZXRlIjoxODAwMDAwMDAwMDAsInJlYWQiOjkwMDAwMDAwMDAwMCwidXBkYXRlIjozMDAwMDAwMDAwMDB9fQ==",
          "dependencies": [
            "module.vpc.aws_vpc.vpc"
          ]
        }
      ]
    },
    {
      "module": "module.vpc",
      "mode": "managed",
      "type": "aws_internet_gateway",
      "name": "igw",
      "provider": "provider[\"registry.terraform.io/hashicorp/aws\"]",
      "instances": [
        {
          "schema_version": 0,
          "attributes": {
            "arn": "arn:aws:ec2:ap-northeast-1:386147755255:internet-gateway/igw-0e7ce8cb4ecc034dc",
            "id": "igw-0e7ce8cb4ecc034dc",
            "owner_id": "386147755255",
            "tags": {
              "Name": "dataplatform-kr-prod-workload-igw"
            },
            "tags_all": {
              "Environment": "prod",
              "Maintainer": "devops",
              "Name": "dataplatform-kr-prod-workload-igw",
              "Repository": "terraform-from-scratch",
              "Terraform": "true"
            },
            "timeouts": null,
            "vpc_id": "vpc-067bcaeba9f4b56b4"
          },
          "sensitive_attributes": [],
          "private": "eyJlMmJmYjczMC1lY2FhLTExZTYtOGY4OC0zNDM2M2JjN2M0YzAiOnsiY3JlYXRlIjoxMjAwMDAwMDAwMDAwLCJkZWxldGUiOjEyMDAwMDAwMDAwMDAsInVwZGF0ZSI6MTIwMDAwMDAwMDAwMH19",
          "dependencies": [
            "module.vpc.aws_vpc.vpc"
          ]
        }
      ]
    },
    {
      "module": "module.vpc",
      "mode": "managed",
      "type": "aws_nat_gateway",
      "name": "ngw",
      "provider": "provider[\"registry.terraform.io/hashicorp/aws\"]",
      "instances": [
        {
          "schema_version": 0,
          "attributes": {
            "allocation_id": "eipalloc-0d45b53360bef0e34",
            "association_id": "eipassoc-0fc8d0f5c75e61eea",
            "connectivity_type": "public",
            "id": "nat-07ae2dfc297c2bc47",
            "network_interface_id": "eni-00605416cf7da636a",
            "private_ip": "10.180.10.34",
            "public_ip": "43.206.6.193",
            "subnet_id": "subnet-0b375f84b9d461561",
            "tags": {
              "Name": "dataplatform-kr-prod-workload-ngw"
            },
            "tags_all": {
              "Environment": "prod",
              "Maintainer": "devops",
              "Name": "dataplatform-kr-prod-workload-ngw",
              "Repository": "terraform-from-scratch",
              "Terraform": "true"
            }
          },
          "sensitive_attributes": [],
          "private": "bnVsbA==",
          "dependencies": [
            "module.vpc.aws_eip.ngw_eip",
            "module.vpc.aws_internet_gateway.igw",
            "module.vpc.aws_subnet.public",
            "module.vpc.aws_vpc.vpc"
          ]
        }
      ]
    },
    {
      "module": "module.vpc",
      "mode": "managed",
      "type": "aws_network_acl",
      "name": "nacl",
      "provider": "provider[\"registry.terraform.io/hashicorp/aws\"]",
      "instances": [
        {
          "schema_version": 0,
          "attributes": {
            "arn": "arn:aws:ec2:ap-northeast-1:386147755255:network-acl/acl-041f9e29499ad29e0",
            "egress": [
              {
                "action": "allow",
                "cidr_block": "0.0.0.0/0",
                "from_port": 0,
                "icmp_code": 0,
                "icmp_type": 0,
                "ipv6_cidr_block": "",
                "protocol": "-1",
                "rule_no": 100,
                "to_port": 0
              }
            ],
            "id": "acl-041f9e29499ad29e0",
            "ingress": [
              {
                "action": "allow",
                "cidr_block": "0.0.0.0/0",
                "from_port": 0,
                "icmp_code": 0,
                "icmp_type": 0,
                "ipv6_cidr_block": "",
                "protocol": "-1",
                "rule_no": 100,
                "to_port": 0
              }
            ],
            "owner_id": "386147755255",
            "subnet_ids": [
              "subnet-05740f24a4b73c309",
              "subnet-089b501b1d1cf8d17",
              "subnet-0b375f84b9d461561",
              "subnet-0c37aab9155b629b3",
              "subnet-0dec75dc1a270d4b8",
              "subnet-0e8094cb24c1792b0"
            ],
            "tags": {
              "Name": "dataplatform-kr-prod-workload-nacl"
            },
            "tags_all": {
              "Environment": "prod",
              "Maintainer": "devops",
              "Name": "dataplatform-kr-prod-workload-nacl",
              "Repository": "terraform-from-scratch",
              "Terraform": "true"
            },
            "vpc_id": "vpc-067bcaeba9f4b56b4"
          },
          "sensitive_attributes": [],
          "private": "bnVsbA==",
          "dependencies": [
            "module.vpc.aws_subnet.private",
            "module.vpc.aws_subnet.public",
            "module.vpc.aws_vpc.vpc"
          ]
        }
      ]
    },
    {
      "module": "module.vpc",
      "mode": "managed",
      "type": "aws_route_table",
      "name": "private",
      "provider": "provider[\"registry.terraform.io/hashicorp/aws\"]",
      "instances": [
        {
          "schema_version": 0,
          "attributes": {
            "arn": "arn:aws:ec2:ap-northeast-1:386147755255:route-table/rtb-07aa4a67e19a0ab78",
            "id": "rtb-07aa4a67e19a0ab78",
            "owner_id": "386147755255",
            "propagating_vgws": [],
            "route": [
              {
                "carrier_gateway_id": "",
                "cidr_block": "0.0.0.0/0",
                "core_network_arn": "",
                "destination_prefix_list_id": "",
                "egress_only_gateway_id": "",
                "gateway_id": "",
                "instance_id": "",
                "ipv6_cidr_block": "",
                "local_gateway_id": "",
                "nat_gateway_id": "nat-07ae2dfc297c2bc47",
                "network_interface_id": "",
                "transit_gateway_id": "",
                "vpc_endpoint_id": "",
                "vpc_peering_connection_id": ""
              }
            ],
            "tags": {
              "Name": "dataplatform-kr-prod-workload-private-rtb"
            },
            "tags_all": {
              "Environment": "prod",
              "Maintainer": "devops",
              "Name": "dataplatform-kr-prod-workload-private-rtb",
              "Repository": "terraform-from-scratch",
              "Terraform": "true"
            },
            "timeouts": null,
            "vpc_id": "vpc-067bcaeba9f4b56b4"
          },
          "sensitive_attributes": [],
          "private": "eyJlMmJmYjczMC1lY2FhLTExZTYtOGY4OC0zNDM2M2JjN2M0YzAiOnsiY3JlYXRlIjozMDAwMDAwMDAwMDAsImRlbGV0ZSI6MzAwMDAwMDAwMDAwLCJ1cGRhdGUiOjEyMDAwMDAwMDAwMH19",
          "dependencies": [
            "module.vpc.aws_eip.ngw_eip",
            "module.vpc.aws_internet_gateway.igw",
            "module.vpc.aws_nat_gateway.ngw",
            "module.vpc.aws_subnet.public",
            "module.vpc.aws_vpc.vpc"
          ]
        }
      ]
    },
    {
      "module": "module.vpc",
      "mode": "managed",
      "type": "aws_route_table",
      "name": "public",
      "provider": "provider[\"registry.terraform.io/hashicorp/aws\"]",
      "instances": [
        {
          "schema_version": 0,
          "attributes": {
            "arn": "arn:aws:ec2:ap-northeast-1:386147755255:route-table/rtb-078fe21cda1b4c00d",
            "id": "rtb-078fe21cda1b4c00d",
            "owner_id": "386147755255",
            "propagating_vgws": [],
            "route": [
              {
                "carrier_gateway_id": "",
                "cidr_block": "0.0.0.0/0",
                "core_network_arn": "",
                "destination_prefix_list_id": "",
                "egress_only_gateway_id": "",
                "gateway_id": "igw-0e7ce8cb4ecc034dc",
                "instance_id": "",
                "ipv6_cidr_block": "",
                "local_gateway_id": "",
                "nat_gateway_id": "",
                "network_interface_id": "",
                "transit_gateway_id": "",
                "vpc_endpoint_id": "",
                "vpc_peering_connection_id": ""
              }
            ],
            "tags": {
              "Name": "dataplatform-kr-prod-workload-public-rtb"
            },
            "tags_all": {
              "Environment": "prod",
              "Maintainer": "devops",
              "Name": "dataplatform-kr-prod-workload-public-rtb",
              "Repository": "terraform-from-scratch",
              "Terraform": "true"
            },
            "timeouts": null,
            "vpc_id": "vpc-067bcaeba9f4b56b4"
          },
          "sensitive_attributes": [],
          "private": "eyJlMmJmYjczMC1lY2FhLTExZTYtOGY4OC0zNDM2M2JjN2M0YzAiOnsiY3JlYXRlIjozMDAwMDAwMDAwMDAsImRlbGV0ZSI6MzAwMDAwMDAwMDAwLCJ1cGRhdGUiOjEyMDAwMDAwMDAwMH19",
          "dependencies": [
            "module.vpc.aws_internet_gateway.igw",
            "module.vpc.aws_vpc.vpc"
          ]
        }
      ]
    },
    {
      "module": "module.vpc",
      "mode": "managed",
      "type": "aws_route_table_association",
      "name": "private",
      "provider": "provider[\"registry.terraform.io/hashicorp/aws\"]",
      "instances": [
        {
          "index_key": 0,
          "schema_version": 0,
          "attributes": {
            "gateway_id": "",
            "id": "rtbassoc-089721d5c9660543a",
            "route_table_id": "rtb-07aa4a67e19a0ab78",
            "subnet_id": "subnet-05740f24a4b73c309",
            "timeouts": null
          },
          "sensitive_attributes": [],
          "private": "eyJlMmJmYjczMC1lY2FhLTExZTYtOGY4OC0zNDM2M2JjN2M0YzAiOnsiY3JlYXRlIjozMDAwMDAwMDAwMDAsImRlbGV0ZSI6MzAwMDAwMDAwMDAwLCJ1cGRhdGUiOjEyMDAwMDAwMDAwMH19",
          "dependencies": [
            "module.vpc.aws_eip.ngw_eip",
            "module.vpc.aws_internet_gateway.igw",
            "module.vpc.aws_nat_gateway.ngw",
            "module.vpc.aws_route_table.private",
            "module.vpc.aws_subnet.private",
            "module.vpc.aws_subnet.public",
            "module.vpc.aws_vpc.vpc"
          ]
        },
        {
          "index_key": 1,
          "schema_version": 0,
          "attributes": {
            "gateway_id": "",
            "id": "rtbassoc-067c5c7ecefa02d3d",
            "route_table_id": "rtb-07aa4a67e19a0ab78",
            "subnet_id": "subnet-0dec75dc1a270d4b8",
            "timeouts": null
          },
          "sensitive_attributes": [],
          "private": "eyJlMmJmYjczMC1lY2FhLTExZTYtOGY4OC0zNDM2M2JjN2M0YzAiOnsiY3JlYXRlIjozMDAwMDAwMDAwMDAsImRlbGV0ZSI6MzAwMDAwMDAwMDAwLCJ1cGRhdGUiOjEyMDAwMDAwMDAwMH19",
          "dependencies": [
            "module.vpc.aws_eip.ngw_eip",
            "module.vpc.aws_internet_gateway.igw",
            "module.vpc.aws_nat_gateway.ngw",
            "module.vpc.aws_route_table.private",
            "module.vpc.aws_subnet.private",
            "module.vpc.aws_subnet.public",
            "module.vpc.aws_vpc.vpc"
          ]
        },
        {
          "index_key": 2,
          "schema_version": 0,
          "attributes": {
            "gateway_id": "",
            "id": "rtbassoc-020267303d1af4159",
            "route_table_id": "rtb-07aa4a67e19a0ab78",
            "subnet_id": "subnet-0c37aab9155b629b3",
            "timeouts": null
          },
          "sensitive_attributes": [],
          "private": "eyJlMmJmYjczMC1lY2FhLTExZTYtOGY4OC0zNDM2M2JjN2M0YzAiOnsiY3JlYXRlIjozMDAwMDAwMDAwMDAsImRlbGV0ZSI6MzAwMDAwMDAwMDAwLCJ1cGRhdGUiOjEyMDAwMDAwMDAwMH19",
          "dependencies": [
            "module.vpc.aws_eip.ngw_eip",
            "module.vpc.aws_internet_gateway.igw",
            "module.vpc.aws_nat_gateway.ngw",
            "module.vpc.aws_route_table.private",
            "module.vpc.aws_subnet.private",
            "module.vpc.aws_subnet.public",
            "module.vpc.aws_vpc.vpc"
          ]
        }
      ]
    },
    {
      "module": "module.vpc",
      "mode": "managed",
      "type": "aws_route_table_association",
      "name": "public",
      "provider": "provider[\"registry.terraform.io/hashicorp/aws\"]",
      "instances": [
        {
          "index_key": 0,
          "schema_version": 0,
          "attributes": {
            "gateway_id": "",
            "id": "rtbassoc-0b6e8aab0ea25858c",
            "route_table_id": "rtb-078fe21cda1b4c00d",
            "subnet_id": "subnet-0b375f84b9d461561",
            "timeouts": null
          },
          "sensitive_attributes": [],
          "private": "eyJlMmJmYjczMC1lY2FhLTExZTYtOGY4OC0zNDM2M2JjN2M0YzAiOnsiY3JlYXRlIjozMDAwMDAwMDAwMDAsImRlbGV0ZSI6MzAwMDAwMDAwMDAwLCJ1cGRhdGUiOjEyMDAwMDAwMDAwMH19",
          "dependencies": [
            "module.vpc.aws_internet_gateway.igw",
            "module.vpc.aws_route_table.public",
            "module.vpc.aws_subnet.public",
            "module.vpc.aws_vpc.vpc"
          ]
        },
        {
          "index_key": 1,
          "schema_version": 0,
          "attributes": {
            "gateway_id": "",
            "id": "rtbassoc-0b380a4cc2fc50880",
            "route_table_id": "rtb-078fe21cda1b4c00d",
            "subnet_id": "subnet-0e8094cb24c1792b0",
            "timeouts": null
          },
          "sensitive_attributes": [],
          "private": "eyJlMmJmYjczMC1lY2FhLTExZTYtOGY4OC0zNDM2M2JjN2M0YzAiOnsiY3JlYXRlIjozMDAwMDAwMDAwMDAsImRlbGV0ZSI6MzAwMDAwMDAwMDAwLCJ1cGRhdGUiOjEyMDAwMDAwMDAwMH19",
          "dependencies": [
            "module.vpc.aws_internet_gateway.igw",
            "module.vpc.aws_route_table.public",
            "module.vpc.aws_subnet.public",
            "module.vpc.aws_vpc.vpc"
          ]
        },
        {
          "index_key": 2,
          "schema_version": 0,
          "attributes": {
            "gateway_id": "",
            "id": "rtbassoc-02509b228236e1506",
            "route_table_id": "rtb-078fe21cda1b4c00d",
            "subnet_id": "subnet-089b501b1d1cf8d17",
            "timeouts": null
          },
          "sensitive_attributes": [],
          "private": "eyJlMmJmYjczMC1lY2FhLTExZTYtOGY4OC0zNDM2M2JjN2M0YzAiOnsiY3JlYXRlIjozMDAwMDAwMDAwMDAsImRlbGV0ZSI6MzAwMDAwMDAwMDAwLCJ1cGRhdGUiOjEyMDAwMDAwMDAwMH19",
          "dependencies": [
            "module.vpc.aws_internet_gateway.igw",
            "module.vpc.aws_route_table.public",
            "module.vpc.aws_subnet.public",
            "module.vpc.aws_vpc.vpc"
          ]
        }
      ]
    },
    {
      "module": "module.vpc",
      "mode": "managed",
      "type": "aws_subnet",
      "name": "private",
      "provider": "provider[\"registry.terraform.io/hashicorp/aws\"]",
      "instances": [
        {
          "index_key": 0,
          "schema_version": 1,
          "attributes": {
            "arn": "arn:aws:ec2:ap-northeast-1:386147755255:subnet/subnet-05740f24a4b73c309",
            "assign_ipv6_address_on_creation": false,
            "availability_zone": "ap-northeast-1a",
            "availability_zone_id": "apne1-az4",
            "cidr_block": "10.180.20.0/24",
            "customer_owned_ipv4_pool": "",
            "enable_dns64": false,
            "enable_lni_at_device_index": 0,
            "enable_resource_name_dns_a_record_on_launch": false,
            "enable_resource_name_dns_aaaa_record_on_launch": false,
            "id": "subnet-05740f24a4b73c309",
            "ipv6_cidr_block": "",
            "ipv6_cidr_block_association_id": "",
            "ipv6_native": false,
            "map_customer_owned_ip_on_launch": false,
            "map_public_ip_on_launch": false,
            "outpost_arn": "",
            "owner_id": "386147755255",
            "private_dns_hostname_type_on_launch": "ip-name",
            "tags": {
              "Identifier": "private",
              "Name": "dataplatform-kr-prod-private-sn-a"
            },
            "tags_all": {
              "Environment": "prod",
              "Identifier": "private",
              "Maintainer": "devops",
              "Name": "dataplatform-kr-prod-private-sn-a",
              "Repository": "terraform-from-scratch",
              "Terraform": "true"
            },
            "timeouts": null,
            "vpc_id": "vpc-067bcaeba9f4b56b4"
          },
          "sensitive_attributes": [],
          "private": "eyJlMmJmYjczMC1lY2FhLTExZTYtOGY4OC0zNDM2M2JjN2M0YzAiOnsiY3JlYXRlIjo2MDAwMDAwMDAwMDAsImRlbGV0ZSI6MTIwMDAwMDAwMDAwMH0sInNjaGVtYV92ZXJzaW9uIjoiMSJ9",
          "dependencies": [
            "module.vpc.aws_vpc.vpc"
          ]
        },
        {
          "index_key": 1,
          "schema_version": 1,
          "attributes": {
            "arn": "arn:aws:ec2:ap-northeast-1:386147755255:subnet/subnet-0dec75dc1a270d4b8",
            "assign_ipv6_address_on_creation": false,
            "availability_zone": "ap-northeast-1c",
            "availability_zone_id": "apne1-az1",
            "cidr_block": "10.180.40.0/24",
            "customer_owned_ipv4_pool": "",
            "enable_dns64": false,
            "enable_lni_at_device_index": 0,
            "enable_resource_name_dns_a_record_on_launch": false,
            "enable_resource_name_dns_aaaa_record_on_launch": false,
            "id": "subnet-0dec75dc1a270d4b8",
            "ipv6_cidr_block": "",
            "ipv6_cidr_block_association_id": "",
            "ipv6_native": false,
            "map_customer_owned_ip_on_launch": false,
            "map_public_ip_on_launch": false,
            "outpost_arn": "",
            "owner_id": "386147755255",
            "private_dns_hostname_type_on_launch": "ip-name",
            "tags": {
              "Identifier": "private",
              "Name": "dataplatform-kr-prod-private-sn-c"
            },
            "tags_all": {
              "Environment": "prod",
              "Identifier": "private",
              "Maintainer": "devops",
              "Name": "dataplatform-kr-prod-private-sn-c",
              "Repository": "terraform-from-scratch",
              "Terraform": "true"
            },
            "timeouts": null,
            "vpc_id": "vpc-067bcaeba9f4b56b4"
          },
          "sensitive_attributes": [],
          "private": "eyJlMmJmYjczMC1lY2FhLTExZTYtOGY4OC0zNDM2M2JjN2M0YzAiOnsiY3JlYXRlIjo2MDAwMDAwMDAwMDAsImRlbGV0ZSI6MTIwMDAwMDAwMDAwMH0sInNjaGVtYV92ZXJzaW9uIjoiMSJ9",
          "dependencies": [
            "module.vpc.aws_vpc.vpc"
          ]
        },
        {
          "index_key": 2,
          "schema_version": 1,
          "attributes": {
            "arn": "arn:aws:ec2:ap-northeast-1:386147755255:subnet/subnet-0c37aab9155b629b3",
            "assign_ipv6_address_on_creation": false,
            "availability_zone": "ap-northeast-1d",
            "availability_zone_id": "apne1-az2",
            "cidr_block": "10.180.60.0/24",
            "customer_owned_ipv4_pool": "",
            "enable_dns64": false,
            "enable_lni_at_device_index": 0,
            "enable_resource_name_dns_a_record_on_launch": false,
            "enable_resource_name_dns_aaaa_record_on_launch": false,
            "id": "subnet-0c37aab9155b629b3",
            "ipv6_cidr_block": "",
            "ipv6_cidr_block_association_id": "",
            "ipv6_native": false,
            "map_customer_owned_ip_on_launch": false,
            "map_public_ip_on_launch": false,
            "outpost_arn": "",
            "owner_id": "386147755255",
            "private_dns_hostname_type_on_launch": "ip-name",
            "tags": {
              "Identifier": "private",
              "Name": "dataplatform-kr-prod-private-sn-d"
            },
            "tags_all": {
              "Environment": "prod",
              "Identifier": "private",
              "Maintainer": "devops",
              "Name": "dataplatform-kr-prod-private-sn-d",
              "Repository": "terraform-from-scratch",
              "Terraform": "true"
            },
            "timeouts": null,
            "vpc_id": "vpc-067bcaeba9f4b56b4"
          },
          "sensitive_attributes": [],
          "private": "eyJlMmJmYjczMC1lY2FhLTExZTYtOGY4OC0zNDM2M2JjN2M0YzAiOnsiY3JlYXRlIjo2MDAwMDAwMDAwMDAsImRlbGV0ZSI6MTIwMDAwMDAwMDAwMH0sInNjaGVtYV92ZXJzaW9uIjoiMSJ9",
          "dependencies": [
            "module.vpc.aws_vpc.vpc"
          ]
        }
      ]
    },
    {
      "module": "module.vpc",
      "mode": "managed",
      "type": "aws_subnet",
      "name": "public",
      "provider": "provider[\"registry.terraform.io/hashicorp/aws\"]",
      "instances": [
        {
          "index_key": 0,
          "schema_version": 1,
          "attributes": {
            "arn": "arn:aws:ec2:ap-northeast-1:386147755255:subnet/subnet-0b375f84b9d461561",
            "assign_ipv6_address_on_creation": false,
            "availability_zone": "ap-northeast-1a",
            "availability_zone_id": "apne1-az4",
            "cidr_block": "10.180.10.0/24",
            "customer_owned_ipv4_pool": "",
            "enable_dns64": false,
            "enable_lni_at_device_index": 0,
            "enable_resource_name_dns_a_record_on_launch": false,
            "enable_resource_name_dns_aaaa_record_on_launch": false,
            "id": "subnet-0b375f84b9d461561",
            "ipv6_cidr_block": "",
            "ipv6_cidr_block_association_id": "",
            "ipv6_native": false,
            "map_customer_owned_ip_on_launch": false,
            "map_public_ip_on_launch": true,
            "outpost_arn": "",
            "owner_id": "386147755255",
            "private_dns_hostname_type_on_launch": "ip-name",
            "tags": {
              "Identifier": "public",
              "Name": "dataplatform-kr-prod-public-sn-a"
            },
            "tags_all": {
              "Environment": "prod",
              "Identifier": "public",
              "Maintainer": "devops",
              "Name": "dataplatform-kr-prod-public-sn-a",
              "Repository": "terraform-from-scratch",
              "Terraform": "true"
            },
            "timeouts": null,
            "vpc_id": "vpc-067bcaeba9f4b56b4"
          },
          "sensitive_attributes": [],
          "private": "eyJlMmJmYjczMC1lY2FhLTExZTYtOGY4OC0zNDM2M2JjN2M0YzAiOnsiY3JlYXRlIjo2MDAwMDAwMDAwMDAsImRlbGV0ZSI6MTIwMDAwMDAwMDAwMH0sInNjaGVtYV92ZXJzaW9uIjoiMSJ9",
          "dependencies": [
            "module.vpc.aws_vpc.vpc"
          ]
        },
        {
          "index_key": 1,
          "schema_version": 1,
          "attributes": {
            "arn": "arn:aws:ec2:ap-northeast-1:386147755255:subnet/subnet-0e8094cb24c1792b0",
            "assign_ipv6_address_on_creation": false,
            "availability_zone": "ap-northeast-1c",
            "availability_zone_id": "apne1-az1",
            "cidr_block": "10.180.30.0/24",
            "customer_owned_ipv4_pool": "",
            "enable_dns64": false,
            "enable_lni_at_device_index": 0,
            "enable_resource_name_dns_a_record_on_launch": false,
            "enable_resource_name_dns_aaaa_record_on_launch": false,
            "id": "subnet-0e8094cb24c1792b0",
            "ipv6_cidr_block": "",
            "ipv6_cidr_block_association_id": "",
            "ipv6_native": false,
            "map_customer_owned_ip_on_launch": false,
            "map_public_ip_on_launch": true,
            "outpost_arn": "",
            "owner_id": "386147755255",
            "private_dns_hostname_type_on_launch": "ip-name",
            "tags": {
              "Identifier": "public",
              "Name": "dataplatform-kr-prod-public-sn-c"
            },
            "tags_all": {
              "Environment": "prod",
              "Identifier": "public",
              "Maintainer": "devops",
              "Name": "dataplatform-kr-prod-public-sn-c",
              "Repository": "terraform-from-scratch",
              "Terraform": "true"
            },
            "timeouts": null,
            "vpc_id": "vpc-067bcaeba9f4b56b4"
          },
          "sensitive_attributes": [],
          "private": "eyJlMmJmYjczMC1lY2FhLTExZTYtOGY4OC0zNDM2M2JjN2M0YzAiOnsiY3JlYXRlIjo2MDAwMDAwMDAwMDAsImRlbGV0ZSI6MTIwMDAwMDAwMDAwMH0sInNjaGVtYV92ZXJzaW9uIjoiMSJ9",
          "dependencies": [
            "module.vpc.aws_vpc.vpc"
          ]
        },
        {
          "index_key": 2,
          "schema_version": 1,
          "attributes": {
            "arn": "arn:aws:ec2:ap-northeast-1:386147755255:subnet/subnet-089b501b1d1cf8d17",
            "assign_ipv6_address_on_creation": false,
            "availability_zone": "ap-northeast-1d",
            "availability_zone_id": "apne1-az2",
            "cidr_block": "10.180.50.0/24",
            "customer_owned_ipv4_pool": "",
            "enable_dns64": false,
            "enable_lni_at_device_index": 0,
            "enable_resource_name_dns_a_record_on_launch": false,
            "enable_resource_name_dns_aaaa_record_on_launch": false,
            "id": "subnet-089b501b1d1cf8d17",
            "ipv6_cidr_block": "",
            "ipv6_cidr_block_association_id": "",
            "ipv6_native": false,
            "map_customer_owned_ip_on_launch": false,
            "map_public_ip_on_launch": true,
            "outpost_arn": "",
            "owner_id": "386147755255",
            "private_dns_hostname_type_on_launch": "ip-name",
            "tags": {
              "Identifier": "public",
              "Name": "dataplatform-kr-prod-public-sn-d"
            },
            "tags_all": {
              "Environment": "prod",
              "Identifier": "public",
              "Maintainer": "devops",
              "Name": "dataplatform-kr-prod-public-sn-d",
              "Repository": "terraform-from-scratch",
              "Terraform": "true"
            },
            "timeouts": null,
            "vpc_id": "vpc-067bcaeba9f4b56b4"
          },
          "sensitive_attributes": [],
          "private": "eyJlMmJmYjczMC1lY2FhLTExZTYtOGY4OC0zNDM2M2JjN2M0YzAiOnsiY3JlYXRlIjo2MDAwMDAwMDAwMDAsImRlbGV0ZSI6MTIwMDAwMDAwMDAwMH0sInNjaGVtYV92ZXJzaW9uIjoiMSJ9",
          "dependencies": [
            "module.vpc.aws_vpc.vpc"
          ]
        }
      ]
    },
    {
      "module": "module.vpc",
      "mode": "managed",
      "type": "aws_vpc",
      "name": "vpc",
      "provider": "provider[\"registry.terraform.io/hashicorp/aws\"]",
      "instances": [
        {
          "schema_version": 1,
          "attributes": {
            "arn": "arn:aws:ec2:ap-northeast-1:386147755255:vpc/vpc-067bcaeba9f4b56b4",
            "assign_generated_ipv6_cidr_block": false,
            "cidr_block": "10.180.0.0/16",
            "default_network_acl_id": "acl-0b130360ea0fc8916",
            "default_route_table_id": "rtb-0c2264d136306137e",
            "default_security_group_id": "sg-02acfc3e22c1c0a55",
            "dhcp_options_id": "dopt-0a5897b4d4ee493a7",
            "enable_classiclink": false,
            "enable_classiclink_dns_support": false,
            "enable_dns_hostnames": true,
            "enable_dns_support": true,
            "enable_network_address_usage_metrics": false,
            "id": "vpc-067bcaeba9f4b56b4",
            "instance_tenancy": "default",
            "ipv4_ipam_pool_id": null,
            "ipv4_netmask_length": null,
            "ipv6_association_id": "",
            "ipv6_cidr_block": "",
            "ipv6_cidr_block_network_border_group": "",
            "ipv6_ipam_pool_id": "",
            "ipv6_netmask_length": 0,
            "main_route_table_id": "rtb-0c2264d136306137e",
            "owner_id": "386147755255",
            "tags": {
              "Name": "dataplatform-kr-prod-workload-vpc"
            },
            "tags_all": {
              "Environment": "prod",
              "Maintainer": "devops",
              "Name": "dataplatform-kr-prod-workload-vpc",
              "Repository": "terraform-from-scratch",
              "Terraform": "true"
            }
          },
          "sensitive_attributes": [],
          "private": "eyJzY2hlbWFfdmVyc2lvbiI6IjEifQ=="
        }
      ]
    },
    {
      "module": "module.vpc",
      "mode": "managed",
      "type": "aws_vpn_gateway",
      "name": "vgw",
      "provider": "provider[\"registry.terraform.io/hashicorp/aws\"]",
      "instances": [
        {
          "schema_version": 0,
          "attributes": {
            "amazon_side_asn": "64512",
            "arn": "arn:aws:ec2:ap-northeast-1:386147755255:vpn-gateway/vgw-003fdb6171913c539",
            "availability_zone": null,
            "id": "vgw-003fdb6171913c539",
            "tags": {
              "Name": "dataplatform-kr-prod-workload-vgw"
            },
            "tags_all": {
              "Environment": "prod",
              "Maintainer": "devops",
              "Name": "dataplatform-kr-prod-workload-vgw",
              "Repository": "terraform-from-scratch",
              "Terraform": "true"
            },
            "vpc_id": "vpc-067bcaeba9f4b56b4"
          },
          "sensitive_attributes": [],
          "private": "bnVsbA==",
          "dependencies": [
            "module.vpc.aws_vpc.vpc"
          ]
        }
      ]
    }
  ],
  "check_results": null
}
